PODS:
  - CSV (HEAD based on 0.0.2)
  - FontAwesomeKit (HEAD based on 1.1.3)
  - GoogleAnalytics-iOS-SDK (2.0beta4)
  - HMSideMenu (HEAD based on 1.1.0)
  - MGBox2 (HEAD based on 2.0.0)
  - Objective (HEAD based on 0.9):
    - ObjectiveSugar
  - ObjectiveSugar (0.9)
  - THObserversAndBinders (HEAD based on 1.0.0)

DEPENDENCIES:
  - CSV (HEAD)
  - FontAwesomeKit (HEAD)
  - GoogleAnalytics-iOS-SDK (~> 2.0Beta4)
  - HMSideMenu (HEAD)
  - MGBox2 (HEAD)
  - Objective (HEAD)
  - THObserversAndBinders (HEAD)

SPEC CHECKSUMS:
  CSV: 4f8a296423af082c17e3b987cb6a924431601874
  FontAwesomeKit: 4c839de6549fabe8dd50db00fc7e3dd177ac98a9
  GoogleAnalytics-iOS-SDK: ae8e58e771b6dec84c0047154cc0e550a15e6f54
  HMSideMenu: 3a359e321b90045d64a5e7ad9165d4b0f20c828a
  MGBox2: 7c09e36c2271f9af16fdb5141a0ca554ecee4d8d
  Objective: c2843368fcf80c746992942b73f9a17101e0baa0
  ObjectiveSugar: 5b33fb396f3e93c0a543bdf55d2d48f29ee46bfb
  THObserversAndBinders: 5f0e709e8b704a8646ffdee9beb01a8aefc1dcb2

COCOAPODS: 0.22.2
