// !$*UTF8*$!
{
	archiveVersion = 1;
	classes = {
	};
	objectVersion = 46;
	objects = {

/* Begin PBXAggregateTarget section */
		9E7CEDEC157B755000718FA6 /* Mogenerator */ = {
			isa = PBXAggregateTarget;
			buildConfigurationList = 9E7CEDEF157B755000718FA6 /* Build configuration list for PBXAggregateTarget "Mogenerator" */;
			buildPhases = (
				9E7CEDF1157B756600718FA6 /* ShellScript */,
			);
			dependencies = (
			);
			name = Mogenerator;
			productName = Mogenerator;
		};
/* End PBXAggregateTarget section */

/* Begin PBXBuildFile section */
		125790D47091430EA9A63B06 /* libPods.a in Frameworks */ = {isa = PBXBuildFile; fileRef = 0DAF25AC4BF244CD84717515 /* libPods.a */; };
		9E00A75F157734AE002FC707 /* EventViewController.m in Sources */ = {isa = PBXBuildFile; fileRef = 9E00A75E157734AE002FC707 /* EventViewController.m */; };
		9E00A76315773859002FC707 /* EventsGroupedByDateViewController.m in Sources */ = {isa = PBXBuildFile; fileRef = 9E00A76215773859002FC707 /* EventsGroupedByDateViewController.m */; };
		9E021D1F19E15AD400442B2C /* SlideUpTransitioning.swift in Sources */ = {isa = PBXBuildFile; fileRef = 9E021D1E19E15AD400442B2C /* SlideUpTransitioning.swift */; };
		9E14D452162B3D3F008D9E43 /* TagFilterButton.m in Sources */ = {isa = PBXBuildFile; fileRef = 9E14D451162B3D3F008D9E43 /* TagFilterButton.m */; };
		9E21F926156EA9510075EAAC /* CoreDataModel.xcdatamodeld in Sources */ = {isa = PBXBuildFile; fileRef = 9E21F924156EA9510075EAAC /* CoreDataModel.xcdatamodeld */; };
		9E21F929156EAA2F0075EAAC /* Event.m in Sources */ = {isa = PBXBuildFile; fileRef = 9E21F928156EAA2F0075EAAC /* Event.m */; };
		9E2CFDE9162190E8004D9D8D /* TagsTableViewController.m in Sources */ = {isa = PBXBuildFile; fileRef = 9E2CFDE8162190E8004D9D8D /* TagsTableViewController.m */; };
		9E2F076E161745B400F1C24D /* DataRepository.m in Sources */ = {isa = PBXBuildFile; fileRef = 9E2F076D161745B400F1C24D /* DataRepository.m */; };
		9E338A7519C493FB004C4FA6 /* Images.xcassets in Resources */ = {isa = PBXBuildFile; fileRef = 9E338A7419C493FB004C4FA6 /* Images.xcassets */; };
		9E42F1EF15570FD60087F602 /* UIKit.framework in Frameworks */ = {isa = PBXBuildFile; fileRef = 9E42F1EE15570FD60087F602 /* UIKit.framework */; };
		9E42F1F115570FD60087F602 /* Foundation.framework in Frameworks */ = {isa = PBXBuildFile; fileRef = 9E42F1F015570FD60087F602 /* Foundation.framework */; };
		9E42F1F915570FD60087F602 /* InfoPlist.strings in Resources */ = {isa = PBXBuildFile; fileRef = 9E42F1F715570FD60087F602 /* InfoPlist.strings */; };
		9E42F1FB15570FD60087F602 /* main.m in Sources */ = {isa = PBXBuildFile; fileRef = 9E42F1FA15570FD60087F602 /* main.m */; };
		9E42F1FF15570FD60087F602 /* DriftAppDelegate.m in Sources */ = {isa = PBXBuildFile; fileRef = 9E42F1FE15570FD60087F602 /* DriftAppDelegate.m */; };
		9E42F20215570FD60087F602 /* MainStoryboard.storyboard in Resources */ = {isa = PBXBuildFile; fileRef = 9E42F20015570FD60087F602 /* MainStoryboard.storyboard */; };
		9E42F22915571E9C0087F602 /* RootViewController.m in Sources */ = {isa = PBXBuildFile; fileRef = 9E42F22815571E9C0087F602 /* RootViewController.m */; };
		9E51511615C7CEF100901655 /* EventGroup.m in Sources */ = {isa = PBXBuildFile; fileRef = 9E51511315C7CEF100901655 /* EventGroup.m */; };
		9E51511715C7CEF100901655 /* EventsGroupedByDate.m in Sources */ = {isa = PBXBuildFile; fileRef = 9E51511515C7CEF100901655 /* EventsGroupedByDate.m */; };
		9E51708219E44F6900BEF39B /* Launch Screen.xib in Resources */ = {isa = PBXBuildFile; fileRef = 9E51708119E44F6900BEF39B /* Launch Screen.xib */; };
		9E63BBF4156EAA710006FEFC /* CoreData.framework in Frameworks */ = {isa = PBXBuildFile; fileRef = 9E63BBF3156EAA710006FEFC /* CoreData.framework */; settings = {ATTRIBUTES = (Required, ); }; };
		9E66D0DD16553D6700339E99 /* State.m in Sources */ = {isa = PBXBuildFile; fileRef = 9E66D0DC16553D6700339E99 /* State.m */; };
		9E7636661778A31D005C755F /* AIStyle.m in Sources */ = {isa = PBXBuildFile; fileRef = 9E7636651778A1A4005C755F /* AIStyle.m */; };
		9E7CEDF4157B778300718FA6 /* _Event.m in Sources */ = {isa = PBXBuildFile; fileRef = 9E7CEDF3157B778300718FA6 /* _Event.m */; };
		9E7EB52D15E8F8C100604B79 /* CoreGraphics.framework in Frameworks */ = {isa = PBXBuildFile; fileRef = 9E42F1F215570FD60087F602 /* CoreGraphics.framework */; };
		9E89816F15A0BC2900E22EA7 /* EventsGroupedByDateTableViewCell.m in Sources */ = {isa = PBXBuildFile; fileRef = 9E89816E15A0BC2900E22EA7 /* EventsGroupedByDateTableViewCell.m */; };
		9E9239DB162D4F9B00E265E6 /* TransformableTableViewGestureRecognizer.m in Sources */ = {isa = PBXBuildFile; fileRef = 9E9239D8162D4F9B00E265E6 /* TransformableTableViewGestureRecognizer.m */; };
		9E92637115EF350D00393946 /* _Tag.m in Sources */ = {isa = PBXBuildFile; fileRef = 9E92637015EF350D00393946 /* _Tag.m */; };
		9E954D84164419F50022D5BE /* UIScrollView+AIPulling.m in Sources */ = {isa = PBXBuildFile; fileRef = 9E954D83164419F50022D5BE /* UIScrollView+AIPulling.m */; };
		9E96A907163981B600164D76 /* CAAnimation+Blocks.m in Sources */ = {isa = PBXBuildFile; fileRef = 9E96A90616397DB400164D76 /* CAAnimation+Blocks.m */; };
		9E9C237815F3617200572FB7 /* EventsGroupedByStartDateViewController.m in Sources */ = {isa = PBXBuildFile; fileRef = 9E9C237715F3617100572FB7 /* EventsGroupedByStartDateViewController.m */; };
		9EAB520F15C9553C008952FB /* NSDate+Utilities.m in Sources */ = {isa = PBXBuildFile; fileRef = 9EAB520E15C9553C008952FB /* NSDate+Utilities.m */; };
		9EAD25D9198E314F006A2779 /* FontAwesome.otf in Resources */ = {isa = PBXBuildFile; fileRef = 9EAD25D8198E314F006A2779 /* FontAwesome.otf */; };
		9EB08FDE19E00C4800D20EE5 /* TagCell.swift in Sources */ = {isa = PBXBuildFile; fileRef = 9EB08FDD19E00C4800D20EE5 /* TagCell.swift */; };
		9EB08FE119E03E1200D20EE5 /* EventCell.swift in Sources */ = {isa = PBXBuildFile; fileRef = 9EB08FE019E03E1200D20EE5 /* EventCell.swift */; };
		9EBF34F319BA3ED70046A464 /* ReorderTableViewController.swift in Sources */ = {isa = PBXBuildFile; fileRef = 9EBF34F219BA3ED70046A464 /* ReorderTableViewController.swift */; };
		9ECB5A0B173D287C006E86F1 /* Crashlytics.framework in Frameworks */ = {isa = PBXBuildFile; fileRef = 9ECB5A0A173D287C006E86F1 /* Crashlytics.framework */; };
		9ECF3B7A16EAF4D40097FF37 /* _Compatibility.m in Sources */ = {isa = PBXBuildFile; fileRef = 9ECF3B7716EAF4D40097FF37 /* _Compatibility.m */; };
		9ECF3B7B16EAF4D40097FF37 /* Compatibility.m in Sources */ = {isa = PBXBuildFile; fileRef = 9ECF3B7916EAF4D40097FF37 /* Compatibility.m */; };
		9ECF3B7E16EAF6290097FF37 /* CompatibilityMigration.m in Sources */ = {isa = PBXBuildFile; fileRef = 9ECF3B7D16EAF6290097FF37 /* CompatibilityMigration.m */; };
		9EDCC5CB160DBFA1003CB2BB /* Tag.m in Sources */ = {isa = PBXBuildFile; fileRef = 9EDCC5CA160DBFA1003CB2BB /* Tag.m */; };
		9EE6EC5D158CF5F70063E666 /* EventTimerControl.m in Sources */ = {isa = PBXBuildFile; fileRef = 9EE6EC5C158CF5F70063E666 /* EventTimerControl.m */; };
/* End PBXBuildFile section */

/* Begin PBXFileReference section */
		0DAF25AC4BF244CD84717515 /* libPods.a */ = {isa = PBXFileReference; explicitFileType = archive.ar; includeInIndex = 0; path = libPods.a; sourceTree = BUILT_PRODUCTS_DIR; };
		9E00A75D157734AE002FC707 /* EventViewController.h */ = {isa = PBXFileReference; fileEncoding = 4; lastKnownFileType = sourcecode.c.h; lineEnding = 0; path = EventViewController.h; sourceTree = "<group>"; xcLanguageSpecificationIdentifier = xcode.lang.objcpp; };
		9E00A75E157734AE002FC707 /* EventViewController.m */ = {isa = PBXFileReference; fileEncoding = 4; lastKnownFileType = sourcecode.c.objc; lineEnding = 0; path = EventViewController.m; sourceTree = "<group>"; xcLanguageSpecificationIdentifier = xcode.lang.objc; };
		9E00A76115773859002FC707 /* EventsGroupedByDateViewController.h */ = {isa = PBXFileReference; fileEncoding = 4; lastKnownFileType = sourcecode.c.h; lineEnding = 0; path = EventsGroupedByDateViewController.h; sourceTree = "<group>"; xcLanguageSpecificationIdentifier = xcode.lang.objcpp; };
		9E00A76215773859002FC707 /* EventsGroupedByDateViewController.m */ = {isa = PBXFileReference; fileEncoding = 4; lastKnownFileType = sourcecode.c.objc; lineEnding = 0; path = EventsGroupedByDateViewController.m; sourceTree = "<group>"; xcLanguageSpecificationIdentifier = xcode.lang.objc; };
		9E021D1E19E15AD400442B2C /* SlideUpTransitioning.swift */ = {isa = PBXFileReference; fileEncoding = 4; lastKnownFileType = sourcecode.swift; path = SlideUpTransitioning.swift; sourceTree = "<group>"; };
		9E14D450162B3D3F008D9E43 /* TagFilterButton.h */ = {isa = PBXFileReference; fileEncoding = 4; lastKnownFileType = sourcecode.c.h; path = TagFilterButton.h; sourceTree = "<group>"; };
		9E14D451162B3D3F008D9E43 /* TagFilterButton.m */ = {isa = PBXFileReference; fileEncoding = 4; lastKnownFileType = sourcecode.c.objc; path = TagFilterButton.m; sourceTree = "<group>"; };
		9E15323F173FDE3800605B65 /* CoreDataModel- 8.xcdatamodel */ = {isa = PBXFileReference; lastKnownFileType = wrapper.xcdatamodel; path = "CoreDataModel- 8.xcdatamodel"; sourceTree = "<group>"; };
		9E15AB7A163D0C45006D16B3 /* CoreDataModel-5.xcdatamodel */ = {isa = PBXFileReference; lastKnownFileType = wrapper.xcdatamodel; path = "CoreDataModel-5.xcdatamodel"; sourceTree = "<group>"; };
		9E21F925156EA9510075EAAC /* CoreDataModel.xcdatamodel */ = {isa = PBXFileReference; lastKnownFileType = wrapper.xcdatamodel; path = CoreDataModel.xcdatamodel; sourceTree = "<group>"; };
		9E21F927156EAA2F0075EAAC /* Event.h */ = {isa = PBXFileReference; fileEncoding = 4; lastKnownFileType = sourcecode.c.h; path = Event.h; sourceTree = "<group>"; };
		9E21F928156EAA2F0075EAAC /* Event.m */ = {isa = PBXFileReference; fileEncoding = 4; lastKnownFileType = sourcecode.c.objc; path = Event.m; sourceTree = "<group>"; };
		9E2CFDE7162190E8004D9D8D /* TagsTableViewController.h */ = {isa = PBXFileReference; fileEncoding = 4; lastKnownFileType = sourcecode.c.h; path = TagsTableViewController.h; sourceTree = "<group>"; };
		9E2CFDE8162190E8004D9D8D /* TagsTableViewController.m */ = {isa = PBXFileReference; fileEncoding = 4; lastKnownFileType = sourcecode.c.objc; path = TagsTableViewController.m; sourceTree = "<group>"; };
		9E2F076C161745B400F1C24D /* DataRepository.h */ = {isa = PBXFileReference; fileEncoding = 4; lastKnownFileType = sourcecode.c.h; path = DataRepository.h; sourceTree = "<group>"; };
		9E2F076D161745B400F1C24D /* DataRepository.m */ = {isa = PBXFileReference; fileEncoding = 4; lastKnownFileType = sourcecode.c.objc; path = DataRepository.m; sourceTree = "<group>"; };
		9E338A7419C493FB004C4FA6 /* Images.xcassets */ = {isa = PBXFileReference; lastKnownFileType = folder.assetcatalog; path = Images.xcassets; sourceTree = "<group>"; };
		9E42F1EA15570FD60087F602 /* Stray.app */ = {isa = PBXFileReference; explicitFileType = wrapper.application; includeInIndex = 0; path = Stray.app; sourceTree = BUILT_PRODUCTS_DIR; };
		9E42F1EE15570FD60087F602 /* UIKit.framework */ = {isa = PBXFileReference; lastKnownFileType = wrapper.framework; name = UIKit.framework; path = System/Library/Frameworks/UIKit.framework; sourceTree = SDKROOT; };
		9E42F1F015570FD60087F602 /* Foundation.framework */ = {isa = PBXFileReference; lastKnownFileType = wrapper.framework; name = Foundation.framework; path = System/Library/Frameworks/Foundation.framework; sourceTree = SDKROOT; };
		9E42F1F215570FD60087F602 /* CoreGraphics.framework */ = {isa = PBXFileReference; lastKnownFileType = wrapper.framework; name = CoreGraphics.framework; path = System/Library/Frameworks/CoreGraphics.framework; sourceTree = SDKROOT; };
		9E42F1F615570FD60087F602 /* Drift-Info.plist */ = {isa = PBXFileReference; lastKnownFileType = text.plist.xml; path = "Drift-Info.plist"; sourceTree = "<group>"; };
		9E42F1F815570FD60087F602 /* en */ = {isa = PBXFileReference; lastKnownFileType = text.plist.strings; name = en; path = en.lproj/InfoPlist.strings; sourceTree = "<group>"; };
		9E42F1FA15570FD60087F602 /* main.m */ = {isa = PBXFileReference; lastKnownFileType = sourcecode.c.objc; lineEnding = 0; path = main.m; sourceTree = "<group>"; xcLanguageSpecificationIdentifier = xcode.lang.objc; };
		9E42F1FC15570FD60087F602 /* Drift-Prefix.pch */ = {isa = PBXFileReference; lastKnownFileType = sourcecode.c.h; path = "Drift-Prefix.pch"; sourceTree = "<group>"; };
		9E42F1FD15570FD60087F602 /* DriftAppDelegate.h */ = {isa = PBXFileReference; lastKnownFileType = sourcecode.c.h; lineEnding = 0; path = DriftAppDelegate.h; sourceTree = "<group>"; xcLanguageSpecificationIdentifier = xcode.lang.objcpp; };
		9E42F1FE15570FD60087F602 /* DriftAppDelegate.m */ = {isa = PBXFileReference; lastKnownFileType = sourcecode.c.objc; lineEnding = 0; path = DriftAppDelegate.m; sourceTree = "<group>"; xcLanguageSpecificationIdentifier = xcode.lang.objc; };
		9E42F20115570FD60087F602 /* en */ = {isa = PBXFileReference; lastKnownFileType = file.storyboard; name = en; path = en.lproj/MainStoryboard.storyboard; sourceTree = "<group>"; };
		9E42F22715571E9C0087F602 /* RootViewController.h */ = {isa = PBXFileReference; fileEncoding = 4; lastKnownFileType = sourcecode.c.h; lineEnding = 0; path = RootViewController.h; sourceTree = "<group>"; xcLanguageSpecificationIdentifier = xcode.lang.objcpp; };
		9E42F22815571E9C0087F602 /* RootViewController.m */ = {isa = PBXFileReference; fileEncoding = 4; lastKnownFileType = sourcecode.c.objc; lineEnding = 0; path = RootViewController.m; sourceTree = "<group>"; xcLanguageSpecificationIdentifier = xcode.lang.objc; };
		9E51511215C7CEF100901655 /* EventGroup.h */ = {isa = PBXFileReference; fileEncoding = 4; lastKnownFileType = sourcecode.c.h; path = EventGroup.h; sourceTree = "<group>"; };
		9E51511315C7CEF100901655 /* EventGroup.m */ = {isa = PBXFileReference; fileEncoding = 4; lastKnownFileType = sourcecode.c.objc; path = EventGroup.m; sourceTree = "<group>"; };
		9E51511415C7CEF100901655 /* EventsGroupedByDate.h */ = {isa = PBXFileReference; fileEncoding = 4; lastKnownFileType = sourcecode.c.h; path = EventsGroupedByDate.h; sourceTree = "<group>"; };
		9E51511515C7CEF100901655 /* EventsGroupedByDate.m */ = {isa = PBXFileReference; fileEncoding = 4; lastKnownFileType = sourcecode.c.objc; path = EventsGroupedByDate.m; sourceTree = "<group>"; };
		9E51708119E44F6900BEF39B /* Launch Screen.xib */ = {isa = PBXFileReference; fileEncoding = 4; lastKnownFileType = file.xib; path = "Launch Screen.xib"; sourceTree = "<group>"; };
		9E63BBF3156EAA710006FEFC /* CoreData.framework */ = {isa = PBXFileReference; lastKnownFileType = wrapper.framework; name = CoreData.framework; path = System/Library/Frameworks/CoreData.framework; sourceTree = SDKROOT; };
		9E66D0DA16553B3700339E99 /* CoreDataModel-6.xcdatamodel */ = {isa = PBXFileReference; lastKnownFileType = wrapper.xcdatamodel; path = "CoreDataModel-6.xcdatamodel"; sourceTree = "<group>"; };
		9E66D0DB16553D6700339E99 /* State.h */ = {isa = PBXFileReference; fileEncoding = 4; lastKnownFileType = sourcecode.c.h; path = State.h; sourceTree = "<group>"; };
		9E66D0DC16553D6700339E99 /* State.m */ = {isa = PBXFileReference; fileEncoding = 4; lastKnownFileType = sourcecode.c.objc; path = State.m; sourceTree = "<group>"; };
		9E6C6C8716BABD5400613E86 /* CoreDataModel-7.xcdatamodel */ = {isa = PBXFileReference; lastKnownFileType = wrapper.xcdatamodel; path = "CoreDataModel-7.xcdatamodel"; sourceTree = "<group>"; };
		9E7636641778A1A4005C755F /* AIStyle.h */ = {isa = PBXFileReference; lastKnownFileType = sourcecode.c.h; path = AIStyle.h; sourceTree = "<group>"; };
		9E7636651778A1A4005C755F /* AIStyle.m */ = {isa = PBXFileReference; lastKnownFileType = sourcecode.c.objc; path = AIStyle.m; sourceTree = "<group>"; };
		9E7CEDF2157B778300718FA6 /* _Event.h */ = {isa = PBXFileReference; fileEncoding = 4; lastKnownFileType = sourcecode.c.h; path = _Event.h; sourceTree = "<group>"; };
		9E7CEDF3157B778300718FA6 /* _Event.m */ = {isa = PBXFileReference; fileEncoding = 4; lastKnownFileType = sourcecode.c.objc; path = _Event.m; sourceTree = "<group>"; };
		9E89816D15A0BC2900E22EA7 /* EventsGroupedByDateTableViewCell.h */ = {isa = PBXFileReference; fileEncoding = 4; lastKnownFileType = sourcecode.c.h; path = EventsGroupedByDateTableViewCell.h; sourceTree = "<group>"; };
		9E89816E15A0BC2900E22EA7 /* EventsGroupedByDateTableViewCell.m */ = {isa = PBXFileReference; fileEncoding = 4; lastKnownFileType = sourcecode.c.objc; path = EventsGroupedByDateTableViewCell.m; sourceTree = "<group>"; };
		9E916E14163197A40058C777 /* CoreDataModel-4.xcdatamodel */ = {isa = PBXFileReference; lastKnownFileType = wrapper.xcdatamodel; path = "CoreDataModel-4.xcdatamodel"; sourceTree = "<group>"; };
		9E9239D7162D4F9B00E265E6 /* TransformableTableViewGestureRecognizer.h */ = {isa = PBXFileReference; fileEncoding = 4; lastKnownFileType = sourcecode.c.h; path = TransformableTableViewGestureRecognizer.h; sourceTree = "<group>"; };
		9E9239D8162D4F9B00E265E6 /* TransformableTableViewGestureRecognizer.m */ = {isa = PBXFileReference; fileEncoding = 4; lastKnownFileType = sourcecode.c.objc; path = TransformableTableViewGestureRecognizer.m; sourceTree = "<group>"; };
		9E9239E2162DA56900E265E6 /* CoreDataModel-3.xcdatamodel */ = {isa = PBXFileReference; lastKnownFileType = wrapper.xcdatamodel; path = "CoreDataModel-3.xcdatamodel"; sourceTree = "<group>"; };
		9E92636D15EF2C9400393946 /* CoreDataModel-2.xcdatamodel */ = {isa = PBXFileReference; lastKnownFileType = wrapper.xcdatamodel; path = "CoreDataModel-2.xcdatamodel"; sourceTree = "<group>"; };
		9E92636F15EF350D00393946 /* _Tag.h */ = {isa = PBXFileReference; fileEncoding = 4; lastKnownFileType = sourcecode.c.h; path = _Tag.h; sourceTree = "<group>"; };
		9E92637015EF350D00393946 /* _Tag.m */ = {isa = PBXFileReference; fileEncoding = 4; lastKnownFileType = sourcecode.c.objc; path = _Tag.m; sourceTree = "<group>"; };
		9E954D82164419F50022D5BE /* UIScrollView+AIPulling.h */ = {isa = PBXFileReference; fileEncoding = 4; lastKnownFileType = sourcecode.c.h; path = "UIScrollView+AIPulling.h"; sourceTree = "<group>"; };
		9E954D83164419F50022D5BE /* UIScrollView+AIPulling.m */ = {isa = PBXFileReference; fileEncoding = 4; lastKnownFileType = sourcecode.c.objc; path = "UIScrollView+AIPulling.m"; sourceTree = "<group>"; };
		9E96A90516397DB400164D76 /* CAAnimation+Blocks.h */ = {isa = PBXFileReference; fileEncoding = 4; lastKnownFileType = sourcecode.c.h; path = "CAAnimation+Blocks.h"; sourceTree = "<group>"; };
		9E96A90616397DB400164D76 /* CAAnimation+Blocks.m */ = {isa = PBXFileReference; fileEncoding = 4; lastKnownFileType = sourcecode.c.objc; path = "CAAnimation+Blocks.m"; sourceTree = "<group>"; };
		9E9C237615F3617100572FB7 /* EventsGroupedByStartDateViewController.h */ = {isa = PBXFileReference; fileEncoding = 4; lastKnownFileType = sourcecode.c.h; path = EventsGroupedByStartDateViewController.h; sourceTree = "<group>"; };
		9E9C237715F3617100572FB7 /* EventsGroupedByStartDateViewController.m */ = {isa = PBXFileReference; fileEncoding = 4; lastKnownFileType = sourcecode.c.objc; lineEnding = 0; path = EventsGroupedByStartDateViewController.m; sourceTree = "<group>"; xcLanguageSpecificationIdentifier = xcode.lang.objc; };
		9EAB520D15C9553C008952FB /* NSDate+Utilities.h */ = {isa = PBXFileReference; fileEncoding = 4; lastKnownFileType = sourcecode.c.h; path = "NSDate+Utilities.h"; sourceTree = "<group>"; };
		9EAB520E15C9553C008952FB /* NSDate+Utilities.m */ = {isa = PBXFileReference; fileEncoding = 4; lastKnownFileType = sourcecode.c.objc; path = "NSDate+Utilities.m"; sourceTree = "<group>"; };
		9EAD25D8198E314F006A2779 /* FontAwesome.otf */ = {isa = PBXFileReference; lastKnownFileType = file; path = FontAwesome.otf; sourceTree = "<group>"; };
		9EB08FDD19E00C4800D20EE5 /* TagCell.swift */ = {isa = PBXFileReference; fileEncoding = 4; lastKnownFileType = sourcecode.swift; path = TagCell.swift; sourceTree = "<group>"; };
		9EB08FE019E03E1200D20EE5 /* EventCell.swift */ = {isa = PBXFileReference; fileEncoding = 4; lastKnownFileType = sourcecode.swift; path = EventCell.swift; sourceTree = "<group>"; };
		9EBF34F119BA3ED60046A464 /* Drift-Bridging-Header.h */ = {isa = PBXFileReference; lastKnownFileType = sourcecode.c.h; path = "Drift-Bridging-Header.h"; sourceTree = "<group>"; };
		9EBF34F219BA3ED70046A464 /* ReorderTableViewController.swift */ = {isa = PBXFileReference; fileEncoding = 4; lastKnownFileType = sourcecode.swift; path = ReorderTableViewController.swift; sourceTree = "<group>"; };
		9ECB5A0A173D287C006E86F1 /* Crashlytics.framework */ = {isa = PBXFileReference; lastKnownFileType = wrapper.framework; name = Crashlytics.framework; path = Vendor/Crashlytics.framework; sourceTree = "<group>"; };
		9ECF3B7616EAF4D40097FF37 /* _Compatibility.h */ = {isa = PBXFileReference; fileEncoding = 4; lastKnownFileType = sourcecode.c.h; path = _Compatibility.h; sourceTree = "<group>"; };
		9ECF3B7716EAF4D40097FF37 /* _Compatibility.m */ = {isa = PBXFileReference; fileEncoding = 4; lastKnownFileType = sourcecode.c.objc; path = _Compatibility.m; sourceTree = "<group>"; };
		9ECF3B7816EAF4D40097FF37 /* Compatibility.h */ = {isa = PBXFileReference; fileEncoding = 4; lastKnownFileType = sourcecode.c.h; path = Compatibility.h; sourceTree = "<group>"; };
		9ECF3B7916EAF4D40097FF37 /* Compatibility.m */ = {isa = PBXFileReference; fileEncoding = 4; lastKnownFileType = sourcecode.c.objc; path = Compatibility.m; sourceTree = "<group>"; };
		9ECF3B7C16EAF6290097FF37 /* CompatibilityMigration.h */ = {isa = PBXFileReference; fileEncoding = 4; lastKnownFileType = sourcecode.c.h; path = CompatibilityMigration.h; sourceTree = "<group>"; };
		9ECF3B7D16EAF6290097FF37 /* CompatibilityMigration.m */ = {isa = PBXFileReference; fileEncoding = 4; lastKnownFileType = sourcecode.c.objc; path = CompatibilityMigration.m; sourceTree = "<group>"; };
		9EDCC5C9160DBFA1003CB2BB /* Tag.h */ = {isa = PBXFileReference; fileEncoding = 4; lastKnownFileType = sourcecode.c.h; path = Tag.h; sourceTree = "<group>"; };
		9EDCC5CA160DBFA1003CB2BB /* Tag.m */ = {isa = PBXFileReference; fileEncoding = 4; lastKnownFileType = sourcecode.c.objc; path = Tag.m; sourceTree = "<group>"; };
		9EE6EC5B158CF5F70063E666 /* EventTimerControl.h */ = {isa = PBXFileReference; fileEncoding = 4; lastKnownFileType = sourcecode.c.h; lineEnding = 0; path = EventTimerControl.h; sourceTree = "<group>"; xcLanguageSpecificationIdentifier = xcode.lang.objcpp; };
		9EE6EC5C158CF5F70063E666 /* EventTimerControl.m */ = {isa = PBXFileReference; fileEncoding = 4; lastKnownFileType = sourcecode.c.objc; lineEnding = 0; path = EventTimerControl.m; sourceTree = "<group>"; xcLanguageSpecificationIdentifier = xcode.lang.objc; };
		E6D140F0ED2BC3F9861A705A /* Pods.debug.xcconfig */ = {isa = PBXFileReference; includeInIndex = 1; lastKnownFileType = text.xcconfig; name = Pods.debug.xcconfig; path = "Pods/Target Support Files/Pods/Pods.debug.xcconfig"; sourceTree = "<group>"; };
		FB8DC4F2F1A269D643B5D8A4 /* Pods.release.xcconfig */ = {isa = PBXFileReference; includeInIndex = 1; lastKnownFileType = text.xcconfig; name = Pods.release.xcconfig; path = "Pods/Target Support Files/Pods/Pods.release.xcconfig"; sourceTree = "<group>"; };
/* End PBXFileReference section */

/* Begin PBXFrameworksBuildPhase section */
		9E42F1E715570FD60087F602 /* Frameworks */ = {
			isa = PBXFrameworksBuildPhase;
			buildActionMask = 2147483647;
			files = (
				9E7EB52D15E8F8C100604B79 /* CoreGraphics.framework in Frameworks */,
				9E63BBF4156EAA710006FEFC /* CoreData.framework in Frameworks */,
				9E42F1EF15570FD60087F602 /* UIKit.framework in Frameworks */,
				9E42F1F115570FD60087F602 /* Foundation.framework in Frameworks */,
				125790D47091430EA9A63B06 /* libPods.a in Frameworks */,
				9ECB5A0B173D287C006E86F1 /* Crashlytics.framework in Frameworks */,
			);
			runOnlyForDeploymentPostprocessing = 0;
		};
/* End PBXFrameworksBuildPhase section */

/* Begin PBXGroup section */
		9E01309215E39D20005C8765 /* Storyboard */ = {
			isa = PBXGroup;
			children = (
				9E42F20015570FD60087F602 /* MainStoryboard.storyboard */,
				9E51708119E44F6900BEF39B /* Launch Screen.xib */,
			);
			name = Storyboard;
			sourceTree = "<group>";
		};
		9E42F1DF15570FD60087F602 = {
			isa = PBXGroup;
			children = (
				9E42F1F415570FD60087F602 /* Drift */,
				9E42F1ED15570FD60087F602 /* Frameworks */,
				9E42F1EB15570FD60087F602 /* Products */,
				DE86488668CA59DE2F8F9AF0 /* Pods */,
			);
			sourceTree = "<group>";
		};
		9E42F1EB15570FD60087F602 /* Products */ = {
			isa = PBXGroup;
			children = (
				9E42F1EA15570FD60087F602 /* Stray.app */,
			);
			name = Products;
			sourceTree = "<group>";
		};
		9E42F1ED15570FD60087F602 /* Frameworks */ = {
			isa = PBXGroup;
			children = (
				9ECB5A0A173D287C006E86F1 /* Crashlytics.framework */,
				9E63BBF3156EAA710006FEFC /* CoreData.framework */,
				9E42F1EE15570FD60087F602 /* UIKit.framework */,
				9E42F1F015570FD60087F602 /* Foundation.framework */,
				9E42F1F215570FD60087F602 /* CoreGraphics.framework */,
				0DAF25AC4BF244CD84717515 /* libPods.a */,
			);
			name = Frameworks;
			sourceTree = "<group>";
		};
		9E42F1F415570FD60087F602 /* Drift */ = {
			isa = PBXGroup;
			children = (
				9EAD25D7198E3140006A2779 /* Fonts */,
				9E42F1F515570FD60087F602 /* Supporting Files */,
				9EAB520B15C95523008952FB /* Categories */,
				9E63BBF6156EAAA80006FEFC /* Repository */,
				9E01309215E39D20005C8765 /* Storyboard */,
				9E9C232D15F288D400572FB7 /* Controllers */,
				9EB08FDF19E03C4F00D20EE5 /* Views */,
				9E561DE415FBB04D008D3895 /* Controls */,
				9E9C232F15F2895000572FB7 /* Classes */,
				9E42F1FD15570FD60087F602 /* DriftAppDelegate.h */,
				9E42F1FE15570FD60087F602 /* DriftAppDelegate.m */,
				9EBF34F119BA3ED60046A464 /* Drift-Bridging-Header.h */,
				9E42F1FA15570FD60087F602 /* main.m */,
				9E338A7419C493FB004C4FA6 /* Images.xcassets */,
			);
			path = Drift;
			sourceTree = "<group>";
		};
		9E42F1F515570FD60087F602 /* Supporting Files */ = {
			isa = PBXGroup;
			children = (
				9E42F1F615570FD60087F602 /* Drift-Info.plist */,
				9E42F1F715570FD60087F602 /* InfoPlist.strings */,
				9E42F1FC15570FD60087F602 /* Drift-Prefix.pch */,
			);
			name = "Supporting Files";
			sourceTree = "<group>";
		};
		9E561DE415FBB04D008D3895 /* Controls */ = {
			isa = PBXGroup;
			children = (
				9EE6EC5B158CF5F70063E666 /* EventTimerControl.h */,
				9EE6EC5C158CF5F70063E666 /* EventTimerControl.m */,
			);
			name = Controls;
			sourceTree = "<group>";
		};
		9E63BBF6156EAAA80006FEFC /* Repository */ = {
			isa = PBXGroup;
			children = (
				9ECF3B7616EAF4D40097FF37 /* _Compatibility.h */,
				9ECF3B7716EAF4D40097FF37 /* _Compatibility.m */,
				9ECF3B7816EAF4D40097FF37 /* Compatibility.h */,
				9ECF3B7916EAF4D40097FF37 /* Compatibility.m */,
				9EDCC5C9160DBFA1003CB2BB /* Tag.h */,
				9EDCC5CA160DBFA1003CB2BB /* Tag.m */,
				9E92636F15EF350D00393946 /* _Tag.h */,
				9E92637015EF350D00393946 /* _Tag.m */,
				9E7CEDF2157B778300718FA6 /* _Event.h */,
				9E7CEDF3157B778300718FA6 /* _Event.m */,
				9E21F924156EA9510075EAAC /* CoreDataModel.xcdatamodeld */,
				9E21F927156EAA2F0075EAAC /* Event.h */,
				9E21F928156EAA2F0075EAAC /* Event.m */,
				9E2F076C161745B400F1C24D /* DataRepository.h */,
				9E2F076D161745B400F1C24D /* DataRepository.m */,
				9E66D0DB16553D6700339E99 /* State.h */,
				9E66D0DC16553D6700339E99 /* State.m */,
				9ECF3B7C16EAF6290097FF37 /* CompatibilityMigration.h */,
				9ECF3B7D16EAF6290097FF37 /* CompatibilityMigration.m */,
			);
			name = Repository;
			sourceTree = "<group>";
		};
		9E96FCE016359F8600AB5B0A /* TransformableTableView */ = {
			isa = PBXGroup;
			children = (
				9E9239D7162D4F9B00E265E6 /* TransformableTableViewGestureRecognizer.h */,
				9E9239D8162D4F9B00E265E6 /* TransformableTableViewGestureRecognizer.m */,
			);
			name = TransformableTableView;
			sourceTree = "<group>";
		};
		9E9C232D15F288D400572FB7 /* Controllers */ = {
			isa = PBXGroup;
			children = (
				9EF99092164BDCC000AF6EC4 /* Models */,
				9E42F22715571E9C0087F602 /* RootViewController.h */,
				9E42F22815571E9C0087F602 /* RootViewController.m */,
				9E00A75D157734AE002FC707 /* EventViewController.h */,
				9E00A75E157734AE002FC707 /* EventViewController.m */,
				9E9C237615F3617100572FB7 /* EventsGroupedByStartDateViewController.h */,
				9E9C237715F3617100572FB7 /* EventsGroupedByStartDateViewController.m */,
				9E00A76115773859002FC707 /* EventsGroupedByDateViewController.h */,
				9E00A76215773859002FC707 /* EventsGroupedByDateViewController.m */,
				9E2CFDE7162190E8004D9D8D /* TagsTableViewController.h */,
				9E2CFDE8162190E8004D9D8D /* TagsTableViewController.m */,
				9E021D1E19E15AD400442B2C /* SlideUpTransitioning.swift */,
			);
			name = Controllers;
			sourceTree = "<group>";
		};
		9E9C232F15F2895000572FB7 /* Classes */ = {
			isa = PBXGroup;
			children = (
				9E96FCE016359F8600AB5B0A /* TransformableTableView */,
				9E14D450162B3D3F008D9E43 /* TagFilterButton.h */,
				9E14D451162B3D3F008D9E43 /* TagFilterButton.m */,
				9E7636641778A1A4005C755F /* AIStyle.h */,
				9E7636651778A1A4005C755F /* AIStyle.m */,
				9EBF34F219BA3ED70046A464 /* ReorderTableViewController.swift */,
			);
			name = Classes;
			sourceTree = "<group>";
		};
		9EAB520B15C95523008952FB /* Categories */ = {
			isa = PBXGroup;
			children = (
				9E954D82164419F50022D5BE /* UIScrollView+AIPulling.h */,
				9E954D83164419F50022D5BE /* UIScrollView+AIPulling.m */,
				9E96A90516397DB400164D76 /* CAAnimation+Blocks.h */,
				9E96A90616397DB400164D76 /* CAAnimation+Blocks.m */,
				9EAB520D15C9553C008952FB /* NSDate+Utilities.h */,
				9EAB520E15C9553C008952FB /* NSDate+Utilities.m */,
			);
			name = Categories;
			sourceTree = "<group>";
		};
		9EAD25D7198E3140006A2779 /* Fonts */ = {
			isa = PBXGroup;
			children = (
				9EAD25D8198E314F006A2779 /* FontAwesome.otf */,
			);
			name = Fonts;
			sourceTree = "<group>";
		};
		9EB08FDF19E03C4F00D20EE5 /* Views */ = {
			isa = PBXGroup;
			children = (
				9E89816D15A0BC2900E22EA7 /* EventsGroupedByDateTableViewCell.h */,
				9E89816E15A0BC2900E22EA7 /* EventsGroupedByDateTableViewCell.m */,
				9EB08FDD19E00C4800D20EE5 /* TagCell.swift */,
				9EB08FE019E03E1200D20EE5 /* EventCell.swift */,
			);
			name = Views;
			sourceTree = "<group>";
		};
		9EF99092164BDCC000AF6EC4 /* Models */ = {
			isa = PBXGroup;
			children = (
				9E51511215C7CEF100901655 /* EventGroup.h */,
				9E51511315C7CEF100901655 /* EventGroup.m */,
				9E51511415C7CEF100901655 /* EventsGroupedByDate.h */,
				9E51511515C7CEF100901655 /* EventsGroupedByDate.m */,
			);
			name = Models;
			sourceTree = "<group>";
		};
		DE86488668CA59DE2F8F9AF0 /* Pods */ = {
			isa = PBXGroup;
			children = (
				E6D140F0ED2BC3F9861A705A /* Pods.debug.xcconfig */,
				FB8DC4F2F1A269D643B5D8A4 /* Pods.release.xcconfig */,
			);
			name = Pods;
			sourceTree = "<group>";
		};
/* End PBXGroup section */

/* Begin PBXNativeTarget section */
		9E42F1E915570FD60087F602 /* Drift */ = {
			isa = PBXNativeTarget;
			buildConfigurationList = 9E42F21D15570FD70087F602 /* Build configuration list for PBXNativeTarget "Drift" */;
			buildPhases = (
				9E42F1E615570FD60087F602 /* Sources */,
				9E42F1E715570FD60087F602 /* Frameworks */,
				9E42F1E815570FD60087F602 /* Resources */,
				9EF331311666A019005CFEF2 /* ShellScript */,
				9E2EDBE119B35D8D0066049D /* ShellScript */,
				D27A1FFFB090419D81A35A1F /* Copy Pods Resources */,
			);
			buildRules = (
			);
			dependencies = (
			);
			name = Drift;
			productName = Drift;
			productReference = 9E42F1EA15570FD60087F602 /* Stray.app */;
			productType = "com.apple.product-type.application";
		};
/* End PBXNativeTarget section */

/* Begin PBXProject section */
		9E42F1E115570FD60087F602 /* Project object */ = {
			isa = PBXProject;
			attributes = {
				LastUpgradeCheck = 0500;
				ORGANIZATIONNAME = Artsoftheinsane;
				TargetAttributes = {
					9E42F1E915570FD60087F602 = {
						DevelopmentTeam = 32J7P2AA46;
						SystemCapabilities = {
							com.apple.Keychain = {
								enabled = 0;
							};
							com.apple.iCloud = {
								enabled = 0;
							};
						};
					};
				};
			};
			buildConfigurationList = 9E42F1E415570FD60087F602 /* Build configuration list for PBXProject "Drift" */;
			compatibilityVersion = "Xcode 3.2";
			developmentRegion = English;
			hasScannedForEncodings = 0;
			knownRegions = (
				en,
			);
			mainGroup = 9E42F1DF15570FD60087F602;
			productRefGroup = 9E42F1EB15570FD60087F602 /* Products */;
			projectDirPath = "";
			projectRoot = "";
			targets = (
				9E42F1E915570FD60087F602 /* Drift */,
				9E7CEDEC157B755000718FA6 /* Mogenerator */,
			);
		};
/* End PBXProject section */

/* Begin PBXResourcesBuildPhase section */
		9E42F1E815570FD60087F602 /* Resources */ = {
			isa = PBXResourcesBuildPhase;
			buildActionMask = 2147483647;
			files = (
				9E42F1F915570FD60087F602 /* InfoPlist.strings in Resources */,
				9E42F20215570FD60087F602 /* MainStoryboard.storyboard in Resources */,
				9EAD25D9198E314F006A2779 /* FontAwesome.otf in Resources */,
				9E338A7519C493FB004C4FA6 /* Images.xcassets in Resources */,
				9E51708219E44F6900BEF39B /* Launch Screen.xib in Resources */,
			);
			runOnlyForDeploymentPostprocessing = 0;
		};
/* End PBXResourcesBuildPhase section */

/* Begin PBXShellScriptBuildPhase section */
		9E2EDBE119B35D8D0066049D /* ShellScript */ = {
			isa = PBXShellScriptBuildPhase;
			buildActionMask = 2147483647;
			files = (
			);
			inputPaths = (
			);
			outputPaths = (
			);
			runOnlyForDeploymentPostprocessing = 0;
			shellPath = /bin/sh;
			shellScript = ./update_build_number.sh;
		};
		9E7CEDF1157B756600718FA6 /* ShellScript */ = {
			isa = PBXShellScriptBuildPhase;
			buildActionMask = 2147483647;
			files = (
			);
			inputPaths = (
			);
			outputPaths = (
			);
			runOnlyForDeploymentPostprocessing = 0;
			shellPath = /bin/sh;
			shellScript = "cd Drift\n/usr/local/bin/mogenerator --v2 -m CoreDataModel.xcdatamodeld";
		};
		9EF331311666A019005CFEF2 /* ShellScript */ = {
			isa = PBXShellScriptBuildPhase;
			buildActionMask = 2147483647;
			files = (
			);
			inputPaths = (
			);
			outputPaths = (
			);
			runOnlyForDeploymentPostprocessing = 0;
			shellPath = /bin/sh;
			shellScript = "./Vendor/Crashlytics.framework/run a7595f63555bece3a877e50607ecce88bc77984f";
		};
		D27A1FFFB090419D81A35A1F /* Copy Pods Resources */ = {
			isa = PBXShellScriptBuildPhase;
			buildActionMask = 2147483647;
			files = (
			);
			inputPaths = (
			);
			name = "Copy Pods Resources";
			outputPaths = (
			);
			runOnlyForDeploymentPostprocessing = 0;
			shellPath = /bin/sh;
			shellScript = "\"${SRCROOT}/Pods/Target Support Files/Pods/Pods-resources.sh\"\n";
		};
/* End PBXShellScriptBuildPhase section */

/* Begin PBXSourcesBuildPhase section */
		9E42F1E615570FD60087F602 /* Sources */ = {
			isa = PBXSourcesBuildPhase;
			buildActionMask = 2147483647;
			files = (
				9E021D1F19E15AD400442B2C /* SlideUpTransitioning.swift in Sources */,
				9E7636661778A31D005C755F /* AIStyle.m in Sources */,
				9E96A907163981B600164D76 /* CAAnimation+Blocks.m in Sources */,
				9EBF34F319BA3ED70046A464 /* ReorderTableViewController.swift in Sources */,
				9E42F1FB15570FD60087F602 /* main.m in Sources */,
				9E42F1FF15570FD60087F602 /* DriftAppDelegate.m in Sources */,
				9E42F22915571E9C0087F602 /* RootViewController.m in Sources */,
				9E21F926156EA9510075EAAC /* CoreDataModel.xcdatamodeld in Sources */,
				9E21F929156EAA2F0075EAAC /* Event.m in Sources */,
				9E00A75F157734AE002FC707 /* EventViewController.m in Sources */,
				9E00A76315773859002FC707 /* EventsGroupedByDateViewController.m in Sources */,
				9E7CEDF4157B778300718FA6 /* _Event.m in Sources */,
				9EE6EC5D158CF5F70063E666 /* EventTimerControl.m in Sources */,
				9E89816F15A0BC2900E22EA7 /* EventsGroupedByDateTableViewCell.m in Sources */,
				9E51511615C7CEF100901655 /* EventGroup.m in Sources */,
				9E51511715C7CEF100901655 /* EventsGroupedByDate.m in Sources */,
				9EAB520F15C9553C008952FB /* NSDate+Utilities.m in Sources */,
				9E92637115EF350D00393946 /* _Tag.m in Sources */,
				9E9C237815F3617200572FB7 /* EventsGroupedByStartDateViewController.m in Sources */,
				9EDCC5CB160DBFA1003CB2BB /* Tag.m in Sources */,
				9E2F076E161745B400F1C24D /* DataRepository.m in Sources */,
				9E2CFDE9162190E8004D9D8D /* TagsTableViewController.m in Sources */,
				9E14D452162B3D3F008D9E43 /* TagFilterButton.m in Sources */,
				9E9239DB162D4F9B00E265E6 /* TransformableTableViewGestureRecognizer.m in Sources */,
				9E954D84164419F50022D5BE /* UIScrollView+AIPulling.m in Sources */,
				9E66D0DD16553D6700339E99 /* State.m in Sources */,
				9EB08FDE19E00C4800D20EE5 /* TagCell.swift in Sources */,
				9EB08FE119E03E1200D20EE5 /* EventCell.swift in Sources */,
				9ECF3B7A16EAF4D40097FF37 /* _Compatibility.m in Sources */,
				9ECF3B7B16EAF4D40097FF37 /* Compatibility.m in Sources */,
				9ECF3B7E16EAF6290097FF37 /* CompatibilityMigration.m in Sources */,
			);
			runOnlyForDeploymentPostprocessing = 0;
		};
/* End PBXSourcesBuildPhase section */

/* Begin PBXVariantGroup section */
		9E42F1F715570FD60087F602 /* InfoPlist.strings */ = {
			isa = PBXVariantGroup;
			children = (
				9E42F1F815570FD60087F602 /* en */,
			);
			name = InfoPlist.strings;
			sourceTree = "<group>";
		};
		9E42F20015570FD60087F602 /* MainStoryboard.storyboard */ = {
			isa = PBXVariantGroup;
			children = (
				9E42F20115570FD60087F602 /* en */,
			);
			name = MainStoryboard.storyboard;
			sourceTree = "<group>";
		};
/* End PBXVariantGroup section */

/* Begin XCBuildConfiguration section */
		9E42F21B15570FD70087F602 /* Debug */ = {
			isa = XCBuildConfiguration;
			buildSettings = {
				CLANG_ANALYZER_SECURITY_FLOATLOOPCOUNTER = YES;
				CLANG_ANALYZER_SECURITY_INSECUREAPI_RAND = YES;
				CLANG_ANALYZER_SECURITY_INSECUREAPI_STRCPY = YES;
				CLANG_ENABLE_MODULES = YES;
				CLANG_ENABLE_OBJC_ARC = YES;
				CLANG_STATIC_ANALYZER_MODE = deep;
				CLANG_WARN_DEPRECATED_OBJC_IMPLEMENTATIONS = YES;
				CLANG_WARN_DIRECT_OBJC_ISA_USAGE = YES_ERROR;
				CLANG_WARN_EMPTY_BODY = YES;
				CLANG_WARN_IMPLICIT_SIGN_CONVERSION = YES;
				CLANG_WARN_OBJC_EXPLICIT_OWNERSHIP_TYPE = YES;
				CLANG_WARN_OBJC_IMPLICIT_ATOMIC_PROPERTIES = YES;
				CLANG_WARN_OBJC_IMPLICIT_RETAIN_SELF = YES;
				CLANG_WARN_OBJC_REPEATED_USE_OF_WEAK = NO;
				CLANG_WARN_OBJC_ROOT_CLASS = YES_ERROR;
				CLANG_WARN_SUSPICIOUS_IMPLICIT_CONVERSION = YES;
				CLANG_WARN_UNREACHABLE_CODE = YES;
				CLANG_WARN__DUPLICATE_METHOD_MATCH = YES;
				COPY_PHASE_STRIP = NO;
				GCC_OPTIMIZATION_LEVEL = 0;
				GCC_PREPROCESSOR_DEFINITIONS = (
					"DEBUG=1",
					"$(inherited)",
				);
				GCC_WARN_64_TO_32_BIT_CONVERSION = YES;
				GCC_WARN_ABOUT_MISSING_FIELD_INITIALIZERS = YES;
				GCC_WARN_ABOUT_MISSING_PROTOTYPES = YES;
				GCC_WARN_ABOUT_RETURN_TYPE = YES;
				GCC_WARN_FOUR_CHARACTER_CONSTANTS = YES;
				GCC_WARN_INITIALIZER_NOT_FULLY_BRACKETED = YES;
				GCC_WARN_SHADOW = YES;
				GCC_WARN_SIGN_COMPARE = YES;
				GCC_WARN_STRICT_SELECTOR_MATCH = YES;
				GCC_WARN_UNDECLARED_SELECTOR = YES;
				GCC_WARN_UNINITIALIZED_AUTOS = YES;
				GCC_WARN_UNKNOWN_PRAGMAS = YES;
				GCC_WARN_UNUSED_FUNCTION = YES;
				GCC_WARN_UNUSED_LABEL = YES;
				GCC_WARN_UNUSED_VARIABLE = YES;
				IPHONEOS_DEPLOYMENT_TARGET = 8.0;
				ONLY_ACTIVE_ARCH = YES;
				RUN_CLANG_STATIC_ANALYZER = YES;
				SDKROOT = iphoneos;
				TEST_AFTER_BUILD = YES;
			};
			name = Debug;
		};
		9E42F21C15570FD70087F602 /* Release */ = {
			isa = XCBuildConfiguration;
			buildSettings = {
				CLANG_ANALYZER_SECURITY_FLOATLOOPCOUNTER = YES;
				CLANG_ANALYZER_SECURITY_INSECUREAPI_RAND = YES;
				CLANG_ANALYZER_SECURITY_INSECUREAPI_STRCPY = YES;
				CLANG_ENABLE_MODULES = YES;
				CLANG_ENABLE_OBJC_ARC = YES;
				CLANG_STATIC_ANALYZER_MODE = deep;
				CLANG_WARN_DEPRECATED_OBJC_IMPLEMENTATIONS = YES;
				CLANG_WARN_DIRECT_OBJC_ISA_USAGE = YES_ERROR;
				CLANG_WARN_EMPTY_BODY = YES;
				CLANG_WARN_IMPLICIT_SIGN_CONVERSION = YES;
				CLANG_WARN_OBJC_EXPLICIT_OWNERSHIP_TYPE = YES;
				CLANG_WARN_OBJC_IMPLICIT_ATOMIC_PROPERTIES = YES;
				CLANG_WARN_OBJC_IMPLICIT_RETAIN_SELF = YES;
				CLANG_WARN_OBJC_REPEATED_USE_OF_WEAK = NO;
				CLANG_WARN_OBJC_ROOT_CLASS = YES_ERROR;
				CLANG_WARN_SUSPICIOUS_IMPLICIT_CONVERSION = YES;
				CLANG_WARN_UNREACHABLE_CODE = YES;
				CLANG_WARN__DUPLICATE_METHOD_MATCH = YES;
				ENABLE_NS_ASSERTIONS = NO;
				GCC_WARN_64_TO_32_BIT_CONVERSION = YES;
				GCC_WARN_ABOUT_MISSING_FIELD_INITIALIZERS = YES;
				GCC_WARN_ABOUT_MISSING_PROTOTYPES = YES;
				GCC_WARN_ABOUT_RETURN_TYPE = YES;
				GCC_WARN_FOUR_CHARACTER_CONSTANTS = YES;
				GCC_WARN_INITIALIZER_NOT_FULLY_BRACKETED = YES;
				GCC_WARN_SHADOW = YES;
				GCC_WARN_SIGN_COMPARE = YES;
				GCC_WARN_STRICT_SELECTOR_MATCH = YES;
				GCC_WARN_UNDECLARED_SELECTOR = YES;
				GCC_WARN_UNINITIALIZED_AUTOS = YES;
				GCC_WARN_UNKNOWN_PRAGMAS = YES;
				GCC_WARN_UNUSED_FUNCTION = YES;
				GCC_WARN_UNUSED_LABEL = YES;
				GCC_WARN_UNUSED_VARIABLE = YES;
				IPHONEOS_DEPLOYMENT_TARGET = 8.0;
				RUN_CLANG_STATIC_ANALYZER = YES;
				SDKROOT = iphoneos;
				TEST_AFTER_BUILD = YES;
				VALIDATE_PRODUCT = YES;
			};
			name = Release;
		};
		9E42F21E15570FD70087F602 /* Debug */ = {
			isa = XCBuildConfiguration;
			baseConfigurationReference = E6D140F0ED2BC3F9861A705A /* Pods.debug.xcconfig */;
			buildSettings = {
				ASSETCATALOG_COMPILER_APPICON_NAME = AppIcon;
				CLANG_ENABLE_MODULES = YES;
				CODE_SIGN_IDENTITY = "iPhone Developer";
				"CODE_SIGN_IDENTITY[sdk=iphoneos*]" = "iPhone Developer";
				FRAMEWORK_SEARCH_PATHS = (
					"$(inherited)",
					"\"$(SRCROOT)\"",
					"\"$(SRCROOT)/Vendor\"",
				);
				GCC_PRECOMPILE_PREFIX_HEADER = YES;
				GCC_PREFIX_HEADER = "Drift/Drift-Prefix.pch";
				GCC_SYMBOLS_PRIVATE_EXTERN = NO;
				INFOPLIST_FILE = "Drift/Drift-Info.plist";
				IPHONEOS_DEPLOYMENT_TARGET = 8.0;
				LD_RUNPATH_SEARCH_PATHS = "$(inherited) @executable_path/Frameworks";
				LIBRARY_SEARCH_PATHS = "$(inherited)";
				PRODUCT_NAME = Stray;
				PROVISIONING_PROFILE = "";
				SWIFT_OBJC_BRIDGING_HEADER = "Drift/Drift-Bridging-Header.h";
				SWIFT_OPTIMIZATION_LEVEL = "-Onone";
				TARGETED_DEVICE_FAMILY = 1;
				WRAPPER_EXTENSION = app;
			};
			name = Debug;
		};
		9E42F21F15570FD70087F602 /* Release */ = {
			isa = XCBuildConfiguration;
			baseConfigurationReference = FB8DC4F2F1A269D643B5D8A4 /* Pods.release.xcconfig */;
			buildSettings = {
				ASSETCATALOG_COMPILER_APPICON_NAME = AppIcon;
				CLANG_ENABLE_MODULES = YES;
				CODE_SIGN_IDENTITY = "iPhone Developer";
				"CODE_SIGN_IDENTITY[sdk=iphoneos*]" = "iPhone Developer";
				FRAMEWORK_SEARCH_PATHS = (
					"$(inherited)",
					"\"$(SRCROOT)\"",
					"\"$(SRCROOT)/Vendor\"",
				);
				GCC_PRECOMPILE_PREFIX_HEADER = YES;
				GCC_PREFIX_HEADER = "Drift/Drift-Prefix.pch";
				GCC_SYMBOLS_PRIVATE_EXTERN = NO;
				INFOPLIST_FILE = "Drift/Drift-Info.plist";
				IPHONEOS_DEPLOYMENT_TARGET = 8.0;
				LD_RUNPATH_SEARCH_PATHS = "$(inherited) @executable_path/Frameworks";
				LIBRARY_SEARCH_PATHS = "$(inherited)";
				PRODUCT_NAME = Stray;
				PROVISIONING_PROFILE = "";
				SWIFT_OBJC_BRIDGING_HEADER = "Drift/Drift-Bridging-Header.h";
				TARGETED_DEVICE_FAMILY = 1;
				WRAPPER_EXTENSION = app;
			};
			name = Release;
		};
		9E7CEDED157B755000718FA6 /* Debug */ = {
			isa = XCBuildConfiguration;
			buildSettings = {
				PRODUCT_NAME = "$(TARGET_NAME)";
			};
			name = Debug;
		};
		9E7CEDEE157B755000718FA6 /* Release */ = {
			isa = XCBuildConfiguration;
			buildSettings = {
				PRODUCT_NAME = "$(TARGET_NAME)";
			};
			name = Release;
		};
/* End XCBuildConfiguration section */

/* Begin XCConfigurationList section */
		9E42F1E415570FD60087F602 /* Build configuration list for PBXProject "Drift" */ = {
			isa = XCConfigurationList;
			buildConfigurations = (
				9E42F21B15570FD70087F602 /* Debug */,
				9E42F21C15570FD70087F602 /* Release */,
			);
			defaultConfigurationIsVisible = 0;
			defaultConfigurationName = Release;
		};
		9E42F21D15570FD70087F602 /* Build configuration list for PBXNativeTarget "Drift" */ = {
			isa = XCConfigurationList;
			buildConfigurations = (
				9E42F21E15570FD70087F602 /* Debug */,
				9E42F21F15570FD70087F602 /* Release */,
			);
			defaultConfigurationIsVisible = 0;
			defaultConfigurationName = Release;
		};
		9E7CEDEF157B755000718FA6 /* Build configuration list for PBXAggregateTarget "Mogenerator" */ = {
			isa = XCConfigurationList;
			buildConfigurations = (
				9E7CEDED157B755000718FA6 /* Debug */,
				9E7CEDEE157B755000718FA6 /* Release */,
			);
			defaultConfigurationIsVisible = 0;
			defaultConfigurationName = Release;
		};
/* End XCConfigurationList section */

/* Begin XCVersionGroup section */
		9E21F924156EA9510075EAAC /* CoreDataModel.xcdatamodeld */ = {
			isa = XCVersionGroup;
			children = (
				9E15323F173FDE3800605B65 /* CoreDataModel- 8.xcdatamodel */,
				9E6C6C8716BABD5400613E86 /* CoreDataModel-7.xcdatamodel */,
				9E66D0DA16553B3700339E99 /* CoreDataModel-6.xcdatamodel */,
				9E15AB7A163D0C45006D16B3 /* CoreDataModel-5.xcdatamodel */,
				9E916E14163197A40058C777 /* CoreDataModel-4.xcdatamodel */,
				9E9239E2162DA56900E265E6 /* CoreDataModel-3.xcdatamodel */,
				9E92636D15EF2C9400393946 /* CoreDataModel-2.xcdatamodel */,
				9E21F925156EA9510075EAAC /* CoreDataModel.xcdatamodel */,
			);
			currentVersion = 9E15323F173FDE3800605B65 /* CoreDataModel- 8.xcdatamodel */;
			path = CoreDataModel.xcdatamodeld;
			sourceTree = "<group>";
			versionGroupType = wrapper.xcdatamodel;
		};
/* End XCVersionGroup section */
	};
	rootObject = 9E42F1E115570FD60087F602 /* Project object */;
}
