// !$*UTF8*$!
{
	archiveVersion = 1;
	classes = {
	};
	objectVersion = 46;
	objects = {

/* Begin PBXAggregateTarget section */
		9E7CEDEC157B755000718FA6 /* Mogenerator */ = {
			isa = PBXAggregateTarget;
			buildConfigurationList = 9E7CEDEF157B755000718FA6 /* Build configuration list for PBXAggregateTarget "Mogenerator" */;
			buildPhases = (
				9E7CEDF1157B756600718FA6 /* ShellScript */,
			);
			dependencies = (
			);
			name = Mogenerator;
			productName = Mogenerator;
		};
/* End PBXAggregateTarget section */

/* Begin PBXBuildFile section */
		9E021D1F19E15AD400442B2C /* SlideUpTransitioning.swift in Sources */ = {isa = PBXBuildFile; fileRef = 9E021D1E19E15AD400442B2C /* SlideUpTransitioning.swift */; };
		9E216E491ACC6B0900BD1967 /* NSManagedObjectExtension.swift in Sources */ = {isa = PBXBuildFile; fileRef = 9E216E481ACC6B0900BD1967 /* NSManagedObjectExtension.swift */; };
		9E21F926156EA9510075EAAC /* CoreDataModel.xcdatamodeld in Sources */ = {isa = PBXBuildFile; fileRef = 9E21F924156EA9510075EAAC /* CoreDataModel.xcdatamodeld */; };
		9E21F929156EAA2F0075EAAC /* Event.m in Sources */ = {isa = PBXBuildFile; fileRef = 9E21F928156EAA2F0075EAAC /* Event.m */; };
		9E338A7519C493FB004C4FA6 /* Images.xcassets in Resources */ = {isa = PBXBuildFile; fileRef = 9E338A7419C493FB004C4FA6 /* Images.xcassets */; };
		9E378E7119EC35C3004DED67 /* EventsViewController.swift in Sources */ = {isa = PBXBuildFile; fileRef = 9E378E7019EC35C3004DED67 /* EventsViewController.swift */; };
		9E42F1EF15570FD60087F602 /* UIKit.framework in Frameworks */ = {isa = PBXBuildFile; fileRef = 9E42F1EE15570FD60087F602 /* UIKit.framework */; };
		9E42F1F115570FD60087F602 /* Foundation.framework in Frameworks */ = {isa = PBXBuildFile; fileRef = 9E42F1F015570FD60087F602 /* Foundation.framework */; };
		9E42F1F915570FD60087F602 /* InfoPlist.strings in Resources */ = {isa = PBXBuildFile; fileRef = 9E42F1F715570FD60087F602 /* InfoPlist.strings */; };
		9E42F1FB15570FD60087F602 /* main.m in Sources */ = {isa = PBXBuildFile; fileRef = 9E42F1FA15570FD60087F602 /* main.m */; };
		9E42F1FF15570FD60087F602 /* DriftAppDelegate.m in Sources */ = {isa = PBXBuildFile; fileRef = 9E42F1FE15570FD60087F602 /* DriftAppDelegate.m */; };
		9E42F20215570FD60087F602 /* MainStoryboard.storyboard in Resources */ = {isa = PBXBuildFile; fileRef = 9E42F20015570FD60087F602 /* MainStoryboard.storyboard */; };
		9E4DFB8C1AD17CBB008C0123 /* MenuController.swift in Sources */ = {isa = PBXBuildFile; fileRef = 9E4DFB8B1AD17CBB008C0123 /* MenuController.swift */; };
		9E51708219E44F6900BEF39B /* Launch Screen.xib in Resources */ = {isa = PBXBuildFile; fileRef = 9E51708119E44F6900BEF39B /* Launch Screen.xib */; };
		9E51708419E5196100BEF39B /* EventStatisticsViewController.swift in Sources */ = {isa = PBXBuildFile; fileRef = 9E51708319E5196100BEF39B /* EventStatisticsViewController.swift */; };
		9E622B701AD06D370062A9FD /* TransitionOperator.swift in Sources */ = {isa = PBXBuildFile; fileRef = 9E622B6F1AD06D370062A9FD /* TransitionOperator.swift */; };
		9E62E17C1A28D0DB0011EDC0 /* TagsViewController.swift in Sources */ = {isa = PBXBuildFile; fileRef = 9E62E17B1A28D0DB0011EDC0 /* TagsViewController.swift */; };
		9E63BBF4156EAA710006FEFC /* CoreData.framework in Frameworks */ = {isa = PBXBuildFile; fileRef = 9E63BBF3156EAA710006FEFC /* CoreData.framework */; settings = {ATTRIBUTES = (Required, ); }; };
		9E66D0DD16553D6700339E99 /* State.m in Sources */ = {isa = PBXBuildFile; fileRef = 9E66D0DC16553D6700339E99 /* State.m */; };
		9E7636661778A31D005C755F /* AIStyle.m in Sources */ = {isa = PBXBuildFile; fileRef = 9E7636651778A1A4005C755F /* AIStyle.m */; };
		9E7CEDF4157B778300718FA6 /* _Event.m in Sources */ = {isa = PBXBuildFile; fileRef = 9E7CEDF3157B778300718FA6 /* _Event.m */; };
		9E7EB52D15E8F8C100604B79 /* CoreGraphics.framework in Frameworks */ = {isa = PBXBuildFile; fileRef = 9E42F1F215570FD60087F602 /* CoreGraphics.framework */; };
		9E9239DB162D4F9B00E265E6 /* TransformableTableViewGestureRecognizer.m in Sources */ = {isa = PBXBuildFile; fileRef = 9E9239D8162D4F9B00E265E6 /* TransformableTableViewGestureRecognizer.m */; };
		9E92637115EF350D00393946 /* _Tag.m in Sources */ = {isa = PBXBuildFile; fileRef = 9E92637015EF350D00393946 /* _Tag.m */; };
		9E954D84164419F50022D5BE /* UIScrollView+AIPulling.m in Sources */ = {isa = PBXBuildFile; fileRef = 9E954D83164419F50022D5BE /* UIScrollView+AIPulling.m */; };
		9EA21B8F1ACE7E0F001CD33A /* CompatibilityMigration.swift in Sources */ = {isa = PBXBuildFile; fileRef = 9EA21B8E1ACE7E0F001CD33A /* CompatibilityMigration.swift */; };
		9EAB520F15C9553C008952FB /* NSDate+Utilities.m in Sources */ = {isa = PBXBuildFile; fileRef = 9EAB520E15C9553C008952FB /* NSDate+Utilities.m */; };
		9EAD25D9198E314F006A2779 /* FontAwesome.otf in Resources */ = {isa = PBXBuildFile; fileRef = 9EAD25D8198E314F006A2779 /* FontAwesome.otf */; };
		9EB08FDE19E00C4800D20EE5 /* TagCell.swift in Sources */ = {isa = PBXBuildFile; fileRef = 9EB08FDD19E00C4800D20EE5 /* TagCell.swift */; };
		9EB08FE119E03E1200D20EE5 /* EventCell.swift in Sources */ = {isa = PBXBuildFile; fileRef = 9EB08FE019E03E1200D20EE5 /* EventCell.swift */; };
		9EB160011ACD153600E041B9 /* EventViewController.swift in Sources */ = {isa = PBXBuildFile; fileRef = 9EB160001ACD153600E041B9 /* EventViewController.swift */; };
		9EB445811ACC44DB0042E8F7 /* JSQCoreDataKit.framework in Frameworks */ = {isa = PBXBuildFile; fileRef = 9EB4457E1ACC44B40042E8F7 /* JSQCoreDataKit.framework */; };
		9EB445831ACC45140042E8F7 /* JSQCoreDataKit.framework in CopyFiles */ = {isa = PBXBuildFile; fileRef = 9EB4457E1ACC44B40042E8F7 /* JSQCoreDataKit.framework */; settings = {ATTRIBUTES = (CodeSignOnCopy, RemoveHeadersOnCopy, ); }; };
		9EBF34F319BA3ED70046A464 /* ReorderTableViewController.swift in Sources */ = {isa = PBXBuildFile; fileRef = 9EBF34F219BA3ED70046A464 /* ReorderTableViewController.swift */; };
		9ECF3B7A16EAF4D40097FF37 /* _Compatibility.m in Sources */ = {isa = PBXBuildFile; fileRef = 9ECF3B7716EAF4D40097FF37 /* _Compatibility.m */; };
		9ECF3B7B16EAF4D40097FF37 /* Compatibility.m in Sources */ = {isa = PBXBuildFile; fileRef = 9ECF3B7916EAF4D40097FF37 /* Compatibility.m */; };
		9ED3051D19EEF3BD00D7E0CA /* DismissProtocol.swift in Sources */ = {isa = PBXBuildFile; fileRef = 9ED3051C19EEF3BD00D7E0CA /* DismissProtocol.swift */; };
		9EDCC5CB160DBFA1003CB2BB /* Tag.m in Sources */ = {isa = PBXBuildFile; fileRef = 9EDCC5CA160DBFA1003CB2BB /* Tag.m */; };
		9EE6EC5D158CF5F70063E666 /* EventTimerControl.m in Sources */ = {isa = PBXBuildFile; fileRef = 9EE6EC5C158CF5F70063E666 /* EventTimerControl.m */; };
/* End PBXBuildFile section */

/* Begin PBXContainerItemProxy section */
		9EB4457D1ACC44B40042E8F7 /* PBXContainerItemProxy */ = {
			isa = PBXContainerItemProxy;
			containerPortal = 9EB445781ACC44B40042E8F7 /* JSQCoreDataKit.xcodeproj */;
			proxyType = 2;
			remoteGlobalIDString = 88002D4F1AB8F546001787DB;
			remoteInfo = JSQCoreDataKit;
		};
		9EB4457F1ACC44B40042E8F7 /* PBXContainerItemProxy */ = {
			isa = PBXContainerItemProxy;
			containerPortal = 9EB445781ACC44B40042E8F7 /* JSQCoreDataKit.xcodeproj */;
			proxyType = 2;
			remoteGlobalIDString = 88002D5A1AB8F547001787DB;
			remoteInfo = JSQCoreDataKitTests;
		};
/* End PBXContainerItemProxy section */

/* Begin PBXCopyFilesBuildPhase section */
		9EB445821ACC45010042E8F7 /* CopyFiles */ = {
			isa = PBXCopyFilesBuildPhase;
			buildActionMask = 2147483647;
			dstPath = "";
			dstSubfolderSpec = 10;
			files = (
				9EB445831ACC45140042E8F7 /* JSQCoreDataKit.framework in CopyFiles */,
			);
			runOnlyForDeploymentPostprocessing = 0;
		};
/* End PBXCopyFilesBuildPhase section */

/* Begin PBXFileReference section */
		9E021D1E19E15AD400442B2C /* SlideUpTransitioning.swift */ = {isa = PBXFileReference; fileEncoding = 4; lastKnownFileType = sourcecode.swift; path = SlideUpTransitioning.swift; sourceTree = "<group>"; };
		9E15323F173FDE3800605B65 /* CoreDataModel- 8.xcdatamodel */ = {isa = PBXFileReference; lastKnownFileType = wrapper.xcdatamodel; path = "CoreDataModel- 8.xcdatamodel"; sourceTree = "<group>"; };
		9E15AB7A163D0C45006D16B3 /* CoreDataModel-5.xcdatamodel */ = {isa = PBXFileReference; lastKnownFileType = wrapper.xcdatamodel; path = "CoreDataModel-5.xcdatamodel"; sourceTree = "<group>"; };
		9E216E481ACC6B0900BD1967 /* NSManagedObjectExtension.swift */ = {isa = PBXFileReference; fileEncoding = 4; lastKnownFileType = sourcecode.swift; path = NSManagedObjectExtension.swift; sourceTree = "<group>"; };
		9E21F925156EA9510075EAAC /* CoreDataModel.xcdatamodel */ = {isa = PBXFileReference; lastKnownFileType = wrapper.xcdatamodel; path = CoreDataModel.xcdatamodel; sourceTree = "<group>"; };
		9E21F927156EAA2F0075EAAC /* Event.h */ = {isa = PBXFileReference; fileEncoding = 4; lastKnownFileType = sourcecode.c.h; path = Event.h; sourceTree = "<group>"; };
		9E21F928156EAA2F0075EAAC /* Event.m */ = {isa = PBXFileReference; fileEncoding = 4; lastKnownFileType = sourcecode.c.objc; path = Event.m; sourceTree = "<group>"; };
		9E338A7419C493FB004C4FA6 /* Images.xcassets */ = {isa = PBXFileReference; lastKnownFileType = folder.assetcatalog; path = Images.xcassets; sourceTree = "<group>"; };
		9E378E7019EC35C3004DED67 /* EventsViewController.swift */ = {isa = PBXFileReference; fileEncoding = 4; lastKnownFileType = sourcecode.swift; path = EventsViewController.swift; sourceTree = "<group>"; };
		9E42F1EA15570FD60087F602 /* Stray.app */ = {isa = PBXFileReference; explicitFileType = wrapper.application; includeInIndex = 0; path = Stray.app; sourceTree = BUILT_PRODUCTS_DIR; };
		9E42F1EE15570FD60087F602 /* UIKit.framework */ = {isa = PBXFileReference; lastKnownFileType = wrapper.framework; name = UIKit.framework; path = System/Library/Frameworks/UIKit.framework; sourceTree = SDKROOT; };
		9E42F1F015570FD60087F602 /* Foundation.framework */ = {isa = PBXFileReference; lastKnownFileType = wrapper.framework; name = Foundation.framework; path = System/Library/Frameworks/Foundation.framework; sourceTree = SDKROOT; };
		9E42F1F215570FD60087F602 /* CoreGraphics.framework */ = {isa = PBXFileReference; lastKnownFileType = wrapper.framework; name = CoreGraphics.framework; path = System/Library/Frameworks/CoreGraphics.framework; sourceTree = SDKROOT; };
		9E42F1F615570FD60087F602 /* Drift-Info.plist */ = {isa = PBXFileReference; lastKnownFileType = text.plist.xml; path = "Drift-Info.plist"; sourceTree = "<group>"; };
		9E42F1F815570FD60087F602 /* en */ = {isa = PBXFileReference; lastKnownFileType = text.plist.strings; name = en; path = en.lproj/InfoPlist.strings; sourceTree = "<group>"; };
		9E42F1FA15570FD60087F602 /* main.m */ = {isa = PBXFileReference; lastKnownFileType = sourcecode.c.objc; lineEnding = 0; path = main.m; sourceTree = "<group>"; xcLanguageSpecificationIdentifier = xcode.lang.objc; };
		9E42F1FC15570FD60087F602 /* Drift-Prefix.pch */ = {isa = PBXFileReference; lastKnownFileType = sourcecode.c.h; path = "Drift-Prefix.pch"; sourceTree = "<group>"; };
		9E42F1FD15570FD60087F602 /* DriftAppDelegate.h */ = {isa = PBXFileReference; lastKnownFileType = sourcecode.c.h; lineEnding = 0; path = DriftAppDelegate.h; sourceTree = "<group>"; xcLanguageSpecificationIdentifier = xcode.lang.objcpp; };
		9E42F1FE15570FD60087F602 /* DriftAppDelegate.m */ = {isa = PBXFileReference; lastKnownFileType = sourcecode.c.objc; lineEnding = 0; path = DriftAppDelegate.m; sourceTree = "<group>"; xcLanguageSpecificationIdentifier = xcode.lang.objc; };
		9E42F20115570FD60087F602 /* en */ = {isa = PBXFileReference; lastKnownFileType = file.storyboard; name = en; path = en.lproj/MainStoryboard.storyboard; sourceTree = "<group>"; };
		9E4DFB8B1AD17CBB008C0123 /* MenuController.swift */ = {isa = PBXFileReference; fileEncoding = 4; lastKnownFileType = sourcecode.swift; path = MenuController.swift; sourceTree = "<group>"; };
		9E51708119E44F6900BEF39B /* Launch Screen.xib */ = {isa = PBXFileReference; fileEncoding = 4; lastKnownFileType = file.xib; path = "Launch Screen.xib"; sourceTree = "<group>"; };
		9E51708319E5196100BEF39B /* EventStatisticsViewController.swift */ = {isa = PBXFileReference; fileEncoding = 4; lastKnownFileType = sourcecode.swift; path = EventStatisticsViewController.swift; sourceTree = "<group>"; };
		9E622B6F1AD06D370062A9FD /* TransitionOperator.swift */ = {isa = PBXFileReference; fileEncoding = 4; lastKnownFileType = sourcecode.swift; path = TransitionOperator.swift; sourceTree = "<group>"; };
		9E62E17B1A28D0DB0011EDC0 /* TagsViewController.swift */ = {isa = PBXFileReference; fileEncoding = 4; lastKnownFileType = sourcecode.swift; path = TagsViewController.swift; sourceTree = "<group>"; };
		9E63BBF3156EAA710006FEFC /* CoreData.framework */ = {isa = PBXFileReference; lastKnownFileType = wrapper.framework; name = CoreData.framework; path = System/Library/Frameworks/CoreData.framework; sourceTree = SDKROOT; };
		9E66D0DA16553B3700339E99 /* CoreDataModel-6.xcdatamodel */ = {isa = PBXFileReference; lastKnownFileType = wrapper.xcdatamodel; path = "CoreDataModel-6.xcdatamodel"; sourceTree = "<group>"; };
		9E66D0DB16553D6700339E99 /* State.h */ = {isa = PBXFileReference; fileEncoding = 4; lastKnownFileType = sourcecode.c.h; path = State.h; sourceTree = "<group>"; };
		9E66D0DC16553D6700339E99 /* State.m */ = {isa = PBXFileReference; fileEncoding = 4; lastKnownFileType = sourcecode.c.objc; path = State.m; sourceTree = "<group>"; };
		9E6C6C8716BABD5400613E86 /* CoreDataModel-7.xcdatamodel */ = {isa = PBXFileReference; lastKnownFileType = wrapper.xcdatamodel; path = "CoreDataModel-7.xcdatamodel"; sourceTree = "<group>"; };
		9E7636641778A1A4005C755F /* AIStyle.h */ = {isa = PBXFileReference; lastKnownFileType = sourcecode.c.h; path = AIStyle.h; sourceTree = "<group>"; };
		9E7636651778A1A4005C755F /* AIStyle.m */ = {isa = PBXFileReference; lastKnownFileType = sourcecode.c.objc; path = AIStyle.m; sourceTree = "<group>"; };
		9E7CEDF2157B778300718FA6 /* _Event.h */ = {isa = PBXFileReference; fileEncoding = 4; lastKnownFileType = sourcecode.c.h; path = _Event.h; sourceTree = "<group>"; };
		9E7CEDF3157B778300718FA6 /* _Event.m */ = {isa = PBXFileReference; fileEncoding = 4; lastKnownFileType = sourcecode.c.objc; path = _Event.m; sourceTree = "<group>"; };
		9E916E14163197A40058C777 /* CoreDataModel-4.xcdatamodel */ = {isa = PBXFileReference; lastKnownFileType = wrapper.xcdatamodel; path = "CoreDataModel-4.xcdatamodel"; sourceTree = "<group>"; };
		9E9239D7162D4F9B00E265E6 /* TransformableTableViewGestureRecognizer.h */ = {isa = PBXFileReference; fileEncoding = 4; lastKnownFileType = sourcecode.c.h; path = TransformableTableViewGestureRecognizer.h; sourceTree = "<group>"; };
		9E9239D8162D4F9B00E265E6 /* TransformableTableViewGestureRecognizer.m */ = {isa = PBXFileReference; fileEncoding = 4; lastKnownFileType = sourcecode.c.objc; path = TransformableTableViewGestureRecognizer.m; sourceTree = "<group>"; };
		9E9239E2162DA56900E265E6 /* CoreDataModel-3.xcdatamodel */ = {isa = PBXFileReference; lastKnownFileType = wrapper.xcdatamodel; path = "CoreDataModel-3.xcdatamodel"; sourceTree = "<group>"; };
		9E92636D15EF2C9400393946 /* CoreDataModel-2.xcdatamodel */ = {isa = PBXFileReference; lastKnownFileType = wrapper.xcdatamodel; path = "CoreDataModel-2.xcdatamodel"; sourceTree = "<group>"; };
		9E92636F15EF350D00393946 /* _Tag.h */ = {isa = PBXFileReference; fileEncoding = 4; lastKnownFileType = sourcecode.c.h; path = _Tag.h; sourceTree = "<group>"; };
		9E92637015EF350D00393946 /* _Tag.m */ = {isa = PBXFileReference; fileEncoding = 4; lastKnownFileType = sourcecode.c.objc; path = _Tag.m; sourceTree = "<group>"; };
		9E954D82164419F50022D5BE /* UIScrollView+AIPulling.h */ = {isa = PBXFileReference; fileEncoding = 4; lastKnownFileType = sourcecode.c.h; path = "UIScrollView+AIPulling.h"; sourceTree = "<group>"; };
		9E954D83164419F50022D5BE /* UIScrollView+AIPulling.m */ = {isa = PBXFileReference; fileEncoding = 4; lastKnownFileType = sourcecode.c.objc; path = "UIScrollView+AIPulling.m"; sourceTree = "<group>"; };
		9EA21B8E1ACE7E0F001CD33A /* CompatibilityMigration.swift */ = {isa = PBXFileReference; fileEncoding = 4; lastKnownFileType = sourcecode.swift; path = CompatibilityMigration.swift; sourceTree = "<group>"; };
		9EAB520D15C9553C008952FB /* NSDate+Utilities.h */ = {isa = PBXFileReference; fileEncoding = 4; lastKnownFileType = sourcecode.c.h; path = "NSDate+Utilities.h"; sourceTree = "<group>"; };
		9EAB520E15C9553C008952FB /* NSDate+Utilities.m */ = {isa = PBXFileReference; fileEncoding = 4; lastKnownFileType = sourcecode.c.objc; path = "NSDate+Utilities.m"; sourceTree = "<group>"; };
		9EAD25D8198E314F006A2779 /* FontAwesome.otf */ = {isa = PBXFileReference; lastKnownFileType = file; path = FontAwesome.otf; sourceTree = "<group>"; };
		9EB08FDD19E00C4800D20EE5 /* TagCell.swift */ = {isa = PBXFileReference; fileEncoding = 4; lastKnownFileType = sourcecode.swift; path = TagCell.swift; sourceTree = "<group>"; };
		9EB08FE019E03E1200D20EE5 /* EventCell.swift */ = {isa = PBXFileReference; fileEncoding = 4; lastKnownFileType = sourcecode.swift; path = EventCell.swift; sourceTree = "<group>"; };
		9EB160001ACD153600E041B9 /* EventViewController.swift */ = {isa = PBXFileReference; fileEncoding = 4; lastKnownFileType = sourcecode.swift; path = EventViewController.swift; sourceTree = "<group>"; };
		9EB445781ACC44B40042E8F7 /* JSQCoreDataKit.xcodeproj */ = {isa = PBXFileReference; lastKnownFileType = "wrapper.pb-project"; name = JSQCoreDataKit.xcodeproj; path = ../JSQCoreDataKit/JSQCoreDataKit/JSQCoreDataKit.xcodeproj; sourceTree = "<group>"; };
		9EBF34F119BA3ED60046A464 /* Drift-Bridging-Header.h */ = {isa = PBXFileReference; lastKnownFileType = sourcecode.c.h; path = "Drift-Bridging-Header.h"; sourceTree = "<group>"; };
		9EBF34F219BA3ED70046A464 /* ReorderTableViewController.swift */ = {isa = PBXFileReference; fileEncoding = 4; lastKnownFileType = sourcecode.swift; path = ReorderTableViewController.swift; sourceTree = "<group>"; };
		9ECF3B7616EAF4D40097FF37 /* _Compatibility.h */ = {isa = PBXFileReference; fileEncoding = 4; lastKnownFileType = sourcecode.c.h; path = _Compatibility.h; sourceTree = "<group>"; };
		9ECF3B7716EAF4D40097FF37 /* _Compatibility.m */ = {isa = PBXFileReference; fileEncoding = 4; lastKnownFileType = sourcecode.c.objc; path = _Compatibility.m; sourceTree = "<group>"; };
		9ECF3B7816EAF4D40097FF37 /* Compatibility.h */ = {isa = PBXFileReference; fileEncoding = 4; lastKnownFileType = sourcecode.c.h; path = Compatibility.h; sourceTree = "<group>"; };
		9ECF3B7916EAF4D40097FF37 /* Compatibility.m */ = {isa = PBXFileReference; fileEncoding = 4; lastKnownFileType = sourcecode.c.objc; path = Compatibility.m; sourceTree = "<group>"; };
		9ED3051C19EEF3BD00D7E0CA /* DismissProtocol.swift */ = {isa = PBXFileReference; fileEncoding = 4; lastKnownFileType = sourcecode.swift; path = DismissProtocol.swift; sourceTree = "<group>"; };
		9EDCC5C9160DBFA1003CB2BB /* Tag.h */ = {isa = PBXFileReference; fileEncoding = 4; lastKnownFileType = sourcecode.c.h; path = Tag.h; sourceTree = "<group>"; };
		9EDCC5CA160DBFA1003CB2BB /* Tag.m */ = {isa = PBXFileReference; fileEncoding = 4; lastKnownFileType = sourcecode.c.objc; path = Tag.m; sourceTree = "<group>"; };
		9EE6EC5B158CF5F70063E666 /* EventTimerControl.h */ = {isa = PBXFileReference; fileEncoding = 4; lastKnownFileType = sourcecode.c.h; lineEnding = 0; path = EventTimerControl.h; sourceTree = "<group>"; xcLanguageSpecificationIdentifier = xcode.lang.objcpp; };
		9EE6EC5C158CF5F70063E666 /* EventTimerControl.m */ = {isa = PBXFileReference; fileEncoding = 4; lastKnownFileType = sourcecode.c.objc; lineEnding = 0; path = EventTimerControl.m; sourceTree = "<group>"; xcLanguageSpecificationIdentifier = xcode.lang.objc; };
/* End PBXFileReference section */

/* Begin PBXFrameworksBuildPhase section */
		9E42F1E715570FD60087F602 /* Frameworks */ = {
			isa = PBXFrameworksBuildPhase;
			buildActionMask = 2147483647;
			files = (
				9EB445811ACC44DB0042E8F7 /* JSQCoreDataKit.framework in Frameworks */,
				9E7EB52D15E8F8C100604B79 /* CoreGraphics.framework in Frameworks */,
				9E63BBF4156EAA710006FEFC /* CoreData.framework in Frameworks */,
				9E42F1EF15570FD60087F602 /* UIKit.framework in Frameworks */,
				9E42F1F115570FD60087F602 /* Foundation.framework in Frameworks */,
			);
			runOnlyForDeploymentPostprocessing = 0;
		};
/* End PBXFrameworksBuildPhase section */

/* Begin PBXGroup section */
		9E01309215E39D20005C8765 /* Storyboard */ = {
			isa = PBXGroup;
			children = (
				9E42F20015570FD60087F602 /* MainStoryboard.storyboard */,
				9E51708119E44F6900BEF39B /* Launch Screen.xib */,
			);
			name = Storyboard;
			sourceTree = "<group>";
		};
		9E42F1DF15570FD60087F602 = {
			isa = PBXGroup;
			children = (
				9EB445781ACC44B40042E8F7 /* JSQCoreDataKit.xcodeproj */,
				9E42F1F415570FD60087F602 /* Drift */,
				9E42F1ED15570FD60087F602 /* Frameworks */,
				9E42F1EB15570FD60087F602 /* Products */,
			);
			sourceTree = "<group>";
		};
		9E42F1EB15570FD60087F602 /* Products */ = {
			isa = PBXGroup;
			children = (
				9E42F1EA15570FD60087F602 /* Stray.app */,
			);
			name = Products;
			sourceTree = "<group>";
		};
		9E42F1ED15570FD60087F602 /* Frameworks */ = {
			isa = PBXGroup;
			children = (
				9E63BBF3156EAA710006FEFC /* CoreData.framework */,
				9E42F1EE15570FD60087F602 /* UIKit.framework */,
				9E42F1F015570FD60087F602 /* Foundation.framework */,
				9E42F1F215570FD60087F602 /* CoreGraphics.framework */,
			);
			name = Frameworks;
			sourceTree = "<group>";
		};
		9E42F1F415570FD60087F602 /* Drift */ = {
			isa = PBXGroup;
			children = (
				9EAD25D7198E3140006A2779 /* Fonts */,
				9E42F1F515570FD60087F602 /* Supporting Files */,
				9EAB520B15C95523008952FB /* Categories */,
				9E63BBF6156EAAA80006FEFC /* Repository */,
				9E01309215E39D20005C8765 /* Storyboard */,
				9E9C232D15F288D400572FB7 /* Controllers */,
				9EB08FDF19E03C4F00D20EE5 /* Views */,
				9E561DE415FBB04D008D3895 /* Controls */,
				9E9C232F15F2895000572FB7 /* Classes */,
				9E42F1FD15570FD60087F602 /* DriftAppDelegate.h */,
				9E42F1FE15570FD60087F602 /* DriftAppDelegate.m */,
				9EBF34F119BA3ED60046A464 /* Drift-Bridging-Header.h */,
				9E42F1FA15570FD60087F602 /* main.m */,
				9E338A7419C493FB004C4FA6 /* Images.xcassets */,
			);
			path = Drift;
			sourceTree = "<group>";
		};
		9E42F1F515570FD60087F602 /* Supporting Files */ = {
			isa = PBXGroup;
			children = (
				9E42F1F615570FD60087F602 /* Drift-Info.plist */,
				9E42F1F715570FD60087F602 /* InfoPlist.strings */,
				9E42F1FC15570FD60087F602 /* Drift-Prefix.pch */,
			);
			name = "Supporting Files";
			sourceTree = "<group>";
		};
		9E561DE415FBB04D008D3895 /* Controls */ = {
			isa = PBXGroup;
			children = (
				9EE6EC5B158CF5F70063E666 /* EventTimerControl.h */,
				9EE6EC5C158CF5F70063E666 /* EventTimerControl.m */,
			);
			name = Controls;
			sourceTree = "<group>";
		};
		9E63BBF6156EAAA80006FEFC /* Repository */ = {
			isa = PBXGroup;
			children = (
				9ECF3B7616EAF4D40097FF37 /* _Compatibility.h */,
				9ECF3B7716EAF4D40097FF37 /* _Compatibility.m */,
				9ECF3B7816EAF4D40097FF37 /* Compatibility.h */,
				9ECF3B7916EAF4D40097FF37 /* Compatibility.m */,
				9EDCC5C9160DBFA1003CB2BB /* Tag.h */,
				9EDCC5CA160DBFA1003CB2BB /* Tag.m */,
				9E92636F15EF350D00393946 /* _Tag.h */,
				9E92637015EF350D00393946 /* _Tag.m */,
				9E7CEDF2157B778300718FA6 /* _Event.h */,
				9E7CEDF3157B778300718FA6 /* _Event.m */,
				9E21F924156EA9510075EAAC /* CoreDataModel.xcdatamodeld */,
				9E21F927156EAA2F0075EAAC /* Event.h */,
				9E21F928156EAA2F0075EAAC /* Event.m */,
				9E66D0DB16553D6700339E99 /* State.h */,
				9E66D0DC16553D6700339E99 /* State.m */,
				9E216E481ACC6B0900BD1967 /* NSManagedObjectExtension.swift */,
				9EA21B8E1ACE7E0F001CD33A /* CompatibilityMigration.swift */,
			);
			name = Repository;
			sourceTree = "<group>";
		};
		9E96FCE016359F8600AB5B0A /* TransformableTableView */ = {
			isa = PBXGroup;
			children = (
				9E9239D7162D4F9B00E265E6 /* TransformableTableViewGestureRecognizer.h */,
				9E9239D8162D4F9B00E265E6 /* TransformableTableViewGestureRecognizer.m */,
			);
			name = TransformableTableView;
			sourceTree = "<group>";
		};
		9E9C232D15F288D400572FB7 /* Controllers */ = {
			isa = PBXGroup;
			children = (
				9E021D1E19E15AD400442B2C /* SlideUpTransitioning.swift */,
				9E51708319E5196100BEF39B /* EventStatisticsViewController.swift */,
				9E378E7019EC35C3004DED67 /* EventsViewController.swift */,
				9ED3051C19EEF3BD00D7E0CA /* DismissProtocol.swift */,
				9E62E17B1A28D0DB0011EDC0 /* TagsViewController.swift */,
				9EB160001ACD153600E041B9 /* EventViewController.swift */,
				9E622B6F1AD06D370062A9FD /* TransitionOperator.swift */,
				9E4DFB8B1AD17CBB008C0123 /* MenuController.swift */,
			);
			name = Controllers;
			sourceTree = "<group>";
		};
		9E9C232F15F2895000572FB7 /* Classes */ = {
			isa = PBXGroup;
			children = (
				9E96FCE016359F8600AB5B0A /* TransformableTableView */,
				9E7636641778A1A4005C755F /* AIStyle.h */,
				9E7636651778A1A4005C755F /* AIStyle.m */,
				9EBF34F219BA3ED70046A464 /* ReorderTableViewController.swift */,
			);
			name = Classes;
			sourceTree = "<group>";
		};
		9EAB520B15C95523008952FB /* Categories */ = {
			isa = PBXGroup;
			children = (
				9E954D82164419F50022D5BE /* UIScrollView+AIPulling.h */,
				9E954D83164419F50022D5BE /* UIScrollView+AIPulling.m */,
				9EAB520D15C9553C008952FB /* NSDate+Utilities.h */,
				9EAB520E15C9553C008952FB /* NSDate+Utilities.m */,
			);
			name = Categories;
			sourceTree = "<group>";
		};
		9EAD25D7198E3140006A2779 /* Fonts */ = {
			isa = PBXGroup;
			children = (
				9EAD25D8198E314F006A2779 /* FontAwesome.otf */,
			);
			name = Fonts;
			sourceTree = "<group>";
		};
		9EB08FDF19E03C4F00D20EE5 /* Views */ = {
			isa = PBXGroup;
			children = (
				9EB08FDD19E00C4800D20EE5 /* TagCell.swift */,
				9EB08FE019E03E1200D20EE5 /* EventCell.swift */,
			);
			name = Views;
			sourceTree = "<group>";
		};
		9EB445791ACC44B40042E8F7 /* Products */ = {
			isa = PBXGroup;
			children = (
				9EB4457E1ACC44B40042E8F7 /* JSQCoreDataKit.framework */,
				9EB445801ACC44B40042E8F7 /* JSQCoreDataKitTests.xctest */,
			);
			name = Products;
			sourceTree = "<group>";
		};
/* End PBXGroup section */

/* Begin PBXNativeTarget section */
		9E42F1E915570FD60087F602 /* Drift */ = {
			isa = PBXNativeTarget;
			buildConfigurationList = 9E42F21D15570FD70087F602 /* Build configuration list for PBXNativeTarget "Drift" */;
			buildPhases = (
				9E42F1E615570FD60087F602 /* Sources */,
				9E42F1E715570FD60087F602 /* Frameworks */,
				9E42F1E815570FD60087F602 /* Resources */,
				9E2EDBE119B35D8D0066049D /* ShellScript */,
				9EB445821ACC45010042E8F7 /* CopyFiles */,
			);
			buildRules = (
			);
			dependencies = (
			);
			name = Drift;
			productName = Drift;
			productReference = 9E42F1EA15570FD60087F602 /* Stray.app */;
			productType = "com.apple.product-type.application";
		};
/* End PBXNativeTarget section */

/* Begin PBXProject section */
		9E42F1E115570FD60087F602 /* Project object */ = {
			isa = PBXProject;
			attributes = {
				LastUpgradeCheck = 0500;
				ORGANIZATIONNAME = Artsoftheinsane;
				TargetAttributes = {
					9E42F1E915570FD60087F602 = {
						DevelopmentTeam = 32J7P2AA46;
						SystemCapabilities = {
							com.apple.Keychain = {
								enabled = 0;
							};
							com.apple.iCloud = {
								enabled = 0;
							};
						};
					};
				};
			};
			buildConfigurationList = 9E42F1E415570FD60087F602 /* Build configuration list for PBXProject "Drift" */;
			compatibilityVersion = "Xcode 3.2";
			developmentRegion = English;
			hasScannedForEncodings = 0;
			knownRegions = (
				en,
			);
			mainGroup = 9E42F1DF15570FD60087F602;
			productRefGroup = 9E42F1EB15570FD60087F602 /* Products */;
			projectDirPath = "";
			projectReferences = (
				{
					ProductGroup = 9EB445791ACC44B40042E8F7 /* Products */;
					ProjectRef = 9EB445781ACC44B40042E8F7 /* JSQCoreDataKit.xcodeproj */;
				},
			);
			projectRoot = "";
			targets = (
				9E42F1E915570FD60087F602 /* Drift */,
				9E7CEDEC157B755000718FA6 /* Mogenerator */,
			);
		};
/* End PBXProject section */

/* Begin PBXReferenceProxy section */
		9EB4457E1ACC44B40042E8F7 /* JSQCoreDataKit.framework */ = {
			isa = PBXReferenceProxy;
			fileType = wrapper.framework;
			path = JSQCoreDataKit.framework;
			remoteRef = 9EB4457D1ACC44B40042E8F7 /* PBXContainerItemProxy */;
			sourceTree = BUILT_PRODUCTS_DIR;
		};
		9EB445801ACC44B40042E8F7 /* JSQCoreDataKitTests.xctest */ = {
			isa = PBXReferenceProxy;
			fileType = wrapper.cfbundle;
			path = JSQCoreDataKitTests.xctest;
			remoteRef = 9EB4457F1ACC44B40042E8F7 /* PBXContainerItemProxy */;
			sourceTree = BUILT_PRODUCTS_DIR;
		};
/* End PBXReferenceProxy section */

/* Begin PBXResourcesBuildPhase section */
		9E42F1E815570FD60087F602 /* Resources */ = {
			isa = PBXResourcesBuildPhase;
			buildActionMask = 2147483647;
			files = (
				9E42F1F915570FD60087F602 /* InfoPlist.strings in Resources */,
				9E42F20215570FD60087F602 /* MainStoryboard.storyboard in Resources */,
				9EAD25D9198E314F006A2779 /* FontAwesome.otf in Resources */,
				9E338A7519C493FB004C4FA6 /* Images.xcassets in Resources */,
				9E51708219E44F6900BEF39B /* Launch Screen.xib in Resources */,
			);
			runOnlyForDeploymentPostprocessing = 0;
		};
/* End PBXResourcesBuildPhase section */

/* Begin PBXShellScriptBuildPhase section */
		9E2EDBE119B35D8D0066049D /* ShellScript */ = {
			isa = PBXShellScriptBuildPhase;
			buildActionMask = 2147483647;
			files = (
			);
			inputPaths = (
			);
			outputPaths = (
			);
			runOnlyForDeploymentPostprocessing = 0;
			shellPath = /bin/sh;
			shellScript = ./update_build_number.sh;
		};
		9E7CEDF1157B756600718FA6 /* ShellScript */ = {
			isa = PBXShellScriptBuildPhase;
			buildActionMask = 2147483647;
			files = (
			);
			inputPaths = (
			);
			outputPaths = (
			);
			runOnlyForDeploymentPostprocessing = 0;
			shellPath = /bin/sh;
			shellScript = "cd Drift\n/usr/local/bin/mogenerator --v2 -m CoreDataModel.xcdatamodeld";
		};
/* End PBXShellScriptBuildPhase section */

/* Begin PBXSourcesBuildPhase section */
		9E42F1E615570FD60087F602 /* Sources */ = {
			isa = PBXSourcesBuildPhase;
			buildActionMask = 2147483647;
			files = (
				9E021D1F19E15AD400442B2C /* SlideUpTransitioning.swift in Sources */,
				9E7636661778A31D005C755F /* AIStyle.m in Sources */,
				9EBF34F319BA3ED70046A464 /* ReorderTableViewController.swift in Sources */,
				9E42F1FB15570FD60087F602 /* main.m in Sources */,
				9EB160011ACD153600E041B9 /* EventViewController.swift in Sources */,
				9E42F1FF15570FD60087F602 /* DriftAppDelegate.m in Sources */,
				9E21F926156EA9510075EAAC /* CoreDataModel.xcdatamodeld in Sources */,
				9E21F929156EAA2F0075EAAC /* Event.m in Sources */,
				9E7CEDF4157B778300718FA6 /* _Event.m in Sources */,
				9EE6EC5D158CF5F70063E666 /* EventTimerControl.m in Sources */,
				9E4DFB8C1AD17CBB008C0123 /* MenuController.swift in Sources */,
				9EA21B8F1ACE7E0F001CD33A /* CompatibilityMigration.swift in Sources */,
				9ED3051D19EEF3BD00D7E0CA /* DismissProtocol.swift in Sources */,
				9E216E491ACC6B0900BD1967 /* NSManagedObjectExtension.swift in Sources */,
				9EAB520F15C9553C008952FB /* NSDate+Utilities.m in Sources */,
				9E92637115EF350D00393946 /* _Tag.m in Sources */,
				9EDCC5CB160DBFA1003CB2BB /* Tag.m in Sources */,
				9E9239DB162D4F9B00E265E6 /* TransformableTableViewGestureRecognizer.m in Sources */,
				9E62E17C1A28D0DB0011EDC0 /* TagsViewController.swift in Sources */,
				9E954D84164419F50022D5BE /* UIScrollView+AIPulling.m in Sources */,
				9E66D0DD16553D6700339E99 /* State.m in Sources */,
				9E378E7119EC35C3004DED67 /* EventsViewController.swift in Sources */,
				9E51708419E5196100BEF39B /* EventStatisticsViewController.swift in Sources */,
				9EB08FDE19E00C4800D20EE5 /* TagCell.swift in Sources */,
				9EB08FE119E03E1200D20EE5 /* EventCell.swift in Sources */,
				9ECF3B7A16EAF4D40097FF37 /* _Compatibility.m in Sources */,
				9ECF3B7B16EAF4D40097FF37 /* Compatibility.m in Sources */,
				9E622B701AD06D370062A9FD /* TransitionOperator.swift in Sources */,
			);
			runOnlyForDeploymentPostprocessing = 0;
		};
/* End PBXSourcesBuildPhase section */

/* Begin PBXVariantGroup section */
		9E42F1F715570FD60087F602 /* InfoPlist.strings */ = {
			isa = PBXVariantGroup;
			children = (
				9E42F1F815570FD60087F602 /* en */,
			);
			name = InfoPlist.strings;
			sourceTree = "<group>";
		};
		9E42F20015570FD60087F602 /* MainStoryboard.storyboard */ = {
			isa = PBXVariantGroup;
			children = (
				9E42F20115570FD60087F602 /* en */,
			);
			name = MainStoryboard.storyboard;
			sourceTree = "<group>";
		};
/* End PBXVariantGroup section */

/* Begin XCBuildConfiguration section */
		9E42F21B15570FD70087F602 /* Debug */ = {
			isa = XCBuildConfiguration;
			buildSettings = {
				CLANG_ANALYZER_SECURITY_FLOATLOOPCOUNTER = YES;
				CLANG_ANALYZER_SECURITY_INSECUREAPI_RAND = YES;
				CLANG_ANALYZER_SECURITY_INSECUREAPI_STRCPY = YES;
				CLANG_ENABLE_MODULES = YES;
				CLANG_ENABLE_OBJC_ARC = YES;
				CLANG_STATIC_ANALYZER_MODE = deep;
				CLANG_WARN_DEPRECATED_OBJC_IMPLEMENTATIONS = YES;
				CLANG_WARN_DIRECT_OBJC_ISA_USAGE = YES_ERROR;
				CLANG_WARN_EMPTY_BODY = YES;
				CLANG_WARN_IMPLICIT_SIGN_CONVERSION = YES;
				CLANG_WARN_OBJC_EXPLICIT_OWNERSHIP_TYPE = YES;
				CLANG_WARN_OBJC_IMPLICIT_ATOMIC_PROPERTIES = YES;
				CLANG_WARN_OBJC_IMPLICIT_RETAIN_SELF = YES;
				CLANG_WARN_OBJC_REPEATED_USE_OF_WEAK = NO;
				CLANG_WARN_OBJC_ROOT_CLASS = YES_ERROR;
				CLANG_WARN_SUSPICIOUS_IMPLICIT_CONVERSION = YES;
				CLANG_WARN_UNREACHABLE_CODE = YES;
				CLANG_WARN__DUPLICATE_METHOD_MATCH = YES;
				COPY_PHASE_STRIP = NO;
				GCC_OPTIMIZATION_LEVEL = 0;
				GCC_PREPROCESSOR_DEFINITIONS = (
					"DEBUG=1",
					"$(inherited)",
				);
				GCC_WARN_64_TO_32_BIT_CONVERSION = YES;
				GCC_WARN_ABOUT_MISSING_FIELD_INITIALIZERS = YES;
				GCC_WARN_ABOUT_MISSING_PROTOTYPES = YES;
				GCC_WARN_ABOUT_RETURN_TYPE = YES;
				GCC_WARN_FOUR_CHARACTER_CONSTANTS = YES;
				GCC_WARN_INITIALIZER_NOT_FULLY_BRACKETED = YES;
				GCC_WARN_SHADOW = YES;
				GCC_WARN_SIGN_COMPARE = YES;
				GCC_WARN_STRICT_SELECTOR_MATCH = YES;
				GCC_WARN_UNDECLARED_SELECTOR = YES;
				GCC_WARN_UNINITIALIZED_AUTOS = YES;
				GCC_WARN_UNKNOWN_PRAGMAS = YES;
				GCC_WARN_UNUSED_FUNCTION = YES;
				GCC_WARN_UNUSED_LABEL = YES;
				GCC_WARN_UNUSED_VARIABLE = YES;
				IPHONEOS_DEPLOYMENT_TARGET = 8.0;
				ONLY_ACTIVE_ARCH = YES;
				RUN_CLANG_STATIC_ANALYZER = YES;
				SDKROOT = iphoneos;
				TEST_AFTER_BUILD = YES;
			};
			name = Debug;
		};
		9E42F21C15570FD70087F602 /* Release */ = {
			isa = XCBuildConfiguration;
			buildSettings = {
				CLANG_ANALYZER_SECURITY_FLOATLOOPCOUNTER = YES;
				CLANG_ANALYZER_SECURITY_INSECUREAPI_RAND = YES;
				CLANG_ANALYZER_SECURITY_INSECUREAPI_STRCPY = YES;
				CLANG_ENABLE_MODULES = YES;
				CLANG_ENABLE_OBJC_ARC = YES;
				CLANG_STATIC_ANALYZER_MODE = deep;
				CLANG_WARN_DEPRECATED_OBJC_IMPLEMENTATIONS = YES;
				CLANG_WARN_DIRECT_OBJC_ISA_USAGE = YES_ERROR;
				CLANG_WARN_EMPTY_BODY = YES;
				CLANG_WARN_IMPLICIT_SIGN_CONVERSION = YES;
				CLANG_WARN_OBJC_EXPLICIT_OWNERSHIP_TYPE = YES;
				CLANG_WARN_OBJC_IMPLICIT_ATOMIC_PROPERTIES = YES;
				CLANG_WARN_OBJC_IMPLICIT_RETAIN_SELF = YES;
				CLANG_WARN_OBJC_REPEATED_USE_OF_WEAK = NO;
				CLANG_WARN_OBJC_ROOT_CLASS = YES_ERROR;
				CLANG_WARN_SUSPICIOUS_IMPLICIT_CONVERSION = YES;
				CLANG_WARN_UNREACHABLE_CODE = YES;
				CLANG_WARN__DUPLICATE_METHOD_MATCH = YES;
				ENABLE_NS_ASSERTIONS = NO;
				GCC_WARN_64_TO_32_BIT_CONVERSION = YES;
				GCC_WARN_ABOUT_MISSING_FIELD_INITIALIZERS = YES;
				GCC_WARN_ABOUT_MISSING_PROTOTYPES = YES;
				GCC_WARN_ABOUT_RETURN_TYPE = YES;
				GCC_WARN_FOUR_CHARACTER_CONSTANTS = YES;
				GCC_WARN_INITIALIZER_NOT_FULLY_BRACKETED = YES;
				GCC_WARN_SHADOW = YES;
				GCC_WARN_SIGN_COMPARE = YES;
				GCC_WARN_STRICT_SELECTOR_MATCH = YES;
				GCC_WARN_UNDECLARED_SELECTOR = YES;
				GCC_WARN_UNINITIALIZED_AUTOS = YES;
				GCC_WARN_UNKNOWN_PRAGMAS = YES;
				GCC_WARN_UNUSED_FUNCTION = YES;
				GCC_WARN_UNUSED_LABEL = YES;
				GCC_WARN_UNUSED_VARIABLE = YES;
				IPHONEOS_DEPLOYMENT_TARGET = 8.0;
				RUN_CLANG_STATIC_ANALYZER = YES;
				SDKROOT = iphoneos;
				TEST_AFTER_BUILD = YES;
				VALIDATE_PRODUCT = YES;
			};
			name = Release;
		};
		9E42F21E15570FD70087F602 /* Debug */ = {
			isa = XCBuildConfiguration;
			buildSettings = {
				ASSETCATALOG_COMPILER_APPICON_NAME = AppIcon;
				CLANG_ENABLE_MODULES = YES;
				CODE_SIGN_IDENTITY = "iPhone Developer";
				"CODE_SIGN_IDENTITY[sdk=iphoneos*]" = "iPhone Developer";
				FRAMEWORK_SEARCH_PATHS = (
					"$(inherited)",
					"$(SRCROOT)",
					"$(PROJECT_DIR)",
				);
				GCC_PRECOMPILE_PREFIX_HEADER = YES;
				GCC_PREFIX_HEADER = "Drift/Drift-Prefix.pch";
				GCC_SYMBOLS_PRIVATE_EXTERN = NO;
				INFOPLIST_FILE = "Drift/Drift-Info.plist";
				IPHONEOS_DEPLOYMENT_TARGET = 8.0;
				LD_RUNPATH_SEARCH_PATHS = "$(inherited) @executable_path/Frameworks";
				LIBRARY_SEARCH_PATHS = "$(inherited)";
				PRODUCT_NAME = Stray;
				PROVISIONING_PROFILE = "";
				SWIFT_OBJC_BRIDGING_HEADER = "Drift/Drift-Bridging-Header.h";
				SWIFT_OPTIMIZATION_LEVEL = "-Onone";
				TARGETED_DEVICE_FAMILY = 1;
				WRAPPER_EXTENSION = app;
			};
			name = Debug;
		};
		9E42F21F15570FD70087F602 /* Release */ = {
			isa = XCBuildConfiguration;
			buildSettings = {
				ASSETCATALOG_COMPILER_APPICON_NAME = AppIcon;
				CLANG_ENABLE_MODULES = YES;
				CODE_SIGN_IDENTITY = "iPhone Developer";
				"CODE_SIGN_IDENTITY[sdk=iphoneos*]" = "iPhone Developer";
				FRAMEWORK_SEARCH_PATHS = (
					"$(inherited)",
					"$(SRCROOT)",
					"$(PROJECT_DIR)",
				);
				GCC_PRECOMPILE_PREFIX_HEADER = YES;
				GCC_PREFIX_HEADER = "Drift/Drift-Prefix.pch";
				GCC_SYMBOLS_PRIVATE_EXTERN = NO;
				INFOPLIST_FILE = "Drift/Drift-Info.plist";
				IPHONEOS_DEPLOYMENT_TARGET = 8.0;
				LD_RUNPATH_SEARCH_PATHS = "$(inherited) @executable_path/Frameworks";
				LIBRARY_SEARCH_PATHS = "$(inherited)";
				PRODUCT_NAME = Stray;
				PROVISIONING_PROFILE = "";
				SWIFT_OBJC_BRIDGING_HEADER = "Drift/Drift-Bridging-Header.h";
				TARGETED_DEVICE_FAMILY = 1;
				WRAPPER_EXTENSION = app;
			};
			name = Release;
		};
		9E7CEDED157B755000718FA6 /* Debug */ = {
			isa = XCBuildConfiguration;
			buildSettings = {
				PRODUCT_NAME = "$(TARGET_NAME)";
			};
			name = Debug;
		};
		9E7CEDEE157B755000718FA6 /* Release */ = {
			isa = XCBuildConfiguration;
			buildSettings = {
				PRODUCT_NAME = "$(TARGET_NAME)";
			};
			name = Release;
		};
/* End XCBuildConfiguration section */

/* Begin XCConfigurationList section */
		9E42F1E415570FD60087F602 /* Build configuration list for PBXProject "Drift" */ = {
			isa = XCConfigurationList;
			buildConfigurations = (
				9E42F21B15570FD70087F602 /* Debug */,
				9E42F21C15570FD70087F602 /* Release */,
			);
			defaultConfigurationIsVisible = 0;
			defaultConfigurationName = Release;
		};
		9E42F21D15570FD70087F602 /* Build configuration list for PBXNativeTarget "Drift" */ = {
			isa = XCConfigurationList;
			buildConfigurations = (
				9E42F21E15570FD70087F602 /* Debug */,
				9E42F21F15570FD70087F602 /* Release */,
			);
			defaultConfigurationIsVisible = 0;
			defaultConfigurationName = Release;
		};
		9E7CEDEF157B755000718FA6 /* Build configuration list for PBXAggregateTarget "Mogenerator" */ = {
			isa = XCConfigurationList;
			buildConfigurations = (
				9E7CEDED157B755000718FA6 /* Debug */,
				9E7CEDEE157B755000718FA6 /* Release */,
			);
			defaultConfigurationIsVisible = 0;
			defaultConfigurationName = Release;
		};
/* End XCConfigurationList section */

/* Begin XCVersionGroup section */
		9E21F924156EA9510075EAAC /* CoreDataModel.xcdatamodeld */ = {
			isa = XCVersionGroup;
			children = (
				9E15323F173FDE3800605B65 /* CoreDataModel- 8.xcdatamodel */,
				9E6C6C8716BABD5400613E86 /* CoreDataModel-7.xcdatamodel */,
				9E66D0DA16553B3700339E99 /* CoreDataModel-6.xcdatamodel */,
				9E15AB7A163D0C45006D16B3 /* CoreDataModel-5.xcdatamodel */,
				9E916E14163197A40058C777 /* CoreDataModel-4.xcdatamodel */,
				9E9239E2162DA56900E265E6 /* CoreDataModel-3.xcdatamodel */,
				9E92636D15EF2C9400393946 /* CoreDataModel-2.xcdatamodel */,
				9E21F925156EA9510075EAAC /* CoreDataModel.xcdatamodel */,
			);
			currentVersion = 9E15323F173FDE3800605B65 /* CoreDataModel- 8.xcdatamodel */;
			path = CoreDataModel.xcdatamodeld;
			sourceTree = "<group>";
			versionGroupType = wrapper.xcdatamodel;
		};
/* End XCVersionGroup section */
	};
	rootObject = 9E42F1E115570FD60087F602 /* Project object */;
}
