// !$*UTF8*$!
{
	archiveVersion = 1;
	classes = {
	};
	objectVersion = 46;
	objects = {

/* Begin PBXAggregateTarget section */
		9E7CEDEC157B755000718FA6 /* Mogenerator */ = {
			isa = PBXAggregateTarget;
			buildConfigurationList = 9E7CEDEF157B755000718FA6 /* Build configuration list for PBXAggregateTarget "Mogenerator" */;
			buildPhases = (
				9E7CEDF1157B756600718FA6 /* ShellScript */,
			);
			dependencies = (
			);
			name = Mogenerator;
			productName = Mogenerator;
		};
/* End PBXAggregateTarget section */

/* Begin PBXBuildFile section */
		9E00A75F157734AE002FC707 /* EventViewController.m in Sources */ = {isa = PBXBuildFile; fileRef = 9E00A75E157734AE002FC707 /* EventViewController.m */; };
		9E00A76315773859002FC707 /* EventGroupsTableViewController.m in Sources */ = {isa = PBXBuildFile; fileRef = 9E00A76215773859002FC707 /* EventGroupsTableViewController.m */; };
		9E01306F15E38EAA005C8765 /* MagicalImportFunctions.m in Sources */ = {isa = PBXBuildFile; fileRef = 9E01303715E38EAA005C8765 /* MagicalImportFunctions.m */; };
		9E01307015E38EAA005C8765 /* NSAttributeDescription+MagicalDataImport.m in Sources */ = {isa = PBXBuildFile; fileRef = 9E01303915E38EAA005C8765 /* NSAttributeDescription+MagicalDataImport.m */; };
		9E01307115E38EAA005C8765 /* NSEntityDescription+MagicalDataImport.m in Sources */ = {isa = PBXBuildFile; fileRef = 9E01303B15E38EAA005C8765 /* NSEntityDescription+MagicalDataImport.m */; };
		9E01307215E38EAA005C8765 /* NSNumber+MagicalDataImport.m in Sources */ = {isa = PBXBuildFile; fileRef = 9E01303D15E38EAA005C8765 /* NSNumber+MagicalDataImport.m */; };
		9E01307315E38EAA005C8765 /* NSObject+MagicalDataImport.m in Sources */ = {isa = PBXBuildFile; fileRef = 9E01303F15E38EAA005C8765 /* NSObject+MagicalDataImport.m */; };
		9E01307415E38EAA005C8765 /* NSRelationshipDescription+MagicalDataImport.m in Sources */ = {isa = PBXBuildFile; fileRef = 9E01304115E38EAA005C8765 /* NSRelationshipDescription+MagicalDataImport.m */; };
		9E01307515E38EAA005C8765 /* NSString+MagicalDataImport.m in Sources */ = {isa = PBXBuildFile; fileRef = 9E01304315E38EAA005C8765 /* NSString+MagicalDataImport.m */; };
		9E01307615E38EAA005C8765 /* NSManagedObject+MagicalAggregation.m in Sources */ = {isa = PBXBuildFile; fileRef = 9E01304615E38EAA005C8765 /* NSManagedObject+MagicalAggregation.m */; };
		9E01307715E38EAA005C8765 /* NSManagedObject+MagicalDataImport.m in Sources */ = {isa = PBXBuildFile; fileRef = 9E01304815E38EAA005C8765 /* NSManagedObject+MagicalDataImport.m */; };
		9E01307815E38EAA005C8765 /* NSManagedObject+MagicalFinders.m in Sources */ = {isa = PBXBuildFile; fileRef = 9E01304A15E38EAA005C8765 /* NSManagedObject+MagicalFinders.m */; };
		9E01307915E38EAA005C8765 /* NSManagedObject+MagicalRecord.m in Sources */ = {isa = PBXBuildFile; fileRef = 9E01304C15E38EAA005C8765 /* NSManagedObject+MagicalRecord.m */; };
		9E01307A15E38EAA005C8765 /* NSManagedObject+MagicalRequests.m in Sources */ = {isa = PBXBuildFile; fileRef = 9E01304E15E38EAA005C8765 /* NSManagedObject+MagicalRequests.m */; };
		9E01307B15E38EAA005C8765 /* NSManagedObjectContext+MagicalObserving.m in Sources */ = {isa = PBXBuildFile; fileRef = 9E01305115E38EAA005C8765 /* NSManagedObjectContext+MagicalObserving.m */; };
		9E01307C15E38EAA005C8765 /* NSManagedObjectContext+MagicalRecord.m in Sources */ = {isa = PBXBuildFile; fileRef = 9E01305315E38EAA005C8765 /* NSManagedObjectContext+MagicalRecord.m */; };
		9E01307D15E38EAA005C8765 /* NSManagedObjectContext+MagicalSaves.m in Sources */ = {isa = PBXBuildFile; fileRef = 9E01305515E38EAA005C8765 /* NSManagedObjectContext+MagicalSaves.m */; };
		9E01307E15E38EAA005C8765 /* NSManagedObjectContext+MagicalThreading.m in Sources */ = {isa = PBXBuildFile; fileRef = 9E01305715E38EAA005C8765 /* NSManagedObjectContext+MagicalThreading.m */; };
		9E01307F15E38EAA005C8765 /* NSManagedObjectModel+MagicalRecord.m in Sources */ = {isa = PBXBuildFile; fileRef = 9E01305915E38EAA005C8765 /* NSManagedObjectModel+MagicalRecord.m */; };
		9E01308015E38EAA005C8765 /* NSPersistentStore+MagicalRecord.m in Sources */ = {isa = PBXBuildFile; fileRef = 9E01305B15E38EAA005C8765 /* NSPersistentStore+MagicalRecord.m */; };
		9E01308115E38EAA005C8765 /* NSPersistentStoreCoordinator+MagicalRecord.m in Sources */ = {isa = PBXBuildFile; fileRef = 9E01305D15E38EAA005C8765 /* NSPersistentStoreCoordinator+MagicalRecord.m */; };
		9E01308215E38EAA005C8765 /* MagicalRecord+Actions.m in Sources */ = {isa = PBXBuildFile; fileRef = 9E01306015E38EAA005C8765 /* MagicalRecord+Actions.m */; };
		9E01308315E38EAA005C8765 /* MagicalRecord+ErrorHandling.m in Sources */ = {isa = PBXBuildFile; fileRef = 9E01306215E38EAA005C8765 /* MagicalRecord+ErrorHandling.m */; };
		9E01308415E38EAA005C8765 /* MagicalRecord+iCloud.m in Sources */ = {isa = PBXBuildFile; fileRef = 9E01306415E38EAA005C8765 /* MagicalRecord+iCloud.m */; };
		9E01308515E38EAA005C8765 /* MagicalRecord+Options.m in Sources */ = {isa = PBXBuildFile; fileRef = 9E01306615E38EAA005C8765 /* MagicalRecord+Options.m */; };
		9E01308615E38EAA005C8765 /* MagicalRecord+Setup.m in Sources */ = {isa = PBXBuildFile; fileRef = 9E01306815E38EAA005C8765 /* MagicalRecord+Setup.m */; };
		9E01308715E38EAA005C8765 /* MagicalRecord+ShorthandSupport.m in Sources */ = {isa = PBXBuildFile; fileRef = 9E01306A15E38EAA005C8765 /* MagicalRecord+ShorthandSupport.m */; };
		9E01308815E38EAA005C8765 /* MagicalRecord.m in Sources */ = {isa = PBXBuildFile; fileRef = 9E01306C15E38EAA005C8765 /* MagicalRecord.m */; };
		9E01308E15E38EB3005C8765 /* libTestFlight.a in Frameworks */ = {isa = PBXBuildFile; fileRef = 9E01308A15E38EB3005C8765 /* libTestFlight.a */; };
		9E1D218215DEB12E00FB7C28 /* EventGroupsTest.m in Sources */ = {isa = PBXBuildFile; fileRef = 9E1D218115DEB12E00FB7C28 /* EventGroupsTest.m */; };
		9E21F926156EA9510075EAAC /* Drift.xcdatamodeld in Sources */ = {isa = PBXBuildFile; fileRef = 9E21F924156EA9510075EAAC /* Drift.xcdatamodeld */; };
		9E21F929156EAA2F0075EAAC /* Event.m in Sources */ = {isa = PBXBuildFile; fileRef = 9E21F928156EAA2F0075EAAC /* Event.m */; };
		9E42F1EF15570FD60087F602 /* UIKit.framework in Frameworks */ = {isa = PBXBuildFile; fileRef = 9E42F1EE15570FD60087F602 /* UIKit.framework */; };
		9E42F1F115570FD60087F602 /* Foundation.framework in Frameworks */ = {isa = PBXBuildFile; fileRef = 9E42F1F015570FD60087F602 /* Foundation.framework */; };
		9E42F1F915570FD60087F602 /* InfoPlist.strings in Resources */ = {isa = PBXBuildFile; fileRef = 9E42F1F715570FD60087F602 /* InfoPlist.strings */; };
		9E42F1FB15570FD60087F602 /* main.m in Sources */ = {isa = PBXBuildFile; fileRef = 9E42F1FA15570FD60087F602 /* main.m */; };
		9E42F1FF15570FD60087F602 /* DriftAppDelegate.m in Sources */ = {isa = PBXBuildFile; fileRef = 9E42F1FE15570FD60087F602 /* DriftAppDelegate.m */; };
		9E42F20215570FD60087F602 /* MainStoryboard.storyboard in Resources */ = {isa = PBXBuildFile; fileRef = 9E42F20015570FD60087F602 /* MainStoryboard.storyboard */; };
		9E42F20515570FD60087F602 /* PagerViewController.m in Sources */ = {isa = PBXBuildFile; fileRef = 9E42F20415570FD60087F602 /* PagerViewController.m */; };
		9E42F20D15570FD70087F602 /* SenTestingKit.framework in Frameworks */ = {isa = PBXBuildFile; fileRef = 9E42F20C15570FD70087F602 /* SenTestingKit.framework */; };
		9E42F20E15570FD70087F602 /* UIKit.framework in Frameworks */ = {isa = PBXBuildFile; fileRef = 9E42F1EE15570FD60087F602 /* UIKit.framework */; };
		9E42F20F15570FD70087F602 /* Foundation.framework in Frameworks */ = {isa = PBXBuildFile; fileRef = 9E42F1F015570FD60087F602 /* Foundation.framework */; };
		9E42F21715570FD70087F602 /* InfoPlist.strings in Resources */ = {isa = PBXBuildFile; fileRef = 9E42F21515570FD70087F602 /* InfoPlist.strings */; };
		9E42F22915571E9C0087F602 /* RootViewController.m in Sources */ = {isa = PBXBuildFile; fileRef = 9E42F22815571E9C0087F602 /* RootViewController.m */; };
		9E51511615C7CEF100901655 /* EventGroup.m in Sources */ = {isa = PBXBuildFile; fileRef = 9E51511315C7CEF100901655 /* EventGroup.m */; };
		9E51511715C7CEF100901655 /* EventGroups.m in Sources */ = {isa = PBXBuildFile; fileRef = 9E51511515C7CEF100901655 /* EventGroups.m */; };
		9E561DDB15FA08FB008D3895 /* EventTableViewCell.m in Sources */ = {isa = PBXBuildFile; fileRef = 9E561DDA15FA08FB008D3895 /* EventTableViewCell.m */; };
		9E561DE315FBAEBF008D3895 /* EventChange.m in Sources */ = {isa = PBXBuildFile; fileRef = 9E561DE215FBAEBF008D3895 /* EventChange.m */; };
		9E63BBF4156EAA710006FEFC /* CoreData.framework in Frameworks */ = {isa = PBXBuildFile; fileRef = 9E63BBF3156EAA710006FEFC /* CoreData.framework */; settings = {ATTRIBUTES = (Required, ); }; };
		9E63E1CB15E91743009C0A2D /* EventGroupsTableViewDataSource.m in Sources */ = {isa = PBXBuildFile; fileRef = 9E63E1CA15E91742009C0A2D /* EventGroupsTableViewDataSource.m */; };
		9E63E1D715EA3339009C0A2D /* NoHitCAShapeLayer.m in Sources */ = {isa = PBXBuildFile; fileRef = 9E63E1D615EA3338009C0A2D /* NoHitCAShapeLayer.m */; };
		9E7A19F715D993DA00C9A443 /* EventGroupChange.m in Sources */ = {isa = PBXBuildFile; fileRef = 9E7A19F615D993DA00C9A443 /* EventGroupChange.m */; };
		9E7CEDF4157B778300718FA6 /* _Event.m in Sources */ = {isa = PBXBuildFile; fileRef = 9E7CEDF3157B778300718FA6 /* _Event.m */; };
		9E7EB52C15E8F89C00604B79 /* QuartzCore.framework in Frameworks */ = {isa = PBXBuildFile; fileRef = 9EE6EC5F158CF7B40063E666 /* QuartzCore.framework */; };
		9E7EB52D15E8F8C100604B79 /* CoreGraphics.framework in Frameworks */ = {isa = PBXBuildFile; fileRef = 9E42F1F215570FD60087F602 /* CoreGraphics.framework */; };
		9E89816F15A0BC2900E22EA7 /* EventGroupTableViewCell.m in Sources */ = {isa = PBXBuildFile; fileRef = 9E89816E15A0BC2900E22EA7 /* EventGroupTableViewCell.m */; };
		9E92637115EF350D00393946 /* _Tag.m in Sources */ = {isa = PBXBuildFile; fileRef = 9E92637015EF350D00393946 /* _Tag.m */; };
		9E9C237815F3617200572FB7 /* EventGroupViewController.m in Sources */ = {isa = PBXBuildFile; fileRef = 9E9C237715F3617100572FB7 /* EventGroupViewController.m */; };
		9E9C239815F92EF500572FB7 /* EventGroupTableViewDataSource.m in Sources */ = {isa = PBXBuildFile; fileRef = 9E9C239715F92EF500572FB7 /* EventGroupTableViewDataSource.m */; };
		9E9FFFA0159384E200BA5200 /* bg.png in Resources */ = {isa = PBXBuildFile; fileRef = 9E9FFF9F159384E200BA5200 /* bg.png */; };
		9E9FFFCC1594AF7400BA5200 /* libz.dylib in Frameworks */ = {isa = PBXBuildFile; fileRef = 9E9FFFCB1594AF7400BA5200 /* libz.dylib */; };
		9EAB520F15C9553C008952FB /* NSDate+Utilities.m in Sources */ = {isa = PBXBuildFile; fileRef = 9EAB520E15C9553C008952FB /* NSDate+Utilities.m */; };
		9EE6EC5D158CF5F70063E666 /* EventTimerControl.m in Sources */ = {isa = PBXBuildFile; fileRef = 9EE6EC5C158CF5F70063E666 /* EventTimerControl.m */; };
		9EEA276215C09EB5008B6D04 /* EventDataManager.m in Sources */ = {isa = PBXBuildFile; fileRef = 9EEA276115C09EB5008B6D04 /* EventDataManager.m */; };
/* End PBXBuildFile section */

/* Begin PBXContainerItemProxy section */
		9E42F21015570FD70087F602 /* PBXContainerItemProxy */ = {
			isa = PBXContainerItemProxy;
			containerPortal = 9E42F1E115570FD60087F602 /* Project object */;
			proxyType = 1;
			remoteGlobalIDString = 9E42F1E915570FD60087F602;
			remoteInfo = Drift;
		};
/* End PBXContainerItemProxy section */

/* Begin PBXFileReference section */
		9E00A75D157734AE002FC707 /* EventViewController.h */ = {isa = PBXFileReference; fileEncoding = 4; lastKnownFileType = sourcecode.c.h; lineEnding = 0; path = EventViewController.h; sourceTree = "<group>"; xcLanguageSpecificationIdentifier = xcode.lang.objcpp; };
		9E00A75E157734AE002FC707 /* EventViewController.m */ = {isa = PBXFileReference; fileEncoding = 4; lastKnownFileType = sourcecode.c.objc; lineEnding = 0; path = EventViewController.m; sourceTree = "<group>"; xcLanguageSpecificationIdentifier = xcode.lang.objc; };
		9E00A76115773859002FC707 /* EventGroupsTableViewController.h */ = {isa = PBXFileReference; fileEncoding = 4; lastKnownFileType = sourcecode.c.h; lineEnding = 0; path = EventGroupsTableViewController.h; sourceTree = "<group>"; xcLanguageSpecificationIdentifier = xcode.lang.objcpp; };
		9E00A76215773859002FC707 /* EventGroupsTableViewController.m */ = {isa = PBXFileReference; fileEncoding = 4; lastKnownFileType = sourcecode.c.objc; lineEnding = 0; path = EventGroupsTableViewController.m; sourceTree = "<group>"; xcLanguageSpecificationIdentifier = xcode.lang.objc; };
		9E01303615E38EAA005C8765 /* MagicalImportFunctions.h */ = {isa = PBXFileReference; fileEncoding = 4; lastKnownFileType = sourcecode.c.h; path = MagicalImportFunctions.h; sourceTree = "<group>"; };
		9E01303715E38EAA005C8765 /* MagicalImportFunctions.m */ = {isa = PBXFileReference; fileEncoding = 4; lastKnownFileType = sourcecode.c.objc; path = MagicalImportFunctions.m; sourceTree = "<group>"; };
		9E01303815E38EAA005C8765 /* NSAttributeDescription+MagicalDataImport.h */ = {isa = PBXFileReference; fileEncoding = 4; lastKnownFileType = sourcecode.c.h; path = "NSAttributeDescription+MagicalDataImport.h"; sourceTree = "<group>"; };
		9E01303915E38EAA005C8765 /* NSAttributeDescription+MagicalDataImport.m */ = {isa = PBXFileReference; fileEncoding = 4; lastKnownFileType = sourcecode.c.objc; path = "NSAttributeDescription+MagicalDataImport.m"; sourceTree = "<group>"; };
		9E01303A15E38EAA005C8765 /* NSEntityDescription+MagicalDataImport.h */ = {isa = PBXFileReference; fileEncoding = 4; lastKnownFileType = sourcecode.c.h; path = "NSEntityDescription+MagicalDataImport.h"; sourceTree = "<group>"; };
		9E01303B15E38EAA005C8765 /* NSEntityDescription+MagicalDataImport.m */ = {isa = PBXFileReference; fileEncoding = 4; lastKnownFileType = sourcecode.c.objc; path = "NSEntityDescription+MagicalDataImport.m"; sourceTree = "<group>"; };
		9E01303C15E38EAA005C8765 /* NSNumber+MagicalDataImport.h */ = {isa = PBXFileReference; fileEncoding = 4; lastKnownFileType = sourcecode.c.h; path = "NSNumber+MagicalDataImport.h"; sourceTree = "<group>"; };
		9E01303D15E38EAA005C8765 /* NSNumber+MagicalDataImport.m */ = {isa = PBXFileReference; fileEncoding = 4; lastKnownFileType = sourcecode.c.objc; path = "NSNumber+MagicalDataImport.m"; sourceTree = "<group>"; };
		9E01303E15E38EAA005C8765 /* NSObject+MagicalDataImport.h */ = {isa = PBXFileReference; fileEncoding = 4; lastKnownFileType = sourcecode.c.h; path = "NSObject+MagicalDataImport.h"; sourceTree = "<group>"; };
		9E01303F15E38EAA005C8765 /* NSObject+MagicalDataImport.m */ = {isa = PBXFileReference; fileEncoding = 4; lastKnownFileType = sourcecode.c.objc; path = "NSObject+MagicalDataImport.m"; sourceTree = "<group>"; };
		9E01304015E38EAA005C8765 /* NSRelationshipDescription+MagicalDataImport.h */ = {isa = PBXFileReference; fileEncoding = 4; lastKnownFileType = sourcecode.c.h; path = "NSRelationshipDescription+MagicalDataImport.h"; sourceTree = "<group>"; };
		9E01304115E38EAA005C8765 /* NSRelationshipDescription+MagicalDataImport.m */ = {isa = PBXFileReference; fileEncoding = 4; lastKnownFileType = sourcecode.c.objc; path = "NSRelationshipDescription+MagicalDataImport.m"; sourceTree = "<group>"; };
		9E01304215E38EAA005C8765 /* NSString+MagicalDataImport.h */ = {isa = PBXFileReference; fileEncoding = 4; lastKnownFileType = sourcecode.c.h; path = "NSString+MagicalDataImport.h"; sourceTree = "<group>"; };
		9E01304315E38EAA005C8765 /* NSString+MagicalDataImport.m */ = {isa = PBXFileReference; fileEncoding = 4; lastKnownFileType = sourcecode.c.objc; path = "NSString+MagicalDataImport.m"; sourceTree = "<group>"; };
		9E01304515E38EAA005C8765 /* NSManagedObject+MagicalAggregation.h */ = {isa = PBXFileReference; fileEncoding = 4; lastKnownFileType = sourcecode.c.h; path = "NSManagedObject+MagicalAggregation.h"; sourceTree = "<group>"; };
		9E01304615E38EAA005C8765 /* NSManagedObject+MagicalAggregation.m */ = {isa = PBXFileReference; fileEncoding = 4; lastKnownFileType = sourcecode.c.objc; path = "NSManagedObject+MagicalAggregation.m"; sourceTree = "<group>"; };
		9E01304715E38EAA005C8765 /* NSManagedObject+MagicalDataImport.h */ = {isa = PBXFileReference; fileEncoding = 4; lastKnownFileType = sourcecode.c.h; path = "NSManagedObject+MagicalDataImport.h"; sourceTree = "<group>"; };
		9E01304815E38EAA005C8765 /* NSManagedObject+MagicalDataImport.m */ = {isa = PBXFileReference; fileEncoding = 4; lastKnownFileType = sourcecode.c.objc; path = "NSManagedObject+MagicalDataImport.m"; sourceTree = "<group>"; };
		9E01304915E38EAA005C8765 /* NSManagedObject+MagicalFinders.h */ = {isa = PBXFileReference; fileEncoding = 4; lastKnownFileType = sourcecode.c.h; path = "NSManagedObject+MagicalFinders.h"; sourceTree = "<group>"; };
		9E01304A15E38EAA005C8765 /* NSManagedObject+MagicalFinders.m */ = {isa = PBXFileReference; fileEncoding = 4; lastKnownFileType = sourcecode.c.objc; path = "NSManagedObject+MagicalFinders.m"; sourceTree = "<group>"; };
		9E01304B15E38EAA005C8765 /* NSManagedObject+MagicalRecord.h */ = {isa = PBXFileReference; fileEncoding = 4; lastKnownFileType = sourcecode.c.h; path = "NSManagedObject+MagicalRecord.h"; sourceTree = "<group>"; };
		9E01304C15E38EAA005C8765 /* NSManagedObject+MagicalRecord.m */ = {isa = PBXFileReference; fileEncoding = 4; lastKnownFileType = sourcecode.c.objc; path = "NSManagedObject+MagicalRecord.m"; sourceTree = "<group>"; };
		9E01304D15E38EAA005C8765 /* NSManagedObject+MagicalRequests.h */ = {isa = PBXFileReference; fileEncoding = 4; lastKnownFileType = sourcecode.c.h; path = "NSManagedObject+MagicalRequests.h"; sourceTree = "<group>"; };
		9E01304E15E38EAA005C8765 /* NSManagedObject+MagicalRequests.m */ = {isa = PBXFileReference; fileEncoding = 4; lastKnownFileType = sourcecode.c.objc; path = "NSManagedObject+MagicalRequests.m"; sourceTree = "<group>"; };
		9E01305015E38EAA005C8765 /* NSManagedObjectContext+MagicalObserving.h */ = {isa = PBXFileReference; fileEncoding = 4; lastKnownFileType = sourcecode.c.h; path = "NSManagedObjectContext+MagicalObserving.h"; sourceTree = "<group>"; };
		9E01305115E38EAA005C8765 /* NSManagedObjectContext+MagicalObserving.m */ = {isa = PBXFileReference; fileEncoding = 4; lastKnownFileType = sourcecode.c.objc; path = "NSManagedObjectContext+MagicalObserving.m"; sourceTree = "<group>"; };
		9E01305215E38EAA005C8765 /* NSManagedObjectContext+MagicalRecord.h */ = {isa = PBXFileReference; fileEncoding = 4; lastKnownFileType = sourcecode.c.h; path = "NSManagedObjectContext+MagicalRecord.h"; sourceTree = "<group>"; };
		9E01305315E38EAA005C8765 /* NSManagedObjectContext+MagicalRecord.m */ = {isa = PBXFileReference; fileEncoding = 4; lastKnownFileType = sourcecode.c.objc; path = "NSManagedObjectContext+MagicalRecord.m"; sourceTree = "<group>"; };
		9E01305415E38EAA005C8765 /* NSManagedObjectContext+MagicalSaves.h */ = {isa = PBXFileReference; fileEncoding = 4; lastKnownFileType = sourcecode.c.h; path = "NSManagedObjectContext+MagicalSaves.h"; sourceTree = "<group>"; };
		9E01305515E38EAA005C8765 /* NSManagedObjectContext+MagicalSaves.m */ = {isa = PBXFileReference; fileEncoding = 4; lastKnownFileType = sourcecode.c.objc; path = "NSManagedObjectContext+MagicalSaves.m"; sourceTree = "<group>"; };
		9E01305615E38EAA005C8765 /* NSManagedObjectContext+MagicalThreading.h */ = {isa = PBXFileReference; fileEncoding = 4; lastKnownFileType = sourcecode.c.h; path = "NSManagedObjectContext+MagicalThreading.h"; sourceTree = "<group>"; };
		9E01305715E38EAA005C8765 /* NSManagedObjectContext+MagicalThreading.m */ = {isa = PBXFileReference; fileEncoding = 4; lastKnownFileType = sourcecode.c.objc; path = "NSManagedObjectContext+MagicalThreading.m"; sourceTree = "<group>"; };
		9E01305815E38EAA005C8765 /* NSManagedObjectModel+MagicalRecord.h */ = {isa = PBXFileReference; fileEncoding = 4; lastKnownFileType = sourcecode.c.h; path = "NSManagedObjectModel+MagicalRecord.h"; sourceTree = "<group>"; };
		9E01305915E38EAA005C8765 /* NSManagedObjectModel+MagicalRecord.m */ = {isa = PBXFileReference; fileEncoding = 4; lastKnownFileType = sourcecode.c.objc; path = "NSManagedObjectModel+MagicalRecord.m"; sourceTree = "<group>"; };
		9E01305A15E38EAA005C8765 /* NSPersistentStore+MagicalRecord.h */ = {isa = PBXFileReference; fileEncoding = 4; lastKnownFileType = sourcecode.c.h; path = "NSPersistentStore+MagicalRecord.h"; sourceTree = "<group>"; };
		9E01305B15E38EAA005C8765 /* NSPersistentStore+MagicalRecord.m */ = {isa = PBXFileReference; fileEncoding = 4; lastKnownFileType = sourcecode.c.objc; path = "NSPersistentStore+MagicalRecord.m"; sourceTree = "<group>"; };
		9E01305C15E38EAA005C8765 /* NSPersistentStoreCoordinator+MagicalRecord.h */ = {isa = PBXFileReference; fileEncoding = 4; lastKnownFileType = sourcecode.c.h; path = "NSPersistentStoreCoordinator+MagicalRecord.h"; sourceTree = "<group>"; };
		9E01305D15E38EAA005C8765 /* NSPersistentStoreCoordinator+MagicalRecord.m */ = {isa = PBXFileReference; fileEncoding = 4; lastKnownFileType = sourcecode.c.objc; path = "NSPersistentStoreCoordinator+MagicalRecord.m"; sourceTree = "<group>"; };
		9E01305F15E38EAA005C8765 /* MagicalRecord+Actions.h */ = {isa = PBXFileReference; fileEncoding = 4; lastKnownFileType = sourcecode.c.h; path = "MagicalRecord+Actions.h"; sourceTree = "<group>"; };
		9E01306015E38EAA005C8765 /* MagicalRecord+Actions.m */ = {isa = PBXFileReference; fileEncoding = 4; lastKnownFileType = sourcecode.c.objc; path = "MagicalRecord+Actions.m"; sourceTree = "<group>"; };
		9E01306115E38EAA005C8765 /* MagicalRecord+ErrorHandling.h */ = {isa = PBXFileReference; fileEncoding = 4; lastKnownFileType = sourcecode.c.h; path = "MagicalRecord+ErrorHandling.h"; sourceTree = "<group>"; };
		9E01306215E38EAA005C8765 /* MagicalRecord+ErrorHandling.m */ = {isa = PBXFileReference; fileEncoding = 4; lastKnownFileType = sourcecode.c.objc; path = "MagicalRecord+ErrorHandling.m"; sourceTree = "<group>"; };
		9E01306315E38EAA005C8765 /* MagicalRecord+iCloud.h */ = {isa = PBXFileReference; fileEncoding = 4; lastKnownFileType = sourcecode.c.h; path = "MagicalRecord+iCloud.h"; sourceTree = "<group>"; };
		9E01306415E38EAA005C8765 /* MagicalRecord+iCloud.m */ = {isa = PBXFileReference; fileEncoding = 4; lastKnownFileType = sourcecode.c.objc; path = "MagicalRecord+iCloud.m"; sourceTree = "<group>"; };
		9E01306515E38EAA005C8765 /* MagicalRecord+Options.h */ = {isa = PBXFileReference; fileEncoding = 4; lastKnownFileType = sourcecode.c.h; path = "MagicalRecord+Options.h"; sourceTree = "<group>"; };
		9E01306615E38EAA005C8765 /* MagicalRecord+Options.m */ = {isa = PBXFileReference; fileEncoding = 4; lastKnownFileType = sourcecode.c.objc; path = "MagicalRecord+Options.m"; sourceTree = "<group>"; };
		9E01306715E38EAA005C8765 /* MagicalRecord+Setup.h */ = {isa = PBXFileReference; fileEncoding = 4; lastKnownFileType = sourcecode.c.h; path = "MagicalRecord+Setup.h"; sourceTree = "<group>"; };
		9E01306815E38EAA005C8765 /* MagicalRecord+Setup.m */ = {isa = PBXFileReference; fileEncoding = 4; lastKnownFileType = sourcecode.c.objc; path = "MagicalRecord+Setup.m"; sourceTree = "<group>"; };
		9E01306915E38EAA005C8765 /* MagicalRecord+ShorthandSupport.h */ = {isa = PBXFileReference; fileEncoding = 4; lastKnownFileType = sourcecode.c.h; path = "MagicalRecord+ShorthandSupport.h"; sourceTree = "<group>"; };
		9E01306A15E38EAA005C8765 /* MagicalRecord+ShorthandSupport.m */ = {isa = PBXFileReference; fileEncoding = 4; lastKnownFileType = sourcecode.c.objc; path = "MagicalRecord+ShorthandSupport.m"; sourceTree = "<group>"; };
		9E01306B15E38EAA005C8765 /* MagicalRecord.h */ = {isa = PBXFileReference; fileEncoding = 4; lastKnownFileType = sourcecode.c.h; path = MagicalRecord.h; sourceTree = "<group>"; };
		9E01306C15E38EAA005C8765 /* MagicalRecord.m */ = {isa = PBXFileReference; fileEncoding = 4; lastKnownFileType = sourcecode.c.objc; path = MagicalRecord.m; sourceTree = "<group>"; };
		9E01306D15E38EAA005C8765 /* MagicalRecordShorthand.h */ = {isa = PBXFileReference; fileEncoding = 4; lastKnownFileType = sourcecode.c.h; path = MagicalRecordShorthand.h; sourceTree = "<group>"; };
		9E01306E15E38EAA005C8765 /* CoreData+MagicalRecord.h */ = {isa = PBXFileReference; fileEncoding = 4; lastKnownFileType = sourcecode.c.h; path = "CoreData+MagicalRecord.h"; sourceTree = "<group>"; };
		9E01308A15E38EB3005C8765 /* libTestFlight.a */ = {isa = PBXFileReference; lastKnownFileType = archive.ar; path = libTestFlight.a; sourceTree = "<group>"; };
		9E01308B15E38EB3005C8765 /* README.txt */ = {isa = PBXFileReference; fileEncoding = 4; lastKnownFileType = text; path = README.txt; sourceTree = "<group>"; };
		9E01308C15E38EB3005C8765 /* release_notes.txt */ = {isa = PBXFileReference; fileEncoding = 4; lastKnownFileType = text; path = release_notes.txt; sourceTree = "<group>"; };
		9E01308D15E38EB3005C8765 /* TestFlight.h */ = {isa = PBXFileReference; fileEncoding = 4; lastKnownFileType = sourcecode.c.h; path = TestFlight.h; sourceTree = "<group>"; };
		9E1D218015DEB12E00FB7C28 /* EventGroupsTest.h */ = {isa = PBXFileReference; fileEncoding = 4; lastKnownFileType = sourcecode.c.h; path = EventGroupsTest.h; sourceTree = "<group>"; };
		9E1D218115DEB12E00FB7C28 /* EventGroupsTest.m */ = {isa = PBXFileReference; fileEncoding = 4; lastKnownFileType = sourcecode.c.objc; path = EventGroupsTest.m; sourceTree = "<group>"; };
		9E21F925156EA9510075EAAC /* Drift.xcdatamodel */ = {isa = PBXFileReference; lastKnownFileType = wrapper.xcdatamodel; path = Drift.xcdatamodel; sourceTree = "<group>"; };
		9E21F927156EAA2F0075EAAC /* Event.h */ = {isa = PBXFileReference; fileEncoding = 4; lastKnownFileType = sourcecode.c.h; path = Event.h; sourceTree = "<group>"; };
		9E21F928156EAA2F0075EAAC /* Event.m */ = {isa = PBXFileReference; fileEncoding = 4; lastKnownFileType = sourcecode.c.objc; path = Event.m; sourceTree = "<group>"; };
		9E42F1EA15570FD60087F602 /* Drift.app */ = {isa = PBXFileReference; explicitFileType = wrapper.application; includeInIndex = 0; path = Drift.app; sourceTree = BUILT_PRODUCTS_DIR; };
		9E42F1EE15570FD60087F602 /* UIKit.framework */ = {isa = PBXFileReference; lastKnownFileType = wrapper.framework; name = UIKit.framework; path = System/Library/Frameworks/UIKit.framework; sourceTree = SDKROOT; };
		9E42F1F015570FD60087F602 /* Foundation.framework */ = {isa = PBXFileReference; lastKnownFileType = wrapper.framework; name = Foundation.framework; path = System/Library/Frameworks/Foundation.framework; sourceTree = SDKROOT; };
		9E42F1F215570FD60087F602 /* CoreGraphics.framework */ = {isa = PBXFileReference; lastKnownFileType = wrapper.framework; name = CoreGraphics.framework; path = System/Library/Frameworks/CoreGraphics.framework; sourceTree = SDKROOT; };
		9E42F1F615570FD60087F602 /* Drift-Info.plist */ = {isa = PBXFileReference; lastKnownFileType = text.plist.xml; path = "Drift-Info.plist"; sourceTree = "<group>"; };
		9E42F1F815570FD60087F602 /* en */ = {isa = PBXFileReference; lastKnownFileType = text.plist.strings; name = en; path = en.lproj/InfoPlist.strings; sourceTree = "<group>"; };
		9E42F1FA15570FD60087F602 /* main.m */ = {isa = PBXFileReference; lastKnownFileType = sourcecode.c.objc; lineEnding = 0; path = main.m; sourceTree = "<group>"; xcLanguageSpecificationIdentifier = xcode.lang.objc; };
		9E42F1FC15570FD60087F602 /* Drift-Prefix.pch */ = {isa = PBXFileReference; lastKnownFileType = sourcecode.c.h; path = "Drift-Prefix.pch"; sourceTree = "<group>"; };
		9E42F1FD15570FD60087F602 /* DriftAppDelegate.h */ = {isa = PBXFileReference; lastKnownFileType = sourcecode.c.h; lineEnding = 0; path = DriftAppDelegate.h; sourceTree = "<group>"; xcLanguageSpecificationIdentifier = xcode.lang.objcpp; };
		9E42F1FE15570FD60087F602 /* DriftAppDelegate.m */ = {isa = PBXFileReference; lastKnownFileType = sourcecode.c.objc; lineEnding = 0; path = DriftAppDelegate.m; sourceTree = "<group>"; xcLanguageSpecificationIdentifier = xcode.lang.objc; };
		9E42F20115570FD60087F602 /* en */ = {isa = PBXFileReference; lastKnownFileType = file.storyboard; name = en; path = en.lproj/MainStoryboard.storyboard; sourceTree = "<group>"; };
		9E42F20315570FD60087F602 /* PagerViewController.h */ = {isa = PBXFileReference; lastKnownFileType = sourcecode.c.h; lineEnding = 0; path = PagerViewController.h; sourceTree = "<group>"; xcLanguageSpecificationIdentifier = xcode.lang.objcpp; };
		9E42F20415570FD60087F602 /* PagerViewController.m */ = {isa = PBXFileReference; lastKnownFileType = sourcecode.c.objc; lineEnding = 0; path = PagerViewController.m; sourceTree = "<group>"; xcLanguageSpecificationIdentifier = xcode.lang.objc; };
		9E42F20B15570FD70087F602 /* DriftTests.octest */ = {isa = PBXFileReference; explicitFileType = wrapper.cfbundle; includeInIndex = 0; path = DriftTests.octest; sourceTree = BUILT_PRODUCTS_DIR; };
		9E42F20C15570FD70087F602 /* SenTestingKit.framework */ = {isa = PBXFileReference; lastKnownFileType = wrapper.framework; name = SenTestingKit.framework; path = Library/Frameworks/SenTestingKit.framework; sourceTree = DEVELOPER_DIR; };
		9E42F21415570FD70087F602 /* DriftTests-Info.plist */ = {isa = PBXFileReference; lastKnownFileType = text.plist.xml; path = "DriftTests-Info.plist"; sourceTree = "<group>"; };
		9E42F21615570FD70087F602 /* en */ = {isa = PBXFileReference; lastKnownFileType = text.plist.strings; name = en; path = en.lproj/InfoPlist.strings; sourceTree = "<group>"; };
		9E42F22715571E9C0087F602 /* RootViewController.h */ = {isa = PBXFileReference; fileEncoding = 4; lastKnownFileType = sourcecode.c.h; lineEnding = 0; path = RootViewController.h; sourceTree = "<group>"; xcLanguageSpecificationIdentifier = xcode.lang.objcpp; };
		9E42F22815571E9C0087F602 /* RootViewController.m */ = {isa = PBXFileReference; fileEncoding = 4; lastKnownFileType = sourcecode.c.objc; lineEnding = 0; path = RootViewController.m; sourceTree = "<group>"; xcLanguageSpecificationIdentifier = xcode.lang.objc; };
		9E51511215C7CEF100901655 /* EventGroup.h */ = {isa = PBXFileReference; fileEncoding = 4; lastKnownFileType = sourcecode.c.h; path = EventGroup.h; sourceTree = "<group>"; };
		9E51511315C7CEF100901655 /* EventGroup.m */ = {isa = PBXFileReference; fileEncoding = 4; lastKnownFileType = sourcecode.c.objc; path = EventGroup.m; sourceTree = "<group>"; };
		9E51511415C7CEF100901655 /* EventGroups.h */ = {isa = PBXFileReference; fileEncoding = 4; lastKnownFileType = sourcecode.c.h; path = EventGroups.h; sourceTree = "<group>"; };
		9E51511515C7CEF100901655 /* EventGroups.m */ = {isa = PBXFileReference; fileEncoding = 4; lastKnownFileType = sourcecode.c.objc; path = EventGroups.m; sourceTree = "<group>"; };
		9E561DD915FA08FB008D3895 /* EventTableViewCell.h */ = {isa = PBXFileReference; fileEncoding = 4; lastKnownFileType = sourcecode.c.h; path = EventTableViewCell.h; sourceTree = "<group>"; };
		9E561DDA15FA08FB008D3895 /* EventTableViewCell.m */ = {isa = PBXFileReference; fileEncoding = 4; lastKnownFileType = sourcecode.c.objc; path = EventTableViewCell.m; sourceTree = "<group>"; };
		9E561DE115FBAEBF008D3895 /* EventChange.h */ = {isa = PBXFileReference; fileEncoding = 4; lastKnownFileType = sourcecode.c.h; path = EventChange.h; sourceTree = "<group>"; };
		9E561DE215FBAEBF008D3895 /* EventChange.m */ = {isa = PBXFileReference; fileEncoding = 4; lastKnownFileType = sourcecode.c.objc; path = EventChange.m; sourceTree = "<group>"; };
		9E63BBF3156EAA710006FEFC /* CoreData.framework */ = {isa = PBXFileReference; lastKnownFileType = wrapper.framework; name = CoreData.framework; path = System/Library/Frameworks/CoreData.framework; sourceTree = SDKROOT; };
		9E63E1C915E91742009C0A2D /* EventGroupsTableViewDataSource.h */ = {isa = PBXFileReference; fileEncoding = 4; lastKnownFileType = sourcecode.c.h; path = EventGroupsTableViewDataSource.h; sourceTree = "<group>"; };
		9E63E1CA15E91742009C0A2D /* EventGroupsTableViewDataSource.m */ = {isa = PBXFileReference; fileEncoding = 4; lastKnownFileType = sourcecode.c.objc; path = EventGroupsTableViewDataSource.m; sourceTree = "<group>"; };
		9E63E1D515EA3338009C0A2D /* NoHitCAShapeLayer.h */ = {isa = PBXFileReference; fileEncoding = 4; lastKnownFileType = sourcecode.c.h; path = NoHitCAShapeLayer.h; sourceTree = "<group>"; };
		9E63E1D615EA3338009C0A2D /* NoHitCAShapeLayer.m */ = {isa = PBXFileReference; fileEncoding = 4; lastKnownFileType = sourcecode.c.objc; path = NoHitCAShapeLayer.m; sourceTree = "<group>"; };
		9E7A19F515D993DA00C9A443 /* EventGroupChange.h */ = {isa = PBXFileReference; fileEncoding = 4; lastKnownFileType = sourcecode.c.h; path = EventGroupChange.h; sourceTree = "<group>"; };
		9E7A19F615D993DA00C9A443 /* EventGroupChange.m */ = {isa = PBXFileReference; fileEncoding = 4; lastKnownFileType = sourcecode.c.objc; path = EventGroupChange.m; sourceTree = "<group>"; };
		9E7CEDF2157B778300718FA6 /* _Event.h */ = {isa = PBXFileReference; fileEncoding = 4; lastKnownFileType = sourcecode.c.h; path = _Event.h; sourceTree = "<group>"; };
		9E7CEDF3157B778300718FA6 /* _Event.m */ = {isa = PBXFileReference; fileEncoding = 4; lastKnownFileType = sourcecode.c.objc; path = _Event.m; sourceTree = "<group>"; };
		9E89816D15A0BC2900E22EA7 /* EventGroupTableViewCell.h */ = {isa = PBXFileReference; fileEncoding = 4; lastKnownFileType = sourcecode.c.h; path = EventGroupTableViewCell.h; sourceTree = "<group>"; };
		9E89816E15A0BC2900E22EA7 /* EventGroupTableViewCell.m */ = {isa = PBXFileReference; fileEncoding = 4; lastKnownFileType = sourcecode.c.objc; path = EventGroupTableViewCell.m; sourceTree = "<group>"; };
		9E92636D15EF2C9400393946 /* Drift 2.xcdatamodel */ = {isa = PBXFileReference; lastKnownFileType = wrapper.xcdatamodel; path = "Drift 2.xcdatamodel"; sourceTree = "<group>"; };
		9E92636F15EF350D00393946 /* _Tag.h */ = {isa = PBXFileReference; fileEncoding = 4; lastKnownFileType = sourcecode.c.h; path = _Tag.h; sourceTree = "<group>"; };
		9E92637015EF350D00393946 /* _Tag.m */ = {isa = PBXFileReference; fileEncoding = 4; lastKnownFileType = sourcecode.c.objc; path = _Tag.m; sourceTree = "<group>"; };
		9E9C237615F3617100572FB7 /* EventGroupViewController.h */ = {isa = PBXFileReference; fileEncoding = 4; lastKnownFileType = sourcecode.c.h; path = EventGroupViewController.h; sourceTree = "<group>"; };
		9E9C237715F3617100572FB7 /* EventGroupViewController.m */ = {isa = PBXFileReference; fileEncoding = 4; lastKnownFileType = sourcecode.c.objc; path = EventGroupViewController.m; sourceTree = "<group>"; };
		9E9C239615F92EF400572FB7 /* EventGroupTableViewDataSource.h */ = {isa = PBXFileReference; fileEncoding = 4; lastKnownFileType = sourcecode.c.h; path = EventGroupTableViewDataSource.h; sourceTree = "<group>"; };
		9E9C239715F92EF500572FB7 /* EventGroupTableViewDataSource.m */ = {isa = PBXFileReference; fileEncoding = 4; lastKnownFileType = sourcecode.c.objc; path = EventGroupTableViewDataSource.m; sourceTree = "<group>"; };
		9E9FFF9F159384E200BA5200 /* bg.png */ = {isa = PBXFileReference; lastKnownFileType = image.png; path = bg.png; sourceTree = "<group>"; };
		9E9FFFCB1594AF7400BA5200 /* libz.dylib */ = {isa = PBXFileReference; lastKnownFileType = "compiled.mach-o.dylib"; name = libz.dylib; path = usr/lib/libz.dylib; sourceTree = SDKROOT; };
		9EAB520D15C9553C008952FB /* NSDate+Utilities.h */ = {isa = PBXFileReference; fileEncoding = 4; lastKnownFileType = sourcecode.c.h; path = "NSDate+Utilities.h"; sourceTree = "<group>"; };
		9EAB520E15C9553C008952FB /* NSDate+Utilities.m */ = {isa = PBXFileReference; fileEncoding = 4; lastKnownFileType = sourcecode.c.objc; path = "NSDate+Utilities.m"; sourceTree = "<group>"; };
		9EE6EC5B158CF5F70063E666 /* EventTimerControl.h */ = {isa = PBXFileReference; fileEncoding = 4; lastKnownFileType = sourcecode.c.h; lineEnding = 0; path = EventTimerControl.h; sourceTree = "<group>"; xcLanguageSpecificationIdentifier = xcode.lang.objcpp; };
		9EE6EC5C158CF5F70063E666 /* EventTimerControl.m */ = {isa = PBXFileReference; fileEncoding = 4; lastKnownFileType = sourcecode.c.objc; lineEnding = 0; path = EventTimerControl.m; sourceTree = "<group>"; xcLanguageSpecificationIdentifier = xcode.lang.objc; };
		9EE6EC5F158CF7B40063E666 /* QuartzCore.framework */ = {isa = PBXFileReference; lastKnownFileType = wrapper.framework; name = QuartzCore.framework; path = System/Library/Frameworks/QuartzCore.framework; sourceTree = SDKROOT; };
		9EEA276015C09EB5008B6D04 /* EventDataManager.h */ = {isa = PBXFileReference; fileEncoding = 4; lastKnownFileType = sourcecode.c.h; path = EventDataManager.h; sourceTree = "<group>"; };
		9EEA276115C09EB5008B6D04 /* EventDataManager.m */ = {isa = PBXFileReference; fileEncoding = 4; lastKnownFileType = sourcecode.c.objc; path = EventDataManager.m; sourceTree = "<group>"; };
/* End PBXFileReference section */

/* Begin PBXFrameworksBuildPhase section */
		9E42F1E715570FD60087F602 /* Frameworks */ = {
			isa = PBXFrameworksBuildPhase;
			buildActionMask = 2147483647;
			files = (
				9E7EB52D15E8F8C100604B79 /* CoreGraphics.framework in Frameworks */,
				9E7EB52C15E8F89C00604B79 /* QuartzCore.framework in Frameworks */,
				9E9FFFCC1594AF7400BA5200 /* libz.dylib in Frameworks */,
				9E63BBF4156EAA710006FEFC /* CoreData.framework in Frameworks */,
				9E42F1EF15570FD60087F602 /* UIKit.framework in Frameworks */,
				9E42F1F115570FD60087F602 /* Foundation.framework in Frameworks */,
				9E01308E15E38EB3005C8765 /* libTestFlight.a in Frameworks */,
			);
			runOnlyForDeploymentPostprocessing = 0;
		};
		9E42F20715570FD70087F602 /* Frameworks */ = {
			isa = PBXFrameworksBuildPhase;
			buildActionMask = 2147483647;
			files = (
				9E42F20D15570FD70087F602 /* SenTestingKit.framework in Frameworks */,
				9E42F20E15570FD70087F602 /* UIKit.framework in Frameworks */,
				9E42F20F15570FD70087F602 /* Foundation.framework in Frameworks */,
			);
			runOnlyForDeploymentPostprocessing = 0;
		};
/* End PBXFrameworksBuildPhase section */

/* Begin PBXGroup section */
		9E01303215E38E30005C8765 /* Vendor */ = {
			isa = PBXGroup;
			children = (
				9E01308915E38EB3005C8765 /* TestFlightSDK1.0 */,
				9E01303315E38EAA005C8765 /* MagicalRecord */,
				9E9FFFCB1594AF7400BA5200 /* libz.dylib */,
			);
			path = Vendor;
			sourceTree = "<group>";
		};
		9E01303315E38EAA005C8765 /* MagicalRecord */ = {
			isa = PBXGroup;
			children = (
				9E01303415E38EAA005C8765 /* Categories */,
				9E01305E15E38EAA005C8765 /* Core */,
				9E01306E15E38EAA005C8765 /* CoreData+MagicalRecord.h */,
			);
			path = MagicalRecord;
			sourceTree = "<group>";
		};
		9E01303415E38EAA005C8765 /* Categories */ = {
			isa = PBXGroup;
			children = (
				9E01303515E38EAA005C8765 /* DataImport */,
				9E01304415E38EAA005C8765 /* NSManagedObject */,
				9E01304F15E38EAA005C8765 /* NSManagedObjectContext */,
				9E01305815E38EAA005C8765 /* NSManagedObjectModel+MagicalRecord.h */,
				9E01305915E38EAA005C8765 /* NSManagedObjectModel+MagicalRecord.m */,
				9E01305A15E38EAA005C8765 /* NSPersistentStore+MagicalRecord.h */,
				9E01305B15E38EAA005C8765 /* NSPersistentStore+MagicalRecord.m */,
				9E01305C15E38EAA005C8765 /* NSPersistentStoreCoordinator+MagicalRecord.h */,
				9E01305D15E38EAA005C8765 /* NSPersistentStoreCoordinator+MagicalRecord.m */,
			);
			path = Categories;
			sourceTree = "<group>";
		};
		9E01303515E38EAA005C8765 /* DataImport */ = {
			isa = PBXGroup;
			children = (
				9E01303615E38EAA005C8765 /* MagicalImportFunctions.h */,
				9E01303715E38EAA005C8765 /* MagicalImportFunctions.m */,
				9E01303815E38EAA005C8765 /* NSAttributeDescription+MagicalDataImport.h */,
				9E01303915E38EAA005C8765 /* NSAttributeDescription+MagicalDataImport.m */,
				9E01303A15E38EAA005C8765 /* NSEntityDescription+MagicalDataImport.h */,
				9E01303B15E38EAA005C8765 /* NSEntityDescription+MagicalDataImport.m */,
				9E01303C15E38EAA005C8765 /* NSNumber+MagicalDataImport.h */,
				9E01303D15E38EAA005C8765 /* NSNumber+MagicalDataImport.m */,
				9E01303E15E38EAA005C8765 /* NSObject+MagicalDataImport.h */,
				9E01303F15E38EAA005C8765 /* NSObject+MagicalDataImport.m */,
				9E01304015E38EAA005C8765 /* NSRelationshipDescription+MagicalDataImport.h */,
				9E01304115E38EAA005C8765 /* NSRelationshipDescription+MagicalDataImport.m */,
				9E01304215E38EAA005C8765 /* NSString+MagicalDataImport.h */,
				9E01304315E38EAA005C8765 /* NSString+MagicalDataImport.m */,
			);
			path = DataImport;
			sourceTree = "<group>";
		};
		9E01304415E38EAA005C8765 /* NSManagedObject */ = {
			isa = PBXGroup;
			children = (
				9E01304515E38EAA005C8765 /* NSManagedObject+MagicalAggregation.h */,
				9E01304615E38EAA005C8765 /* NSManagedObject+MagicalAggregation.m */,
				9E01304715E38EAA005C8765 /* NSManagedObject+MagicalDataImport.h */,
				9E01304815E38EAA005C8765 /* NSManagedObject+MagicalDataImport.m */,
				9E01304915E38EAA005C8765 /* NSManagedObject+MagicalFinders.h */,
				9E01304A15E38EAA005C8765 /* NSManagedObject+MagicalFinders.m */,
				9E01304B15E38EAA005C8765 /* NSManagedObject+MagicalRecord.h */,
				9E01304C15E38EAA005C8765 /* NSManagedObject+MagicalRecord.m */,
				9E01304D15E38EAA005C8765 /* NSManagedObject+MagicalRequests.h */,
				9E01304E15E38EAA005C8765 /* NSManagedObject+MagicalRequests.m */,
			);
			path = NSManagedObject;
			sourceTree = "<group>";
		};
		9E01304F15E38EAA005C8765 /* NSManagedObjectContext */ = {
			isa = PBXGroup;
			children = (
				9E01305015E38EAA005C8765 /* NSManagedObjectContext+MagicalObserving.h */,
				9E01305115E38EAA005C8765 /* NSManagedObjectContext+MagicalObserving.m */,
				9E01305215E38EAA005C8765 /* NSManagedObjectContext+MagicalRecord.h */,
				9E01305315E38EAA005C8765 /* NSManagedObjectContext+MagicalRecord.m */,
				9E01305415E38EAA005C8765 /* NSManagedObjectContext+MagicalSaves.h */,
				9E01305515E38EAA005C8765 /* NSManagedObjectContext+MagicalSaves.m */,
				9E01305615E38EAA005C8765 /* NSManagedObjectContext+MagicalThreading.h */,
				9E01305715E38EAA005C8765 /* NSManagedObjectContext+MagicalThreading.m */,
			);
			path = NSManagedObjectContext;
			sourceTree = "<group>";
		};
		9E01305E15E38EAA005C8765 /* Core */ = {
			isa = PBXGroup;
			children = (
				9E01305F15E38EAA005C8765 /* MagicalRecord+Actions.h */,
				9E01306015E38EAA005C8765 /* MagicalRecord+Actions.m */,
				9E01306115E38EAA005C8765 /* MagicalRecord+ErrorHandling.h */,
				9E01306215E38EAA005C8765 /* MagicalRecord+ErrorHandling.m */,
				9E01306315E38EAA005C8765 /* MagicalRecord+iCloud.h */,
				9E01306415E38EAA005C8765 /* MagicalRecord+iCloud.m */,
				9E01306515E38EAA005C8765 /* MagicalRecord+Options.h */,
				9E01306615E38EAA005C8765 /* MagicalRecord+Options.m */,
				9E01306715E38EAA005C8765 /* MagicalRecord+Setup.h */,
				9E01306815E38EAA005C8765 /* MagicalRecord+Setup.m */,
				9E01306915E38EAA005C8765 /* MagicalRecord+ShorthandSupport.h */,
				9E01306A15E38EAA005C8765 /* MagicalRecord+ShorthandSupport.m */,
				9E01306B15E38EAA005C8765 /* MagicalRecord.h */,
				9E01306C15E38EAA005C8765 /* MagicalRecord.m */,
				9E01306D15E38EAA005C8765 /* MagicalRecordShorthand.h */,
			);
			path = Core;
			sourceTree = "<group>";
		};
		9E01308915E38EB3005C8765 /* TestFlightSDK1.0 */ = {
			isa = PBXGroup;
			children = (
				9E01308A15E38EB3005C8765 /* libTestFlight.a */,
				9E01308B15E38EB3005C8765 /* README.txt */,
				9E01308C15E38EB3005C8765 /* release_notes.txt */,
				9E01308D15E38EB3005C8765 /* TestFlight.h */,
			);
			path = TestFlightSDK1.0;
			sourceTree = "<group>";
		};
		9E01309215E39D20005C8765 /* Storyboard */ = {
			isa = PBXGroup;
			children = (
				9E42F20015570FD60087F602 /* MainStoryboard.storyboard */,
			);
			name = Storyboard;
			sourceTree = "<group>";
		};
		9E42F1DF15570FD60087F602 = {
			isa = PBXGroup;
			children = (
				9E01303215E38E30005C8765 /* Vendor */,
				9E42F1F415570FD60087F602 /* Drift */,
				9E42F21215570FD70087F602 /* DriftTests */,
				9E42F1ED15570FD60087F602 /* Frameworks */,
				9E42F1EB15570FD60087F602 /* Products */,
			);
			sourceTree = "<group>";
		};
		9E42F1EB15570FD60087F602 /* Products */ = {
			isa = PBXGroup;
			children = (
				9E42F1EA15570FD60087F602 /* Drift.app */,
				9E42F20B15570FD70087F602 /* DriftTests.octest */,
			);
			name = Products;
			sourceTree = "<group>";
		};
		9E42F1ED15570FD60087F602 /* Frameworks */ = {
			isa = PBXGroup;
			children = (
				9E63BBF3156EAA710006FEFC /* CoreData.framework */,
				9EE6EC5F158CF7B40063E666 /* QuartzCore.framework */,
				9E42F1EE15570FD60087F602 /* UIKit.framework */,
				9E42F1F015570FD60087F602 /* Foundation.framework */,
				9E42F1F215570FD60087F602 /* CoreGraphics.framework */,
				9E42F20C15570FD70087F602 /* SenTestingKit.framework */,
			);
			name = Frameworks;
			sourceTree = "<group>";
		};
		9E42F1F415570FD60087F602 /* Drift */ = {
			isa = PBXGroup;
			children = (
				9E42F1F515570FD60087F602 /* Supporting Files */,
				9EAB520B15C95523008952FB /* Categories */,
				9E9FFF9215925CAE00BA5200 /* Resources */,
				9E63BBF6156EAAA80006FEFC /* Model */,
				9E01309215E39D20005C8765 /* Storyboard */,
				9E9C232D15F288D400572FB7 /* Controllers */,
				9E561DE415FBB04D008D3895 /* Controls */,
				9E9C232F15F2895000572FB7 /* Classes */,
				9E42F1FD15570FD60087F602 /* DriftAppDelegate.h */,
				9E42F1FE15570FD60087F602 /* DriftAppDelegate.m */,
				9E42F1FA15570FD60087F602 /* main.m */,
			);
			path = Drift;
			sourceTree = "<group>";
		};
		9E42F1F515570FD60087F602 /* Supporting Files */ = {
			isa = PBXGroup;
			children = (
				9E42F1F615570FD60087F602 /* Drift-Info.plist */,
				9E42F1F715570FD60087F602 /* InfoPlist.strings */,
				9E42F1FC15570FD60087F602 /* Drift-Prefix.pch */,
			);
			name = "Supporting Files";
			sourceTree = "<group>";
		};
		9E42F21215570FD70087F602 /* DriftTests */ = {
			isa = PBXGroup;
			children = (
				9E1D218015DEB12E00FB7C28 /* EventGroupsTest.h */,
				9E1D218115DEB12E00FB7C28 /* EventGroupsTest.m */,
				9E42F21315570FD70087F602 /* Supporting Files */,
			);
			path = DriftTests;
			sourceTree = "<group>";
		};
		9E42F21315570FD70087F602 /* Supporting Files */ = {
			isa = PBXGroup;
			children = (
				9E42F21415570FD70087F602 /* DriftTests-Info.plist */,
				9E42F21515570FD70087F602 /* InfoPlist.strings */,
			);
			name = "Supporting Files";
			sourceTree = "<group>";
		};
		9E561DE415FBB04D008D3895 /* Controls */ = {
			isa = PBXGroup;
			children = (
				9EE6EC5B158CF5F70063E666 /* EventTimerControl.h */,
				9EE6EC5C158CF5F70063E666 /* EventTimerControl.m */,
			);
			name = Controls;
			sourceTree = "<group>";
		};
		9E63BBF6156EAAA80006FEFC /* Model */ = {
			isa = PBXGroup;
			children = (
				9E92636F15EF350D00393946 /* _Tag.h */,
				9E92637015EF350D00393946 /* _Tag.m */,
				9E7CEDF2157B778300718FA6 /* _Event.h */,
				9E7CEDF3157B778300718FA6 /* _Event.m */,
				9E21F924156EA9510075EAAC /* Drift.xcdatamodeld */,
				9E21F927156EAA2F0075EAAC /* Event.h */,
				9E21F928156EAA2F0075EAAC /* Event.m */,
				9E561DE115FBAEBF008D3895 /* EventChange.h */,
				9E561DE215FBAEBF008D3895 /* EventChange.m */,
				9E51511215C7CEF100901655 /* EventGroup.h */,
				9E51511315C7CEF100901655 /* EventGroup.m */,
				9E7A19F515D993DA00C9A443 /* EventGroupChange.h */,
				9E7A19F615D993DA00C9A443 /* EventGroupChange.m */,
				9E51511415C7CEF100901655 /* EventGroups.h */,
				9E51511515C7CEF100901655 /* EventGroups.m */,
				9EEA276015C09EB5008B6D04 /* EventDataManager.h */,
				9EEA276115C09EB5008B6D04 /* EventDataManager.m */,
			);
			name = Model;
			sourceTree = "<group>";
		};
		9E9C232D15F288D400572FB7 /* Controllers */ = {
			isa = PBXGroup;
			children = (
				9E42F22715571E9C0087F602 /* RootViewController.h */,
				9E42F22815571E9C0087F602 /* RootViewController.m */,
				9E42F20315570FD60087F602 /* PagerViewController.h */,
				9E42F20415570FD60087F602 /* PagerViewController.m */,
				9E00A75D157734AE002FC707 /* EventViewController.h */,
				9E00A75E157734AE002FC707 /* EventViewController.m */,
				9E00A76115773859002FC707 /* EventGroupsTableViewController.h */,
				9E00A76215773859002FC707 /* EventGroupsTableViewController.m */,
				9E63E1C915E91742009C0A2D /* EventGroupsTableViewDataSource.h */,
				9E63E1CA15E91742009C0A2D /* EventGroupsTableViewDataSource.m */,
				9E9C237615F3617100572FB7 /* EventGroupViewController.h */,
				9E9C237715F3617100572FB7 /* EventGroupViewController.m */,
				9E9C239615F92EF400572FB7 /* EventGroupTableViewDataSource.h */,
				9E9C239715F92EF500572FB7 /* EventGroupTableViewDataSource.m */,
			);
			name = Controllers;
			sourceTree = "<group>";
		};
		9E9C232F15F2895000572FB7 /* Classes */ = {
			isa = PBXGroup;
			children = (
				9E63E1D515EA3338009C0A2D /* NoHitCAShapeLayer.h */,
				9E63E1D615EA3338009C0A2D /* NoHitCAShapeLayer.m */,
				9E89816D15A0BC2900E22EA7 /* EventGroupTableViewCell.h */,
				9E89816E15A0BC2900E22EA7 /* EventGroupTableViewCell.m */,
				9E561DD915FA08FB008D3895 /* EventTableViewCell.h */,
				9E561DDA15FA08FB008D3895 /* EventTableViewCell.m */,
			);
			name = Classes;
			sourceTree = "<group>";
		};
		9E9FFF9215925CAE00BA5200 /* Resources */ = {
			isa = PBXGroup;
			children = (
				9E9FFF9F159384E200BA5200 /* bg.png */,
			);
			name = Resources;
			sourceTree = "<group>";
		};
		9EAB520B15C95523008952FB /* Categories */ = {
			isa = PBXGroup;
			children = (
				9EAB520D15C9553C008952FB /* NSDate+Utilities.h */,
				9EAB520E15C9553C008952FB /* NSDate+Utilities.m */,
			);
			name = Categories;
			sourceTree = "<group>";
		};
/* End PBXGroup section */

/* Begin PBXNativeTarget section */
		9E42F1E915570FD60087F602 /* Drift */ = {
			isa = PBXNativeTarget;
			buildConfigurationList = 9E42F21D15570FD70087F602 /* Build configuration list for PBXNativeTarget "Drift" */;
			buildPhases = (
				9E42F1E615570FD60087F602 /* Sources */,
				9E42F1E715570FD60087F602 /* Frameworks */,
				9E42F1E815570FD60087F602 /* Resources */,
			);
			buildRules = (
			);
			dependencies = (
			);
			name = Drift;
			productName = Drift;
			productReference = 9E42F1EA15570FD60087F602 /* Drift.app */;
			productType = "com.apple.product-type.application";
		};
		9E42F20A15570FD70087F602 /* DriftTests */ = {
			isa = PBXNativeTarget;
			buildConfigurationList = 9E42F22015570FD70087F602 /* Build configuration list for PBXNativeTarget "DriftTests" */;
			buildPhases = (
				9E42F20615570FD70087F602 /* Sources */,
				9E42F20715570FD70087F602 /* Frameworks */,
				9E42F20815570FD70087F602 /* Resources */,
				9E42F20915570FD70087F602 /* ShellScript */,
			);
			buildRules = (
			);
			dependencies = (
				9E42F21115570FD70087F602 /* PBXTargetDependency */,
			);
			name = DriftTests;
			productName = DriftTests;
			productReference = 9E42F20B15570FD70087F602 /* DriftTests.octest */;
			productType = "com.apple.product-type.bundle";
		};
/* End PBXNativeTarget section */

/* Begin PBXProject section */
		9E42F1E115570FD60087F602 /* Project object */ = {
			isa = PBXProject;
			attributes = {
				LastUpgradeCheck = 0430;
				ORGANIZATIONNAME = Artsoftheinsane;
			};
			buildConfigurationList = 9E42F1E415570FD60087F602 /* Build configuration list for PBXProject "Drift" */;
			compatibilityVersion = "Xcode 3.2";
			developmentRegion = English;
			hasScannedForEncodings = 0;
			knownRegions = (
				en,
			);
			mainGroup = 9E42F1DF15570FD60087F602;
			productRefGroup = 9E42F1EB15570FD60087F602 /* Products */;
			projectDirPath = "";
			projectRoot = "";
			targets = (
				9E42F1E915570FD60087F602 /* Drift */,
				9E42F20A15570FD70087F602 /* DriftTests */,
				9E7CEDEC157B755000718FA6 /* Mogenerator */,
			);
		};
/* End PBXProject section */

/* Begin PBXResourcesBuildPhase section */
		9E42F1E815570FD60087F602 /* Resources */ = {
			isa = PBXResourcesBuildPhase;
			buildActionMask = 2147483647;
			files = (
				9E42F1F915570FD60087F602 /* InfoPlist.strings in Resources */,
				9E42F20215570FD60087F602 /* MainStoryboard.storyboard in Resources */,
				9E9FFFA0159384E200BA5200 /* bg.png in Resources */,
			);
			runOnlyForDeploymentPostprocessing = 0;
		};
		9E42F20815570FD70087F602 /* Resources */ = {
			isa = PBXResourcesBuildPhase;
			buildActionMask = 2147483647;
			files = (
				9E42F21715570FD70087F602 /* InfoPlist.strings in Resources */,
			);
			runOnlyForDeploymentPostprocessing = 0;
		};
/* End PBXResourcesBuildPhase section */

/* Begin PBXShellScriptBuildPhase section */
		9E42F20915570FD70087F602 /* ShellScript */ = {
			isa = PBXShellScriptBuildPhase;
			buildActionMask = 2147483647;
			files = (
			);
			inputPaths = (
			);
			outputPaths = (
			);
			runOnlyForDeploymentPostprocessing = 0;
			shellPath = /bin/sh;
			shellScript = "# Run the unit tests in this test bundle.\n\"${SYSTEM_DEVELOPER_DIR}/Tools/RunUnitTests\"\n";
		};
		9E7CEDF1157B756600718FA6 /* ShellScript */ = {
			isa = PBXShellScriptBuildPhase;
			buildActionMask = 2147483647;
			files = (
			);
			inputPaths = (
			);
			outputPaths = (
			);
			runOnlyForDeploymentPostprocessing = 0;
			shellPath = /bin/sh;
			shellScript = "cd Drift\n/usr/local/bin/mogenerator --template-var arc=true -m \"Drift.xcdatamodeld/Drift 2.xcdatamodel/\"";
		};
/* End PBXShellScriptBuildPhase section */

/* Begin PBXSourcesBuildPhase section */
		9E42F1E615570FD60087F602 /* Sources */ = {
			isa = PBXSourcesBuildPhase;
			buildActionMask = 2147483647;
			files = (
				9E42F1FB15570FD60087F602 /* main.m in Sources */,
				9E42F1FF15570FD60087F602 /* DriftAppDelegate.m in Sources */,
				9E42F20515570FD60087F602 /* PagerViewController.m in Sources */,
				9E42F22915571E9C0087F602 /* RootViewController.m in Sources */,
				9E21F926156EA9510075EAAC /* Drift.xcdatamodeld in Sources */,
				9E21F929156EAA2F0075EAAC /* Event.m in Sources */,
				9E00A75F157734AE002FC707 /* EventViewController.m in Sources */,
				9E00A76315773859002FC707 /* EventGroupsTableViewController.m in Sources */,
				9E7CEDF4157B778300718FA6 /* _Event.m in Sources */,
				9EE6EC5D158CF5F70063E666 /* EventTimerControl.m in Sources */,
				9E89816F15A0BC2900E22EA7 /* EventGroupTableViewCell.m in Sources */,
				9EEA276215C09EB5008B6D04 /* EventDataManager.m in Sources */,
				9E51511615C7CEF100901655 /* EventGroup.m in Sources */,
				9E51511715C7CEF100901655 /* EventGroups.m in Sources */,
				9EAB520F15C9553C008952FB /* NSDate+Utilities.m in Sources */,
				9E7A19F715D993DA00C9A443 /* EventGroupChange.m in Sources */,
				9E01306F15E38EAA005C8765 /* MagicalImportFunctions.m in Sources */,
				9E01307015E38EAA005C8765 /* NSAttributeDescription+MagicalDataImport.m in Sources */,
				9E01307115E38EAA005C8765 /* NSEntityDescription+MagicalDataImport.m in Sources */,
				9E01307215E38EAA005C8765 /* NSNumber+MagicalDataImport.m in Sources */,
				9E01307315E38EAA005C8765 /* NSObject+MagicalDataImport.m in Sources */,
				9E01307415E38EAA005C8765 /* NSRelationshipDescription+MagicalDataImport.m in Sources */,
				9E01307515E38EAA005C8765 /* NSString+MagicalDataImport.m in Sources */,
				9E01307615E38EAA005C8765 /* NSManagedObject+MagicalAggregation.m in Sources */,
				9E01307715E38EAA005C8765 /* NSManagedObject+MagicalDataImport.m in Sources */,
				9E01307815E38EAA005C8765 /* NSManagedObject+MagicalFinders.m in Sources */,
				9E01307915E38EAA005C8765 /* NSManagedObject+MagicalRecord.m in Sources */,
				9E01307A15E38EAA005C8765 /* NSManagedObject+MagicalRequests.m in Sources */,
				9E01307B15E38EAA005C8765 /* NSManagedObjectContext+MagicalObserving.m in Sources */,
				9E01307C15E38EAA005C8765 /* NSManagedObjectContext+MagicalRecord.m in Sources */,
				9E01307D15E38EAA005C8765 /* NSManagedObjectContext+MagicalSaves.m in Sources */,
				9E01307E15E38EAA005C8765 /* NSManagedObjectContext+MagicalThreading.m in Sources */,
				9E01307F15E38EAA005C8765 /* NSManagedObjectModel+MagicalRecord.m in Sources */,
				9E01308015E38EAA005C8765 /* NSPersistentStore+MagicalRecord.m in Sources */,
				9E01308115E38EAA005C8765 /* NSPersistentStoreCoordinator+MagicalRecord.m in Sources */,
				9E01308215E38EAA005C8765 /* MagicalRecord+Actions.m in Sources */,
				9E01308315E38EAA005C8765 /* MagicalRecord+ErrorHandling.m in Sources */,
				9E01308415E38EAA005C8765 /* MagicalRecord+iCloud.m in Sources */,
				9E01308515E38EAA005C8765 /* MagicalRecord+Options.m in Sources */,
				9E01308615E38EAA005C8765 /* MagicalRecord+Setup.m in Sources */,
				9E01308715E38EAA005C8765 /* MagicalRecord+ShorthandSupport.m in Sources */,
				9E01308815E38EAA005C8765 /* MagicalRecord.m in Sources */,
				9E63E1CB15E91743009C0A2D /* EventGroupsTableViewDataSource.m in Sources */,
				9E63E1D715EA3339009C0A2D /* NoHitCAShapeLayer.m in Sources */,
				9E92637115EF350D00393946 /* _Tag.m in Sources */,
				9E9C237815F3617200572FB7 /* EventGroupViewController.m in Sources */,
				9E9C239815F92EF500572FB7 /* EventGroupTableViewDataSource.m in Sources */,
				9E561DDB15FA08FB008D3895 /* EventTableViewCell.m in Sources */,
				9E561DE315FBAEBF008D3895 /* EventChange.m in Sources */,
			);
			runOnlyForDeploymentPostprocessing = 0;
		};
		9E42F20615570FD70087F602 /* Sources */ = {
			isa = PBXSourcesBuildPhase;
			buildActionMask = 2147483647;
			files = (
				9E1D218215DEB12E00FB7C28 /* EventGroupsTest.m in Sources */,
			);
			runOnlyForDeploymentPostprocessing = 0;
		};
/* End PBXSourcesBuildPhase section */

/* Begin PBXTargetDependency section */
		9E42F21115570FD70087F602 /* PBXTargetDependency */ = {
			isa = PBXTargetDependency;
			target = 9E42F1E915570FD60087F602 /* Drift */;
			targetProxy = 9E42F21015570FD70087F602 /* PBXContainerItemProxy */;
		};
/* End PBXTargetDependency section */

/* Begin PBXVariantGroup section */
		9E42F1F715570FD60087F602 /* InfoPlist.strings */ = {
			isa = PBXVariantGroup;
			children = (
				9E42F1F815570FD60087F602 /* en */,
			);
			name = InfoPlist.strings;
			sourceTree = "<group>";
		};
		9E42F20015570FD60087F602 /* MainStoryboard.storyboard */ = {
			isa = PBXVariantGroup;
			children = (
				9E42F20115570FD60087F602 /* en */,
			);
			name = MainStoryboard.storyboard;
			sourceTree = "<group>";
		};
		9E42F21515570FD70087F602 /* InfoPlist.strings */ = {
			isa = PBXVariantGroup;
			children = (
				9E42F21615570FD70087F602 /* en */,
			);
			name = InfoPlist.strings;
			sourceTree = "<group>";
		};
/* End PBXVariantGroup section */

/* Begin XCBuildConfiguration section */
		9E42F21B15570FD70087F602 /* Debug */ = {
			isa = XCBuildConfiguration;
			buildSettings = {
				ARCHS = "$(ARCHS_STANDARD_32_BIT)";
				CLANG_ENABLE_OBJC_ARC = YES;
				CLANG_WARN_DEPRECATED_OBJC_IMPLEMENTATIONS = YES;
				CLANG_WARN_IMPLICIT_SIGN_CONVERSION = YES;
				CLANG_WARN_OBJC_IMPLICIT_ATOMIC_PROPERTIES = YES;
				CLANG_WARN_OBJC_MISSING_PROPERTY_SYNTHESIS = NO;
				CLANG_WARN_OBJC_RECEIVER_WEAK = NO;
				CLANG_WARN_SUSPICIOUS_IMPLICIT_CONVERSION = YES;
				CLANG_WARN__DUPLICATE_METHOD_MATCH = YES;
				"CODE_SIGN_IDENTITY[sdk=iphoneos*]" = "";
				COPY_PHASE_STRIP = NO;
				CURRENT_PROJECT_VERSION = 9;
				GCC_OPTIMIZATION_LEVEL = 0;
				GCC_PREPROCESSOR_DEFINITIONS = (
					"DEBUG=1",
					"$(inherited)",
				);
				GCC_WARN_64_TO_32_BIT_CONVERSION = YES;
				GCC_WARN_ABOUT_MISSING_FIELD_INITIALIZERS = YES;
				GCC_WARN_ABOUT_MISSING_PROTOTYPES = YES;
				GCC_WARN_ABOUT_RETURN_TYPE = YES;
				GCC_WARN_INITIALIZER_NOT_FULLY_BRACKETED = YES;
				GCC_WARN_SHADOW = YES;
				GCC_WARN_SIGN_COMPARE = YES;
				GCC_WARN_UNINITIALIZED_AUTOS = YES;
				GCC_WARN_UNKNOWN_PRAGMAS = YES;
				GCC_WARN_UNUSED_FUNCTION = YES;
				GCC_WARN_UNUSED_LABEL = YES;
				GCC_WARN_UNUSED_VARIABLE = YES;
				IPHONEOS_DEPLOYMENT_TARGET = 5.1;
				SDKROOT = iphoneos;
				STRIP_INSTALLED_PRODUCT = NO;
				TEST_AFTER_BUILD = YES;
				VERSIONING_SYSTEM = "apple-generic";
			};
			name = Debug;
		};
		9E42F21C15570FD70087F602 /* Release */ = {
			isa = XCBuildConfiguration;
			buildSettings = {
				ARCHS = "$(ARCHS_STANDARD_32_BIT)";
				CLANG_ENABLE_OBJC_ARC = YES;
				CLANG_WARN_DEPRECATED_OBJC_IMPLEMENTATIONS = YES;
				CLANG_WARN_IMPLICIT_SIGN_CONVERSION = YES;
				CLANG_WARN_OBJC_IMPLICIT_ATOMIC_PROPERTIES = YES;
				CLANG_WARN_OBJC_MISSING_PROPERTY_SYNTHESIS = NO;
				CLANG_WARN_OBJC_RECEIVER_WEAK = NO;
				CLANG_WARN_SUSPICIOUS_IMPLICIT_CONVERSION = YES;
				CLANG_WARN__DUPLICATE_METHOD_MATCH = YES;
				"CODE_SIGN_IDENTITY[sdk=iphoneos*]" = "";
				COPY_PHASE_STRIP = NO;
				CURRENT_PROJECT_VERSION = 9;
				GCC_WARN_64_TO_32_BIT_CONVERSION = YES;
				GCC_WARN_ABOUT_MISSING_FIELD_INITIALIZERS = YES;
				GCC_WARN_ABOUT_MISSING_PROTOTYPES = YES;
				GCC_WARN_ABOUT_RETURN_TYPE = YES;
				GCC_WARN_INITIALIZER_NOT_FULLY_BRACKETED = YES;
				GCC_WARN_SHADOW = YES;
				GCC_WARN_SIGN_COMPARE = YES;
				GCC_WARN_UNINITIALIZED_AUTOS = YES;
				GCC_WARN_UNKNOWN_PRAGMAS = YES;
				GCC_WARN_UNUSED_FUNCTION = YES;
				GCC_WARN_UNUSED_LABEL = YES;
				GCC_WARN_UNUSED_VARIABLE = YES;
				IPHONEOS_DEPLOYMENT_TARGET = 5.1;
				OTHER_CFLAGS = "-DNS_BLOCK_ASSERTIONS=1";
				SDKROOT = iphoneos;
				STRIP_INSTALLED_PRODUCT = NO;
				TEST_AFTER_BUILD = YES;
				VALIDATE_PRODUCT = YES;
				VERSIONING_SYSTEM = "apple-generic";
			};
			name = Release;
		};
		9E42F21E15570FD70087F602 /* Debug */ = {
			isa = XCBuildConfiguration;
			buildSettings = {
				CODE_SIGN_IDENTITY = "iPhone Developer";
				"CODE_SIGN_IDENTITY[sdk=iphoneos*]" = "iPhone Developer";
				GCC_PRECOMPILE_PREFIX_HEADER = YES;
				GCC_PREFIX_HEADER = "Drift/Drift-Prefix.pch";
				GCC_SYMBOLS_PRIVATE_EXTERN = NO;
				INFOPLIST_FILE = "Drift/Drift-Info.plist";
				LIBRARY_SEARCH_PATHS = (
					"$(inherited)",
					"\"$(SRCROOT)/Vendor/TestFlightSDK1.0\"",
				);
				PRODUCT_NAME = Drift;
				PROVISIONING_PROFILE = "";
				"PROVISIONING_PROFILE[sdk=iphoneos*]" = "";
				WRAPPER_EXTENSION = app;
			};
			name = Debug;
		};
		9E42F21F15570FD70087F602 /* Release */ = {
			isa = XCBuildConfiguration;
			buildSettings = {
				CODE_SIGN_IDENTITY = "iPhone Distribution";
				"CODE_SIGN_IDENTITY[sdk=iphoneos*]" = "iPhone Distribution";
				GCC_PRECOMPILE_PREFIX_HEADER = YES;
				GCC_PREFIX_HEADER = "Drift/Drift-Prefix.pch";
				GCC_SYMBOLS_PRIVATE_EXTERN = NO;
				INFOPLIST_FILE = "Drift/Drift-Info.plist";
				LIBRARY_SEARCH_PATHS = (
					"$(inherited)",
					"\"$(SRCROOT)/Vendor/TestFlightSDK1.0\"",
				);
				PRODUCT_NAME = Drift;
				PROVISIONING_PROFILE = "";
				"PROVISIONING_PROFILE[sdk=iphoneos*]" = "";
				WRAPPER_EXTENSION = app;
			};
			name = Release;
		};
		9E42F22115570FD70087F602 /* Debug */ = {
			isa = XCBuildConfiguration;
			buildSettings = {
				BUNDLE_LOADER = "$(BUILT_PRODUCTS_DIR)/Drift.app/Drift";
				FRAMEWORK_SEARCH_PATHS = (
					"$(SDKROOT)/Developer/Library/Frameworks",
					"$(DEVELOPER_LIBRARY_DIR)/Frameworks",
				);
				GCC_PRECOMPILE_PREFIX_HEADER = YES;
				GCC_PREFIX_HEADER = "Drift/Drift-Prefix.pch";
				INFOPLIST_FILE = "DriftTests/DriftTests-Info.plist";
				PRODUCT_NAME = DriftTests;
				TEST_HOST = "$(BUNDLE_LOADER)";
				WRAPPER_EXTENSION = octest;
			};
			name = Debug;
		};
		9E42F22215570FD70087F602 /* Release */ = {
			isa = XCBuildConfiguration;
			buildSettings = {
				BUNDLE_LOADER = "$(BUILT_PRODUCTS_DIR)/Drift.app/Drift";
				FRAMEWORK_SEARCH_PATHS = (
					"$(SDKROOT)/Developer/Library/Frameworks",
					"$(DEVELOPER_LIBRARY_DIR)/Frameworks",
				);
				GCC_PRECOMPILE_PREFIX_HEADER = YES;
				GCC_PREFIX_HEADER = "Drift/Drift-Prefix.pch";
				INFOPLIST_FILE = "DriftTests/DriftTests-Info.plist";
				PRODUCT_NAME = DriftTests;
				TEST_HOST = "$(BUNDLE_LOADER)";
				WRAPPER_EXTENSION = octest;
			};
			name = Release;
		};
		9E7CEDED157B755000718FA6 /* Debug */ = {
			isa = XCBuildConfiguration;
			buildSettings = {
				PRODUCT_NAME = "$(TARGET_NAME)";
			};
			name = Debug;
		};
		9E7CEDEE157B755000718FA6 /* Release */ = {
			isa = XCBuildConfiguration;
			buildSettings = {
				PRODUCT_NAME = "$(TARGET_NAME)";
			};
			name = Release;
		};
		9E8B8AE21594DA5100C8413E /* Ad Hoc */ = {
			isa = XCBuildConfiguration;
			buildSettings = {
				ARCHS = "$(ARCHS_STANDARD_32_BIT)";
				CLANG_ENABLE_OBJC_ARC = YES;
				CLANG_WARN_DEPRECATED_OBJC_IMPLEMENTATIONS = YES;
				CLANG_WARN_IMPLICIT_SIGN_CONVERSION = YES;
				CLANG_WARN_OBJC_IMPLICIT_ATOMIC_PROPERTIES = YES;
				CLANG_WARN_OBJC_MISSING_PROPERTY_SYNTHESIS = NO;
				CLANG_WARN_OBJC_RECEIVER_WEAK = NO;
				CLANG_WARN_SUSPICIOUS_IMPLICIT_CONVERSION = YES;
				CLANG_WARN__DUPLICATE_METHOD_MATCH = YES;
				"CODE_SIGN_IDENTITY[sdk=iphoneos*]" = "";
				COPY_PHASE_STRIP = NO;
				CURRENT_PROJECT_VERSION = 9;
				GCC_PREPROCESSOR_DEFINITIONS = "ADHOC=1";
				GCC_WARN_64_TO_32_BIT_CONVERSION = YES;
				GCC_WARN_ABOUT_MISSING_FIELD_INITIALIZERS = YES;
				GCC_WARN_ABOUT_MISSING_PROTOTYPES = YES;
				GCC_WARN_ABOUT_RETURN_TYPE = YES;
				GCC_WARN_INITIALIZER_NOT_FULLY_BRACKETED = YES;
				GCC_WARN_SHADOW = YES;
				GCC_WARN_SIGN_COMPARE = YES;
				GCC_WARN_UNINITIALIZED_AUTOS = YES;
				GCC_WARN_UNKNOWN_PRAGMAS = YES;
				GCC_WARN_UNUSED_FUNCTION = YES;
				GCC_WARN_UNUSED_LABEL = YES;
				GCC_WARN_UNUSED_VARIABLE = YES;
				IPHONEOS_DEPLOYMENT_TARGET = 5.1;
				OTHER_CFLAGS = "-DNS_BLOCK_ASSERTIONS=1";
				SDKROOT = iphoneos;
				STRIP_INSTALLED_PRODUCT = NO;
				TEST_AFTER_BUILD = YES;
				VALIDATE_PRODUCT = YES;
				VERSIONING_SYSTEM = "apple-generic";
			};
			name = "Ad Hoc";
		};
		9E8B8AE31594DA5100C8413E /* Ad Hoc */ = {
			isa = XCBuildConfiguration;
			buildSettings = {
				CODE_SIGN_IDENTITY = "iPhone Distribution";
				"CODE_SIGN_IDENTITY[sdk=iphoneos*]" = "iPhone Distribution";
				GCC_PRECOMPILE_PREFIX_HEADER = YES;
				GCC_PREFIX_HEADER = "Drift/Drift-Prefix.pch";
				GCC_SYMBOLS_PRIVATE_EXTERN = NO;
				INFOPLIST_FILE = "Drift/Drift-Info.plist";
				LIBRARY_SEARCH_PATHS = (
					"$(inherited)",
					"\"$(SRCROOT)/Vendor/TestFlightSDK1.0\"",
				);
				PRODUCT_NAME = Drift;
				PROVISIONING_PROFILE = "";
				"PROVISIONING_PROFILE[sdk=iphoneos*]" = "";
				WRAPPER_EXTENSION = app;
			};
			name = "Ad Hoc";
		};
		9E8B8AE41594DA5100C8413E /* Ad Hoc */ = {
			isa = XCBuildConfiguration;
			buildSettings = {
				BUNDLE_LOADER = "$(BUILT_PRODUCTS_DIR)/Drift.app/Drift";
				FRAMEWORK_SEARCH_PATHS = (
					"$(SDKROOT)/Developer/Library/Frameworks",
					"$(DEVELOPER_LIBRARY_DIR)/Frameworks",
				);
				GCC_PRECOMPILE_PREFIX_HEADER = YES;
				GCC_PREFIX_HEADER = "Drift/Drift-Prefix.pch";
				INFOPLIST_FILE = "DriftTests/DriftTests-Info.plist";
				PRODUCT_NAME = DriftTests;
				TEST_HOST = "$(BUNDLE_LOADER)";
				WRAPPER_EXTENSION = octest;
			};
			name = "Ad Hoc";
		};
		9E8B8AE51594DA5100C8413E /* Ad Hoc */ = {
			isa = XCBuildConfiguration;
			buildSettings = {
				PRODUCT_NAME = "$(TARGET_NAME)";
			};
			name = "Ad Hoc";
		};
/* End XCBuildConfiguration section */

/* Begin XCConfigurationList section */
		9E42F1E415570FD60087F602 /* Build configuration list for PBXProject "Drift" */ = {
			isa = XCConfigurationList;
			buildConfigurations = (
				9E42F21B15570FD70087F602 /* Debug */,
				9E42F21C15570FD70087F602 /* Release */,
				9E8B8AE21594DA5100C8413E /* Ad Hoc */,
			);
			defaultConfigurationIsVisible = 0;
			defaultConfigurationName = Release;
		};
		9E42F21D15570FD70087F602 /* Build configuration list for PBXNativeTarget "Drift" */ = {
			isa = XCConfigurationList;
			buildConfigurations = (
				9E42F21E15570FD70087F602 /* Debug */,
				9E42F21F15570FD70087F602 /* Release */,
				9E8B8AE31594DA5100C8413E /* Ad Hoc */,
			);
			defaultConfigurationIsVisible = 0;
			defaultConfigurationName = Release;
		};
		9E42F22015570FD70087F602 /* Build configuration list for PBXNativeTarget "DriftTests" */ = {
			isa = XCConfigurationList;
			buildConfigurations = (
				9E42F22115570FD70087F602 /* Debug */,
				9E42F22215570FD70087F602 /* Release */,
				9E8B8AE41594DA5100C8413E /* Ad Hoc */,
			);
			defaultConfigurationIsVisible = 0;
			defaultConfigurationName = Release;
		};
		9E7CEDEF157B755000718FA6 /* Build configuration list for PBXAggregateTarget "Mogenerator" */ = {
			isa = XCConfigurationList;
			buildConfigurations = (
				9E7CEDED157B755000718FA6 /* Debug */,
				9E7CEDEE157B755000718FA6 /* Release */,
				9E8B8AE51594DA5100C8413E /* Ad Hoc */,
			);
			defaultConfigurationIsVisible = 0;
			defaultConfigurationName = Release;
		};
/* End XCConfigurationList section */

/* Begin XCVersionGroup section */
		9E21F924156EA9510075EAAC /* Drift.xcdatamodeld */ = {
			isa = XCVersionGroup;
			children = (
				9E92636D15EF2C9400393946 /* Drift 2.xcdatamodel */,
				9E21F925156EA9510075EAAC /* Drift.xcdatamodel */,
			);
			currentVersion = 9E92636D15EF2C9400393946 /* Drift 2.xcdatamodel */;
			path = Drift.xcdatamodeld;
			sourceTree = "<group>";
			versionGroupType = wrapper.xcdatamodel;
		};
/* End XCVersionGroup section */
	};
	rootObject = 9E42F1E115570FD60087F602 /* Project object */;
}
